
Microsoft Visual Studio Solution File, Format Version 10.00
# Visual Studio 2008
Project("{8BC9CEB8-8B4A-11D0-8D11-00A0C91BC942}") = "App_DX11ClothDemo", "App_DX11ClothDemo.vcproj", "{96C25CA7-9897-DD43-A0A2-9E5E78B724CF}"
	ProjectSection(ProjectDependencies) = postProject
		{F4786774-827B-EA46-AB99-2BAF0DE1BF51} = {F4786774-827B-EA46-AB99-2BAF0DE1BF51}
		{97A19CAE-AE3F-BA4D-8361-85035C9C9374} = {97A19CAE-AE3F-BA4D-8361-85035C9C9374}
		{B04893D8-7B16-834C-BC0F-256FD4375A99} = {B04893D8-7B16-834C-BC0F-256FD4375A99}
		{E5C4A7BA-C2CF-A94E-8ED1-737DCAD5CBA8} = {E5C4A7BA-C2CF-A94E-8ED1-737DCAD5CBA8}
		{F92FDA4B-F3F0-E548-AB96-CBAF59C09152} = {F92FDA4B-F3F0-E548-AB96-CBAF59C09152}
	EndProjectSection
EndProject
Project("{8BC9CEB8-8B4A-11D0-8D11-00A0C91BC942}") = "BulletSoftBodyDX11Solvers", "BulletSoftBodyDX11Solvers.vcproj", "{F92FDA4B-F3F0-E548-AB96-CBAF59C09152}"
EndProject
Project("{8BC9CEB8-8B4A-11D0-8D11-00A0C91BC942}") = "LinearMath", "LinearMath.vcproj", "{F4786774-827B-EA46-AB99-2BAF0DE1BF51}"
EndProject
Project("{8BC9CEB8-8B4A-11D0-8D11-00A0C91BC942}") = "BulletCollision", "BulletCollision.vcproj", "{97A19CAE-AE3F-BA4D-8361-85035C9C9374}"
EndProject
Project("{8BC9CEB8-8B4A-11D0-8D11-00A0C91BC942}") = "BulletDynamics", "BulletDynamics.vcproj", "{B04893D8-7B16-834C-BC0F-256FD4375A99}"
EndProject
Project("{8BC9CEB8-8B4A-11D0-8D11-00A0C91BC942}") = "BulletSoftBody", "BulletSoftBody.vcproj", "{E5C4A7BA-C2CF-A94E-8ED1-737DCAD5CBA8}"
EndProject
Global
	GlobalSection(SolutionConfigurationPlatforms) = preSolution
		Release|Win32 = Release|Win32
		Release|x64 = Release|x64
		Debug|Win32 = Debug|Win32
		Debug|x64 = Debug|x64
	EndGlobalSection
	GlobalSection(ProjectConfigurationPlatforms) = postSolution
		{96C25CA7-9897-DD43-A0A2-9E5E78B724CF}.Release|Win32.ActiveCfg = Release|Win32
		{96C25CA7-9897-DD43-A0A2-9E5E78B724CF}.Release|Win32.Build.0 = Release|Win32
		{96C25CA7-9897-DD43-A0A2-9E5E78B724CF}.Release|x64.ActiveCfg = Release|x64
		{96C25CA7-9897-DD43-A0A2-9E5E78B724CF}.Release|x64.Build.0 = Release|x64
		{96C25CA7-9897-DD43-A0A2-9E5E78B724CF}.Debug|Win32.ActiveCfg = Debug|Win32
		{96C25CA7-9897-DD43-A0A2-9E5E78B724CF}.Debug|Win32.Build.0 = Debug|Win32
		{96C25CA7-9897-DD43-A0A2-9E5E78B724CF}.Debug|x64.ActiveCfg = Debug|x64
		{96C25CA7-9897-DD43-A0A2-9E5E78B724CF}.Debug|x64.Build.0 = Debug|x64
		{F92FDA4B-F3F0-E548-AB96-CBAF59C09152}.Release|Win32.ActiveCfg = Release|Win32
		{F92FDA4B-F3F0-E548-AB96-CBAF59C09152}.Release|Win32.Build.0 = Release|Win32
		{F92FDA4B-F3F0-E548-AB96-CBAF59C09152}.Release|x64.ActiveCfg = Release|x64
		{F92FDA4B-F3F0-E548-AB96-CBAF59C09152}.Release|x64.Build.0 = Release|x64
		{F92FDA4B-F3F0-E548-AB96-CBAF59C09152}.Debug|Win32.ActiveCfg = Debug|Win32
		{F92FDA4B-F3F0-E548-AB96-CBAF59C09152}.Debug|Win32.Build.0 = Debug|Win32
		{F92FDA4B-F3F0-E548-AB96-CBAF59C09152}.Debug|x64.ActiveCfg = Debug|x64
		{F92FDA4B-F3F0-E548-AB96-CBAF59C09152}.Debug|x64.Build.0 = Debug|x64
		{F4786774-827B-EA46-AB99-2BAF0DE1BF51}.Release|Win32.ActiveCfg = Release|Win32
		{F4786774-827B-EA46-AB99-2BAF0DE1BF51}.Release|Win32.Build.0 = Release|Win32
		{F4786774-827B-EA46-AB99-2BAF0DE1BF51}.Release|x64.ActiveCfg = Release|x64
		{F4786774-827B-EA46-AB99-2BAF0DE1BF51}.Release|x64.Build.0 = Release|x64
		{F4786774-827B-EA46-AB99-2BAF0DE1BF51}.Debug|Win32.ActiveCfg = Debug|Win32
		{F4786774-827B-EA46-AB99-2BAF0DE1BF51}.Debug|Win32.Build.0 = Debug|Win32
		{F4786774-827B-EA46-AB99-2BAF0DE1BF51}.Debug|x64.ActiveCfg = Debug|x64
		{F4786774-827B-EA46-AB99-2BAF0DE1BF51}.Debug|x64.Build.0 = Debug|x64
		{97A19CAE-AE3F-BA4D-8361-85035C9C9374}.Release|Win32.ActiveCfg = Release|Win32
		{97A19CAE-AE3F-BA4D-8361-85035C9C9374}.Release|Win32.Build.0 = Release|Win32
		{97A19CAE-AE3F-BA4D-8361-85035C9C9374}.Release|x64.ActiveCfg = Release|x64
		{97A19CAE-AE3F-BA4D-8361-85035C9C9374}.Release|x64.Build.0 = Release|x64
		{97A19CAE-AE3F-BA4D-8361-85035C9C9374}.Debug|Win32.ActiveCfg = Debug|Win32
		{97A19CAE-AE3F-BA4D-8361-85035C9C9374}.Debug|Win32.Build.0 = Debug|Win32
		{97A19CAE-AE3F-BA4D-8361-85035C9C9374}.Debug|x64.ActiveCfg = Debug|x64
		{97A19CAE-AE3F-BA4D-8361-85035C9C9374}.Debug|x64.Build.0 = Debug|x64
		{B04893D8-7B16-834C-BC0F-256FD4375A99}.Release|Win32.ActiveCfg = Release|Win32
		{B04893D8-7B16-834C-BC0F-256FD4375A99}.Release|Win32.Build.0 = Release|Win32
		{B04893D8-7B16-834C-BC0F-256FD4375A99}.Release|x64.ActiveCfg = Release|x64
		{B04893D8-7B16-834C-BC0F-256FD4375A99}.Release|x64.Build.0 = Release|x64
		{B04893D8-7B16-834C-BC0F-256FD4375A99}.Debug|Win32.ActiveCfg = Debug|Win32
		{B04893D8-7B16-834C-BC0F-256FD4375A99}.Debug|Win32.Build.0 = Debug|Win32
		{B04893D8-7B16-834C-BC0F-256FD4375A99}.Debug|x64.ActiveCfg = Debug|x64
		{B04893D8-7B16-834C-BC0F-256FD4375A99}.Debug|x64.Build.0 = Debug|x64
		{E5C4A7BA-C2CF-A94E-8ED1-737DCAD5CBA8}.Release|Win32.ActiveCfg = Release|Win32
		{E5C4A7BA-C2CF-A94E-8ED1-737DCAD5CBA8}.Release|Win32.Build.0 = Release|Win32
		{E5C4A7BA-C2CF-A94E-8ED1-737DCAD5CBA8}.Release|x64.ActiveCfg = Release|x64
		{E5C4A7BA-C2CF-A94E-8ED1-737DCAD5CBA8}.Release|x64.Build.0 = Release|x64
		{E5C4A7BA-C2CF-A94E-8ED1-737DCAD5CBA8}.Debug|Win32.ActiveCfg = Debug|Win32
		{E5C4A7BA-C2CF-A94E-8ED1-737DCAD5CBA8}.Debug|Win32.Build.0 = Debug|Win32
		{E5C4A7BA-C2CF-A94E-8ED1-737DCAD5CBA8}.Debug|x64.ActiveCfg = Debug|x64
		{E5C4A7BA-C2CF-A94E-8ED1-737DCAD5CBA8}.Debug|x64.Build.0 = Debug|x64
	EndGlobalSection
	GlobalSection(SolutionProperties) = preSolution
		HideSolutionNode = FALSE
	EndGlobalSection
EndGlobal
