<?xml version="1.0" encoding="UTF-8" standalone="yes" ?>
<CodeBlocks_project_file>
	<FileVersion major="1" minor="6" />
	<Project>
		<Option title="Bullet" />
		<Option pch_mode="2" />
		<Option compiler="gcc" />
		<Build>
			<Target title="Debug">
				<Option output="libBullet" prefix_auto="1" extension_auto="1" />
				<Option working_dir="" />
				<Option object_output="obj/Debug/" />
				<Option type="2" />
				<Option compiler="gcc" />
				<Option createDefFile="1" />
				<Compiler>
					<Add option="-Wall" />
					<Add option="-g" />
				</Compiler>
			</Target>
			<Target title="Release">
				<Option output="libBullet" prefix_auto="1" extension_auto="1" />
				<Option working_dir="" />
				<Option object_output="obj/Release/" />
				<Option type="2" />
				<Option compiler="gcc" />
				<Option createDefFile="1" />
				<Compiler>
					<Add option="-Wall" />
					<Add option="-O2" />
				</Compiler>
				<Linker>
					<Add option="-s" />
				</Linker>
			</Target>
		</Build>
		<Compiler>
			<Add option="-fPIC" />
			<Add directory="bullet-2.76/src" />
		</Compiler>
		<Unit filename="bullet-2.76/src/Bullet-C-Api.h" />
		<Unit filename="bullet-2.76/src/BulletCollision/BroadphaseCollision/btAxisSweep3.cpp" />
		<Unit filename="bullet-2.76/src/BulletCollision/BroadphaseCollision/btAxisSweep3.h" />
		<Unit filename="bullet-2.76/src/BulletCollision/BroadphaseCollision/btBroadphaseInterface.h" />
		<Unit filename="bullet-2.76/src/BulletCollision/BroadphaseCollision/btBroadphaseProxy.cpp" />
		<Unit filename="bullet-2.76/src/BulletCollision/BroadphaseCollision/btBroadphaseProxy.h" />
		<Unit filename="bullet-2.76/src/BulletCollision/BroadphaseCollision/btCollisionAlgorithm.cpp" />
		<Unit filename="bullet-2.76/src/BulletCollision/BroadphaseCollision/btCollisionAlgorithm.h" />
		<Unit filename="bullet-2.76/src/BulletCollision/BroadphaseCollision/btDbvt.cpp" />
		<Unit filename="bullet-2.76/src/BulletCollision/BroadphaseCollision/btDbvt.h" />
		<Unit filename="bullet-2.76/src/BulletCollision/BroadphaseCollision/btDbvtBroadphase.cpp" />
		<Unit filename="bullet-2.76/src/BulletCollision/BroadphaseCollision/btDbvtBroadphase.h" />
		<Unit filename="bullet-2.76/src/BulletCollision/BroadphaseCollision/btDispatcher.cpp" />
		<Unit filename="bullet-2.76/src/BulletCollision/BroadphaseCollision/btDispatcher.h" />
		<Unit filename="bullet-2.76/src/BulletCollision/BroadphaseCollision/btMultiSapBroadphase.cpp" />
		<Unit filename="bullet-2.76/src/BulletCollision/BroadphaseCollision/btMultiSapBroadphase.h" />
		<Unit filename="bullet-2.76/src/BulletCollision/BroadphaseCollision/btOverlappingPairCache.cpp" />
		<Unit filename="bullet-2.76/src/BulletCollision/BroadphaseCollision/btOverlappingPairCache.h" />
		<Unit filename="bullet-2.76/src/BulletCollision/BroadphaseCollision/btOverlappingPairCallback.h" />
		<Unit filename="bullet-2.76/src/BulletCollision/BroadphaseCollision/btQuantizedBvh.cpp" />
		<Unit filename="bullet-2.76/src/BulletCollision/BroadphaseCollision/btQuantizedBvh.h" />
		<Unit filename="bullet-2.76/src/BulletCollision/BroadphaseCollision/btSimpleBroadphase.cpp" />
		<Unit filename="bullet-2.76/src/BulletCollision/BroadphaseCollision/btSimpleBroadphase.h" />
		<Unit filename="bullet-2.76/src/BulletCollision/CollisionDispatch/SphereTriangleDetector.cpp" />
		<Unit filename="bullet-2.76/src/BulletCollision/CollisionDispatch/SphereTriangleDetector.h" />
		<Unit filename="bullet-2.76/src/BulletCollision/CollisionDispatch/btActivatingCollisionAlgorithm.cpp" />
		<Unit filename="bullet-2.76/src/BulletCollision/CollisionDispatch/btActivatingCollisionAlgorithm.h" />
		<Unit filename="bullet-2.76/src/BulletCollision/CollisionDispatch/btBox2dBox2dCollisionAlgorithm.cpp" />
		<Unit filename="bullet-2.76/src/BulletCollision/CollisionDispatch/btBox2dBox2dCollisionAlgorithm.h" />
		<Unit filename="bullet-2.76/src/BulletCollision/CollisionDispatch/btBoxBoxCollisionAlgorithm.cpp" />
		<Unit filename="bullet-2.76/src/BulletCollision/CollisionDispatch/btBoxBoxCollisionAlgorithm.h" />
		<Unit filename="bullet-2.76/src/BulletCollision/CollisionDispatch/btBoxBoxDetector.cpp" />
		<Unit filename="bullet-2.76/src/BulletCollision/CollisionDispatch/btBoxBoxDetector.h" />
		<Unit filename="bullet-2.76/src/BulletCollision/CollisionDispatch/btCollisionConfiguration.h" />
		<Unit filename="bullet-2.76/src/BulletCollision/CollisionDispatch/btCollisionCreateFunc.h" />
		<Unit filename="bullet-2.76/src/BulletCollision/CollisionDispatch/btCollisionDispatcher.cpp" />
		<Unit filename="bullet-2.76/src/BulletCollision/CollisionDispatch/btCollisionDispatcher.h" />
		<Unit filename="bullet-2.76/src/BulletCollision/CollisionDispatch/btCollisionObject.cpp" />
		<Unit filename="bullet-2.76/src/BulletCollision/CollisionDispatch/btCollisionObject.h" />
		<Unit filename="bullet-2.76/src/BulletCollision/CollisionDispatch/btCollisionWorld.cpp" />
		<Unit filename="bullet-2.76/src/BulletCollision/CollisionDispatch/btCollisionWorld.h" />
		<Unit filename="bullet-2.76/src/BulletCollision/CollisionDispatch/btCompoundCollisionAlgorithm.cpp" />
		<Unit filename="bullet-2.76/src/BulletCollision/CollisionDispatch/btCompoundCollisionAlgorithm.h" />
		<Unit filename="bullet-2.76/src/BulletCollision/CollisionDispatch/btConvex2dConvex2dAlgorithm.cpp" />
		<Unit filename="bullet-2.76/src/BulletCollision/CollisionDispatch/btConvex2dConvex2dAlgorithm.h" />
		<Unit filename="bullet-2.76/src/BulletCollision/CollisionDispatch/btConvexConcaveCollisionAlgorithm.cpp" />
		<Unit filename="bullet-2.76/src/BulletCollision/CollisionDispatch/btConvexConcaveCollisionAlgorithm.h" />
		<Unit filename="bullet-2.76/src/BulletCollision/CollisionDispatch/btConvexConvexAlgorithm.cpp" />
		<Unit filename="bullet-2.76/src/BulletCollision/CollisionDispatch/btConvexConvexAlgorithm.h" />
		<Unit filename="bullet-2.76/src/BulletCollision/CollisionDispatch/btConvexPlaneCollisionAlgorithm.cpp" />
		<Unit filename="bullet-2.76/src/BulletCollision/CollisionDispatch/btConvexPlaneCollisionAlgorithm.h" />
		<Unit filename="bullet-2.76/src/BulletCollision/CollisionDispatch/btDefaultCollisionConfiguration.cpp" />
		<Unit filename="bullet-2.76/src/BulletCollision/CollisionDispatch/btDefaultCollisionConfiguration.h" />
		<Unit filename="bullet-2.76/src/BulletCollision/CollisionDispatch/btEmptyCollisionAlgorithm.cpp" />
		<Unit filename="bullet-2.76/src/BulletCollision/CollisionDispatch/btEmptyCollisionAlgorithm.h" />
		<Unit filename="bullet-2.76/src/BulletCollision/CollisionDispatch/btGhostObject.cpp" />
		<Unit filename="bullet-2.76/src/BulletCollision/CollisionDispatch/btGhostObject.h" />
		<Unit filename="bullet-2.76/src/BulletCollision/CollisionDispatch/btInternalEdgeUtility.cpp" />
		<Unit filename="bullet-2.76/src/BulletCollision/CollisionDispatch/btInternalEdgeUtility.h" />
		<Unit filename="bullet-2.76/src/BulletCollision/CollisionDispatch/btManifoldResult.cpp" />
		<Unit filename="bullet-2.76/src/BulletCollision/CollisionDispatch/btManifoldResult.h" />
		<Unit filename="bullet-2.76/src/BulletCollision/CollisionDispatch/btSimulationIslandManager.cpp" />
		<Unit filename="bullet-2.76/src/BulletCollision/CollisionDispatch/btSimulationIslandManager.h" />
		<Unit filename="bullet-2.76/src/BulletCollision/CollisionDispatch/btSphereBoxCollisionAlgorithm.cpp" />
		<Unit filename="bullet-2.76/src/BulletCollision/CollisionDispatch/btSphereBoxCollisionAlgorithm.h" />
		<Unit filename="bullet-2.76/src/BulletCollision/CollisionDispatch/btSphereSphereCollisionAlgorithm.cpp" />
		<Unit filename="bullet-2.76/src/BulletCollision/CollisionDispatch/btSphereSphereCollisionAlgorithm.h" />
		<Unit filename="bullet-2.76/src/BulletCollision/CollisionDispatch/btSphereTriangleCollisionAlgorithm.cpp" />
		<Unit filename="bullet-2.76/src/BulletCollision/CollisionDispatch/btSphereTriangleCollisionAlgorithm.h" />
		<Unit filename="bullet-2.76/src/BulletCollision/CollisionDispatch/btUnionFind.cpp" />
		<Unit filename="bullet-2.76/src/BulletCollision/CollisionDispatch/btUnionFind.h" />
		<Unit filename="bullet-2.76/src/BulletCollision/CollisionShapes/btBox2dShape.cpp" />
		<Unit filename="bullet-2.76/src/BulletCollision/CollisionShapes/btBox2dShape.h" />
		<Unit filename="bullet-2.76/src/BulletCollision/CollisionShapes/btBoxShape.cpp" />
		<Unit filename="bullet-2.76/src/BulletCollision/CollisionShapes/btBoxShape.h" />
		<Unit filename="bullet-2.76/src/BulletCollision/CollisionShapes/btBvhTriangleMeshShape.cpp" />
		<Unit filename="bullet-2.76/src/BulletCollision/CollisionShapes/btBvhTriangleMeshShape.h" />
		<Unit filename="bullet-2.76/src/BulletCollision/CollisionShapes/btCapsuleShape.cpp" />
		<Unit filename="bullet-2.76/src/BulletCollision/CollisionShapes/btCapsuleShape.h" />
		<Unit filename="bullet-2.76/src/BulletCollision/CollisionShapes/btCollisionMargin.h" />
		<Unit filename="bullet-2.76/src/BulletCollision/CollisionShapes/btCollisionShape.cpp" />
		<Unit filename="bullet-2.76/src/BulletCollision/CollisionShapes/btCollisionShape.h" />
		<Unit filename="bullet-2.76/src/BulletCollision/CollisionShapes/btCompoundShape.cpp" />
		<Unit filename="bullet-2.76/src/BulletCollision/CollisionShapes/btCompoundShape.h" />
		<Unit filename="bullet-2.76/src/BulletCollision/CollisionShapes/btConcaveShape.cpp" />
		<Unit filename="bullet-2.76/src/BulletCollision/CollisionShapes/btConcaveShape.h" />
		<Unit filename="bullet-2.76/src/BulletCollision/CollisionShapes/btConeShape.cpp" />
		<Unit filename="bullet-2.76/src/BulletCollision/CollisionShapes/btConeShape.h" />
		<Unit filename="bullet-2.76/src/BulletCollision/CollisionShapes/btConvex2dShape.cpp" />
		<Unit filename="bullet-2.76/src/BulletCollision/CollisionShapes/btConvex2dShape.h" />
		<Unit filename="bullet-2.76/src/BulletCollision/CollisionShapes/btConvexHullShape.cpp" />
		<Unit filename="bullet-2.76/src/BulletCollision/CollisionShapes/btConvexHullShape.h" />
		<Unit filename="bullet-2.76/src/BulletCollision/CollisionShapes/btConvexInternalShape.cpp" />
		<Unit filename="bullet-2.76/src/BulletCollision/CollisionShapes/btConvexInternalShape.h" />
		<Unit filename="bullet-2.76/src/BulletCollision/CollisionShapes/btConvexPointCloudShape.cpp" />
		<Unit filename="bullet-2.76/src/BulletCollision/CollisionShapes/btConvexPointCloudShape.h" />
		<Unit filename="bullet-2.76/src/BulletCollision/CollisionShapes/btConvexShape.cpp" />
		<Unit filename="bullet-2.76/src/BulletCollision/CollisionShapes/btConvexShape.h" />
		<Unit filename="bullet-2.76/src/BulletCollision/CollisionShapes/btConvexTriangleMeshShape.cpp" />
		<Unit filename="bullet-2.76/src/BulletCollision/CollisionShapes/btConvexTriangleMeshShape.h" />
		<Unit filename="bullet-2.76/src/BulletCollision/CollisionShapes/btCylinderShape.cpp" />
		<Unit filename="bullet-2.76/src/BulletCollision/CollisionShapes/btCylinderShape.h" />
		<Unit filename="bullet-2.76/src/BulletCollision/CollisionShapes/btEmptyShape.cpp" />
		<Unit filename="bullet-2.76/src/BulletCollision/CollisionShapes/btEmptyShape.h" />
		<Unit filename="bullet-2.76/src/BulletCollision/CollisionShapes/btHeightfieldTerrainShape.cpp" />
		<Unit filename="bullet-2.76/src/BulletCollision/CollisionShapes/btHeightfieldTerrainShape.h" />
		<Unit filename="bullet-2.76/src/BulletCollision/CollisionShapes/btMaterial.h" />
		<Unit filename="bullet-2.76/src/BulletCollision/CollisionShapes/btMinkowskiSumShape.cpp" />
		<Unit filename="bullet-2.76/src/BulletCollision/CollisionShapes/btMinkowskiSumShape.h" />
		<Unit filename="bullet-2.76/src/BulletCollision/CollisionShapes/btMultiSphereShape.cpp" />
		<Unit filename="bullet-2.76/src/BulletCollision/CollisionShapes/btMultiSphereShape.h" />
		<Unit filename="bullet-2.76/src/BulletCollision/CollisionShapes/btMultimaterialTriangleMeshShape.cpp" />
		<Unit filename="bullet-2.76/src/BulletCollision/CollisionShapes/btMultimaterialTriangleMeshShape.h" />
		<Unit filename="bullet-2.76/src/BulletCollision/CollisionShapes/btOptimizedBvh.cpp" />
		<Unit filename="bullet-2.76/src/BulletCollision/CollisionShapes/btOptimizedBvh.h" />
		<Unit filename="bullet-2.76/src/BulletCollision/CollisionShapes/btPolyhedralConvexShape.cpp" />
		<Unit filename="bullet-2.76/src/BulletCollision/CollisionShapes/btPolyhedralConvexShape.h" />
		<Unit filename="bullet-2.76/src/BulletCollision/CollisionShapes/btScaledBvhTriangleMeshShape.cpp" />
		<Unit filename="bullet-2.76/src/BulletCollision/CollisionShapes/btScaledBvhTriangleMeshShape.h" />
		<Unit filename="bullet-2.76/src/BulletCollision/CollisionShapes/btShapeHull.cpp" />
		<Unit filename="bullet-2.76/src/BulletCollision/CollisionShapes/btShapeHull.h" />
		<Unit filename="bullet-2.76/src/BulletCollision/CollisionShapes/btSphereShape.cpp" />
		<Unit filename="bullet-2.76/src/BulletCollision/CollisionShapes/btSphereShape.h" />
		<Unit filename="bullet-2.76/src/BulletCollision/CollisionShapes/btStaticPlaneShape.cpp" />
		<Unit filename="bullet-2.76/src/BulletCollision/CollisionShapes/btStaticPlaneShape.h" />
		<Unit filename="bullet-2.76/src/BulletCollision/CollisionShapes/btStridingMeshInterface.cpp" />
		<Unit filename="bullet-2.76/src/BulletCollision/CollisionShapes/btStridingMeshInterface.h" />
		<Unit filename="bullet-2.76/src/BulletCollision/CollisionShapes/btTetrahedronShape.cpp" />
		<Unit filename="bullet-2.76/src/BulletCollision/CollisionShapes/btTetrahedronShape.h" />
		<Unit filename="bullet-2.76/src/BulletCollision/CollisionShapes/btTriangleBuffer.cpp" />
		<Unit filename="bullet-2.76/src/BulletCollision/CollisionShapes/btTriangleBuffer.h" />
		<Unit filename="bullet-2.76/src/BulletCollision/CollisionShapes/btTriangleCallback.cpp" />
		<Unit filename="bullet-2.76/src/BulletCollision/CollisionShapes/btTriangleCallback.h" />
		<Unit filename="bullet-2.76/src/BulletCollision/CollisionShapes/btTriangleIndexVertexArray.cpp" />
		<Unit filename="bullet-2.76/src/BulletCollision/CollisionShapes/btTriangleIndexVertexArray.h" />
		<Unit filename="bullet-2.76/src/BulletCollision/CollisionShapes/btTriangleIndexVertexMaterialArray.cpp" />
		<Unit filename="bullet-2.76/src/BulletCollision/CollisionShapes/btTriangleIndexVertexMaterialArray.h" />
		<Unit filename="bullet-2.76/src/BulletCollision/CollisionShapes/btTriangleInfoMap.h" />
		<Unit filename="bullet-2.76/src/BulletCollision/CollisionShapes/btTriangleMesh.cpp" />
		<Unit filename="bullet-2.76/src/BulletCollision/CollisionShapes/btTriangleMesh.h" />
		<Unit filename="bullet-2.76/src/BulletCollision/CollisionShapes/btTriangleMeshShape.cpp" />
		<Unit filename="bullet-2.76/src/BulletCollision/CollisionShapes/btTriangleMeshShape.h" />
		<Unit filename="bullet-2.76/src/BulletCollision/CollisionShapes/btTriangleShape.h" />
		<Unit filename="bullet-2.76/src/BulletCollision/CollisionShapes/btUniformScalingShape.cpp" />
		<Unit filename="bullet-2.76/src/BulletCollision/CollisionShapes/btUniformScalingShape.h" />
		<Unit filename="bullet-2.76/src/BulletCollision/Gimpact/btBoxCollision.h" />
		<Unit filename="bullet-2.76/src/BulletCollision/Gimpact/btClipPolygon.h" />
		<Unit filename="bullet-2.76/src/BulletCollision/Gimpact/btContactProcessing.cpp" />
		<Unit filename="bullet-2.76/src/BulletCollision/Gimpact/btContactProcessing.h" />
		<Unit filename="bullet-2.76/src/BulletCollision/Gimpact/btGImpactBvh.cpp" />
		<Unit filename="bullet-2.76/src/BulletCollision/Gimpact/btGImpactBvh.h" />
		<Unit filename="bullet-2.76/src/BulletCollision/Gimpact/btGImpactCollisionAlgorithm.cpp" />
		<Unit filename="bullet-2.76/src/BulletCollision/Gimpact/btGImpactCollisionAlgorithm.h" />
		<Unit filename="bullet-2.76/src/BulletCollision/Gimpact/btGImpactMassUtil.h" />
		<Unit filename="bullet-2.76/src/BulletCollision/Gimpact/btGImpactQuantizedBvh.cpp" />
		<Unit filename="bullet-2.76/src/BulletCollision/Gimpact/btGImpactQuantizedBvh.h" />
		<Unit filename="bullet-2.76/src/BulletCollision/Gimpact/btGImpactShape.cpp" />
		<Unit filename="bullet-2.76/src/BulletCollision/Gimpact/btGImpactShape.h" />
		<Unit filename="bullet-2.76/src/BulletCollision/Gimpact/btGenericPoolAllocator.cpp" />
		<Unit filename="bullet-2.76/src/BulletCollision/Gimpact/btGenericPoolAllocator.h" />
		<Unit filename="bullet-2.76/src/BulletCollision/Gimpact/btGeometryOperations.h" />
		<Unit filename="bullet-2.76/src/BulletCollision/Gimpact/btQuantization.h" />
		<Unit filename="bullet-2.76/src/BulletCollision/Gimpact/btTriangleShapeEx.cpp" />
		<Unit filename="bullet-2.76/src/BulletCollision/Gimpact/btTriangleShapeEx.h" />
		<Unit filename="bullet-2.76/src/BulletCollision/Gimpact/gim_array.h" />
		<Unit filename="bullet-2.76/src/BulletCollision/Gimpact/gim_basic_geometry_operations.h" />
		<Unit filename="bullet-2.76/src/BulletCollision/Gimpact/gim_bitset.h" />
		<Unit filename="bullet-2.76/src/BulletCollision/Gimpact/gim_box_collision.h" />
		<Unit filename="bullet-2.76/src/BulletCollision/Gimpact/gim_box_set.cpp" />
		<Unit filename="bullet-2.76/src/BulletCollision/Gimpact/gim_box_set.h" />
		<Unit filename="bullet-2.76/src/BulletCollision/Gimpact/gim_clip_polygon.h" />
		<Unit filename="bullet-2.76/src/BulletCollision/Gimpact/gim_contact.cpp" />
		<Unit filename="bullet-2.76/src/BulletCollision/Gimpact/gim_contact.h" />
		<Unit filename="bullet-2.76/src/BulletCollision/Gimpact/gim_geom_types.h" />
		<Unit filename="bullet-2.76/src/BulletCollision/Gimpact/gim_geometry.h" />
		<Unit filename="bullet-2.76/src/BulletCollision/Gimpact/gim_hash_table.h" />
		<Unit filename="bullet-2.76/src/BulletCollision/Gimpact/gim_linear_math.h" />
		<Unit filename="bullet-2.76/src/BulletCollision/Gimpact/gim_math.h" />
		<Unit filename="bullet-2.76/src/BulletCollision/Gimpact/gim_memory.cpp" />
		<Unit filename="bullet-2.76/src/BulletCollision/Gimpact/gim_memory.h" />
		<Unit filename="bullet-2.76/src/BulletCollision/Gimpact/gim_radixsort.h" />
		<Unit filename="bullet-2.76/src/BulletCollision/Gimpact/gim_tri_collision.cpp" />
		<Unit filename="bullet-2.76/src/BulletCollision/Gimpact/gim_tri_collision.h" />
		<Unit filename="bullet-2.76/src/BulletCollision/NarrowPhaseCollision/btContinuousConvexCollision.cpp" />
		<Unit filename="bullet-2.76/src/BulletCollision/NarrowPhaseCollision/btContinuousConvexCollision.h" />
		<Unit filename="bullet-2.76/src/BulletCollision/NarrowPhaseCollision/btConvexCast.cpp" />
		<Unit filename="bullet-2.76/src/BulletCollision/NarrowPhaseCollision/btConvexCast.h" />
		<Unit filename="bullet-2.76/src/BulletCollision/NarrowPhaseCollision/btConvexPenetrationDepthSolver.h" />
		<Unit filename="bullet-2.76/src/BulletCollision/NarrowPhaseCollision/btDiscreteCollisionDetectorInterface.h" />
		<Unit filename="bullet-2.76/src/BulletCollision/NarrowPhaseCollision/btGjkConvexCast.cpp" />
		<Unit filename="bullet-2.76/src/BulletCollision/NarrowPhaseCollision/btGjkConvexCast.h" />
		<Unit filename="bullet-2.76/src/BulletCollision/NarrowPhaseCollision/btGjkEpa2.cpp" />
		<Unit filename="bullet-2.76/src/BulletCollision/NarrowPhaseCollision/btGjkEpa2.h" />
		<Unit filename="bullet-2.76/src/BulletCollision/NarrowPhaseCollision/btGjkEpaPenetrationDepthSolver.cpp" />
		<Unit filename="bullet-2.76/src/BulletCollision/NarrowPhaseCollision/btGjkEpaPenetrationDepthSolver.h" />
		<Unit filename="bullet-2.76/src/BulletCollision/NarrowPhaseCollision/btGjkPairDetector.cpp" />
		<Unit filename="bullet-2.76/src/BulletCollision/NarrowPhaseCollision/btGjkPairDetector.h" />
		<Unit filename="bullet-2.76/src/BulletCollision/NarrowPhaseCollision/btManifoldPoint.h" />
		<Unit filename="bullet-2.76/src/BulletCollision/NarrowPhaseCollision/btMinkowskiPenetrationDepthSolver.cpp" />
		<Unit filename="bullet-2.76/src/BulletCollision/NarrowPhaseCollision/btMinkowskiPenetrationDepthSolver.h" />
		<Unit filename="bullet-2.76/src/BulletCollision/NarrowPhaseCollision/btPersistentManifold.cpp" />
		<Unit filename="bullet-2.76/src/BulletCollision/NarrowPhaseCollision/btPersistentManifold.h" />
		<Unit filename="bullet-2.76/src/BulletCollision/NarrowPhaseCollision/btPointCollector.h" />
		<Unit filename="bullet-2.76/src/BulletCollision/NarrowPhaseCollision/btRaycastCallback.cpp" />
		<Unit filename="bullet-2.76/src/BulletCollision/NarrowPhaseCollision/btRaycastCallback.h" />
		<Unit filename="bullet-2.76/src/BulletCollision/NarrowPhaseCollision/btSimplexSolverInterface.h" />
		<Unit filename="bullet-2.76/src/BulletCollision/NarrowPhaseCollision/btSubSimplexConvexCast.cpp" />
		<Unit filename="bullet-2.76/src/BulletCollision/NarrowPhaseCollision/btSubSimplexConvexCast.h" />
		<Unit filename="bullet-2.76/src/BulletCollision/NarrowPhaseCollision/btVoronoiSimplexSolver.cpp" />
		<Unit filename="bullet-2.76/src/BulletCollision/NarrowPhaseCollision/btVoronoiSimplexSolver.h" />
		<Unit filename="bullet-2.76/src/BulletDynamics/Character/btCharacterControllerInterface.h" />
		<Unit filename="bullet-2.76/src/BulletDynamics/Character/btKinematicCharacterController.cpp" />
		<Unit filename="bullet-2.76/src/BulletDynamics/Character/btKinematicCharacterController.h" />
		<Unit filename="bullet-2.76/src/BulletDynamics/ConstraintSolver/btConeTwistConstraint.cpp" />
		<Unit filename="bullet-2.76/src/BulletDynamics/ConstraintSolver/btConeTwistConstraint.h" />
		<Unit filename="bullet-2.76/src/BulletDynamics/ConstraintSolver/btConstraintSolver.h" />
		<Unit filename="bullet-2.76/src/BulletDynamics/ConstraintSolver/btContactConstraint.cpp" />
		<Unit filename="bullet-2.76/src/BulletDynamics/ConstraintSolver/btContactConstraint.h" />
		<Unit filename="bullet-2.76/src/BulletDynamics/ConstraintSolver/btContactSolverInfo.h" />
		<Unit filename="bullet-2.76/src/BulletDynamics/ConstraintSolver/btGeneric6DofConstraint.cpp" />
		<Unit filename="bullet-2.76/src/BulletDynamics/ConstraintSolver/btGeneric6DofConstraint.h" />
		<Unit filename="bullet-2.76/src/BulletDynamics/ConstraintSolver/btGeneric6DofSpringConstraint.cpp" />
		<Unit filename="bullet-2.76/src/BulletDynamics/ConstraintSolver/btGeneric6DofSpringConstraint.h" />
		<Unit filename="bullet-2.76/src/BulletDynamics/ConstraintSolver/btHinge2Constraint.cpp" />
		<Unit filename="bullet-2.76/src/BulletDynamics/ConstraintSolver/btHinge2Constraint.h" />
		<Unit filename="bullet-2.76/src/BulletDynamics/ConstraintSolver/btHingeConstraint.cpp" />
		<Unit filename="bullet-2.76/src/BulletDynamics/ConstraintSolver/btHingeConstraint.h" />
		<Unit filename="bullet-2.76/src/BulletDynamics/ConstraintSolver/btJacobianEntry.h" />
		<Unit filename="bullet-2.76/src/BulletDynamics/ConstraintSolver/btPoint2PointConstraint.cpp" />
		<Unit filename="bullet-2.76/src/BulletDynamics/ConstraintSolver/btPoint2PointConstraint.h" />
		<Unit filename="bullet-2.76/src/BulletDynamics/ConstraintSolver/btSequentialImpulseConstraintSolver.cpp" />
		<Unit filename="bullet-2.76/src/BulletDynamics/ConstraintSolver/btSequentialImpulseConstraintSolver.h" />
		<Unit filename="bullet-2.76/src/BulletDynamics/ConstraintSolver/btSliderConstraint.cpp" />
		<Unit filename="bullet-2.76/src/BulletDynamics/ConstraintSolver/btSliderConstraint.h" />
		<Unit filename="bullet-2.76/src/BulletDynamics/ConstraintSolver/btSolve2LinearConstraint.cpp" />
		<Unit filename="bullet-2.76/src/BulletDynamics/ConstraintSolver/btSolve2LinearConstraint.h" />
		<Unit filename="bullet-2.76/src/BulletDynamics/ConstraintSolver/btSolverBody.h" />
		<Unit filename="bullet-2.76/src/BulletDynamics/ConstraintSolver/btSolverConstraint.h" />
		<Unit filename="bullet-2.76/src/BulletDynamics/ConstraintSolver/btTypedConstraint.cpp" />
		<Unit filename="bullet-2.76/src/BulletDynamics/ConstraintSolver/btTypedConstraint.h" />
		<Unit filename="bullet-2.76/src/BulletDynamics/ConstraintSolver/btUniversalConstraint.cpp" />
		<Unit filename="bullet-2.76/src/BulletDynamics/ConstraintSolver/btUniversalConstraint.h" />
		<Unit filename="bullet-2.76/src/BulletDynamics/Dynamics/Bullet-C-API.cpp" />
		<Unit filename="bullet-2.76/src/BulletDynamics/Dynamics/btActionInterface.h" />
		<Unit filename="bullet-2.76/src/BulletDynamics/Dynamics/btContinuousDynamicsWorld.cpp" />
		<Unit filename="bullet-2.76/src/BulletDynamics/Dynamics/btContinuousDynamicsWorld.h" />
		<Unit filename="bullet-2.76/src/BulletDynamics/Dynamics/btDiscreteDynamicsWorld.cpp" />
		<Unit filename="bullet-2.76/src/BulletDynamics/Dynamics/btDiscreteDynamicsWorld.h" />
		<Unit filename="bullet-2.76/src/BulletDynamics/Dynamics/btDynamicsWorld.h" />
		<Unit filename="bullet-2.76/src/BulletDynamics/Dynamics/btRigidBody.cpp" />
		<Unit filename="bullet-2.76/src/BulletDynamics/Dynamics/btRigidBody.h" />
		<Unit filename="bullet-2.76/src/BulletDynamics/Dynamics/btSimpleDynamicsWorld.cpp" />
		<Unit filename="bullet-2.76/src/BulletDynamics/Dynamics/btSimpleDynamicsWorld.h" />
		<Unit filename="bullet-2.76/src/BulletDynamics/Vehicle/btRaycastVehicle.cpp" />
		<Unit filename="bullet-2.76/src/BulletDynamics/Vehicle/btRaycastVehicle.h" />
		<Unit filename="bullet-2.76/src/BulletDynamics/Vehicle/btVehicleRaycaster.h" />
		<Unit filename="bullet-2.76/src/BulletDynamics/Vehicle/btWheelInfo.cpp" />
		<Unit filename="bullet-2.76/src/BulletDynamics/Vehicle/btWheelInfo.h" />
		<Unit filename="bullet-2.76/src/BulletMultiThreaded/MiniCL.cpp" />
		<Unit filename="bullet-2.76/src/BulletMultiThreaded/MiniCLTask/MiniCLTask.cpp" />
		<Unit filename="bullet-2.76/src/BulletMultiThreaded/MiniCLTask/MiniCLTask.h" />
		<Unit filename="bullet-2.76/src/BulletMultiThreaded/MiniCLTaskScheduler.cpp" />
		<Unit filename="bullet-2.76/src/BulletMultiThreaded/MiniCLTaskScheduler.h" />
		<Unit filename="bullet-2.76/src/BulletMultiThreaded/PlatformDefinitions.h" />
		<Unit filename="bullet-2.76/src/BulletMultiThreaded/PosixThreadSupport.cpp" />
		<Unit filename="bullet-2.76/src/BulletMultiThreaded/PosixThreadSupport.h" />
		<Unit filename="bullet-2.76/src/BulletMultiThreaded/PpuAddressSpace.h" />
		<Unit filename="bullet-2.76/src/BulletMultiThreaded/SequentialThreadSupport.cpp" />
		<Unit filename="bullet-2.76/src/BulletMultiThreaded/SequentialThreadSupport.h" />
		<Unit filename="bullet-2.76/src/BulletMultiThreaded/SpuCollisionObjectWrapper.cpp" />
		<Unit filename="bullet-2.76/src/BulletMultiThreaded/SpuCollisionObjectWrapper.h" />
		<Unit filename="bullet-2.76/src/BulletMultiThreaded/SpuCollisionTaskProcess.cpp" />
		<Unit filename="bullet-2.76/src/BulletMultiThreaded/SpuCollisionTaskProcess.h" />
		<Unit filename="bullet-2.76/src/BulletMultiThreaded/SpuContactManifoldCollisionAlgorithm.cpp" />
		<Unit filename="bullet-2.76/src/BulletMultiThreaded/SpuContactManifoldCollisionAlgorithm.h" />
		<Unit filename="bullet-2.76/src/BulletMultiThreaded/SpuDoubleBuffer.h" />
		<Unit filename="bullet-2.76/src/BulletMultiThreaded/SpuFakeDma.cpp" />
		<Unit filename="bullet-2.76/src/BulletMultiThreaded/SpuFakeDma.h" />
		<Unit filename="bullet-2.76/src/BulletMultiThreaded/SpuGatheringCollisionDispatcher.cpp" />
		<Unit filename="bullet-2.76/src/BulletMultiThreaded/SpuGatheringCollisionDispatcher.h" />
		<Unit filename="bullet-2.76/src/BulletMultiThreaded/SpuLibspe2Support.cpp" />
		<Unit filename="bullet-2.76/src/BulletMultiThreaded/SpuLibspe2Support.h" />
		<Unit filename="bullet-2.76/src/BulletMultiThreaded/SpuNarrowPhaseCollisionTask/Box.h" />
		<Unit filename="bullet-2.76/src/BulletMultiThreaded/SpuNarrowPhaseCollisionTask/SpuCollisionShapes.cpp" />
		<Unit filename="bullet-2.76/src/BulletMultiThreaded/SpuNarrowPhaseCollisionTask/SpuCollisionShapes.h" />
		<Unit filename="bullet-2.76/src/BulletMultiThreaded/SpuNarrowPhaseCollisionTask/SpuContactResult.cpp" />
		<Unit filename="bullet-2.76/src/BulletMultiThreaded/SpuNarrowPhaseCollisionTask/SpuContactResult.h" />
		<Unit filename="bullet-2.76/src/BulletMultiThreaded/SpuNarrowPhaseCollisionTask/SpuConvexPenetrationDepthSolver.h" />
		<Unit filename="bullet-2.76/src/BulletMultiThreaded/SpuNarrowPhaseCollisionTask/SpuGatheringCollisionTask.cpp" />
		<Unit filename="bullet-2.76/src/BulletMultiThreaded/SpuNarrowPhaseCollisionTask/SpuGatheringCollisionTask.h" />
		<Unit filename="bullet-2.76/src/BulletMultiThreaded/SpuNarrowPhaseCollisionTask/SpuLocalSupport.h" />
		<Unit filename="bullet-2.76/src/BulletMultiThreaded/SpuNarrowPhaseCollisionTask/SpuMinkowskiPenetrationDepthSolver.cpp" />
		<Unit filename="bullet-2.76/src/BulletMultiThreaded/SpuNarrowPhaseCollisionTask/SpuMinkowskiPenetrationDepthSolver.h" />
		<Unit filename="bullet-2.76/src/BulletMultiThreaded/SpuNarrowPhaseCollisionTask/SpuPreferredPenetrationDirections.h" />
		<Unit filename="bullet-2.76/src/BulletMultiThreaded/SpuNarrowPhaseCollisionTask/boxBoxDistance.cpp" />
		<Unit filename="bullet-2.76/src/BulletMultiThreaded/SpuNarrowPhaseCollisionTask/boxBoxDistance.h" />
		<Unit filename="bullet-2.76/src/BulletMultiThreaded/SpuSampleTask/SpuSampleTask.cpp" />
		<Unit filename="bullet-2.76/src/BulletMultiThreaded/SpuSampleTask/SpuSampleTask.h" />
		<Unit filename="bullet-2.76/src/BulletMultiThreaded/SpuSampleTaskProcess.cpp" />
		<Unit filename="bullet-2.76/src/BulletMultiThreaded/SpuSampleTaskProcess.h" />
		<Unit filename="bullet-2.76/src/BulletMultiThreaded/SpuSync.h" />
		<Unit filename="bullet-2.76/src/BulletMultiThreaded/Win32ThreadSupport.cpp" />
		<Unit filename="bullet-2.76/src/BulletMultiThreaded/Win32ThreadSupport.h" />
		<Unit filename="bullet-2.76/src/BulletMultiThreaded/btGpu3DGridBroadphase.cpp" />
		<Unit filename="bullet-2.76/src/BulletMultiThreaded/btGpu3DGridBroadphase.h" />
		<Unit filename="bullet-2.76/src/BulletMultiThreaded/btGpu3DGridBroadphaseSharedCode.h" />
		<Unit filename="bullet-2.76/src/BulletMultiThreaded/btGpu3DGridBroadphaseSharedDefs.h" />
		<Unit filename="bullet-2.76/src/BulletMultiThreaded/btGpu3DGridBroadphaseSharedTypes.h" />
		<Unit filename="bullet-2.76/src/BulletMultiThreaded/btGpuDefines.h" />
		<Unit filename="bullet-2.76/src/BulletMultiThreaded/btGpuUtilsSharedCode.h" />
		<Unit filename="bullet-2.76/src/BulletMultiThreaded/btGpuUtilsSharedDefs.h" />
		<Unit filename="bullet-2.76/src/BulletMultiThreaded/btParallelConstraintSolver.cpp" />
		<Unit filename="bullet-2.76/src/BulletMultiThreaded/btParallelConstraintSolver.h" />
		<Unit filename="bullet-2.76/src/BulletMultiThreaded/btThreadSupportInterface.cpp" />
		<Unit filename="bullet-2.76/src/BulletMultiThreaded/btThreadSupportInterface.h" />
		<Unit filename="bullet-2.76/src/BulletMultiThreaded/vectormath/scalar/cpp/boolInVec.h" />
		<Unit filename="bullet-2.76/src/BulletMultiThreaded/vectormath/scalar/cpp/floatInVec.h" />
		<Unit filename="bullet-2.76/src/BulletMultiThreaded/vectormath/scalar/cpp/mat_aos.h" />
		<Unit filename="bullet-2.76/src/BulletMultiThreaded/vectormath/scalar/cpp/quat_aos.h" />
		<Unit filename="bullet-2.76/src/BulletMultiThreaded/vectormath/scalar/cpp/vec_aos.h" />
		<Unit filename="bullet-2.76/src/BulletMultiThreaded/vectormath/scalar/cpp/vectormath_aos.h" />
		<Unit filename="bullet-2.76/src/BulletMultiThreaded/vectormath2bullet.h" />
		<Unit filename="bullet-2.76/src/BulletSoftBody/btSoftBody.cpp" />
		<Unit filename="bullet-2.76/src/BulletSoftBody/btSoftBody.h" />
		<Unit filename="bullet-2.76/src/BulletSoftBody/btSoftBodyConcaveCollisionAlgorithm.cpp" />
		<Unit filename="bullet-2.76/src/BulletSoftBody/btSoftBodyConcaveCollisionAlgorithm.h" />
		<Unit filename="bullet-2.76/src/BulletSoftBody/btSoftBodyHelpers.cpp" />
		<Unit filename="bullet-2.76/src/BulletSoftBody/btSoftBodyHelpers.h" />
		<Unit filename="bullet-2.76/src/BulletSoftBody/btSoftBodyInternals.h" />
		<Unit filename="bullet-2.76/src/BulletSoftBody/btSoftBodyRigidBodyCollisionConfiguration.cpp" />
		<Unit filename="bullet-2.76/src/BulletSoftBody/btSoftBodyRigidBodyCollisionConfiguration.h" />
		<Unit filename="bullet-2.76/src/BulletSoftBody/btSoftRigidCollisionAlgorithm.cpp" />
		<Unit filename="bullet-2.76/src/BulletSoftBody/btSoftRigidCollisionAlgorithm.h" />
		<Unit filename="bullet-2.76/src/BulletSoftBody/btSoftRigidDynamicsWorld.cpp" />
		<Unit filename="bullet-2.76/src/BulletSoftBody/btSoftRigidDynamicsWorld.h" />
		<Unit filename="bullet-2.76/src/BulletSoftBody/btSoftSoftCollisionAlgorithm.cpp" />
		<Unit filename="bullet-2.76/src/BulletSoftBody/btSoftSoftCollisionAlgorithm.h" />
		<Unit filename="bullet-2.76/src/BulletSoftBody/btSparseSDF.h" />
		<Unit filename="bullet-2.76/src/LinearMath/btAabbUtil2.h" />
		<Unit filename="bullet-2.76/src/LinearMath/btAlignedAllocator.cpp" />
		<Unit filename="bullet-2.76/src/LinearMath/btAlignedAllocator.h" />
		<Unit filename="bullet-2.76/src/LinearMath/btAlignedObjectArray.h" />
		<Unit filename="bullet-2.76/src/LinearMath/btConvexHull.cpp" />
		<Unit filename="bullet-2.76/src/LinearMath/btConvexHull.h" />
		<Unit filename="bullet-2.76/src/LinearMath/btDefaultMotionState.h" />
		<Unit filename="bullet-2.76/src/LinearMath/btGeometryUtil.cpp" />
		<Unit filename="bullet-2.76/src/LinearMath/btGeometryUtil.h" />
		<Unit filename="bullet-2.76/src/LinearMath/btHashMap.h" />
		<Unit filename="bullet-2.76/src/LinearMath/btIDebugDraw.h" />
		<Unit filename="bullet-2.76/src/LinearMath/btList.h" />
		<Unit filename="bullet-2.76/src/LinearMath/btMatrix3x3.h" />
		<Unit filename="bullet-2.76/src/LinearMath/btMinMax.h" />
		<Unit filename="bullet-2.76/src/LinearMath/btMotionState.h" />
		<Unit filename="bullet-2.76/src/LinearMath/btPoolAllocator.h" />
		<Unit filename="bullet-2.76/src/LinearMath/btQuadWord.h" />
		<Unit filename="bullet-2.76/src/LinearMath/btQuaternion.h" />
		<Unit filename="bullet-2.76/src/LinearMath/btQuickprof.cpp" />
		<Unit filename="bullet-2.76/src/LinearMath/btQuickprof.h" />
		<Unit filename="bullet-2.76/src/LinearMath/btRandom.h" />
		<Unit filename="bullet-2.76/src/LinearMath/btScalar.h" />
		<Unit filename="bullet-2.76/src/LinearMath/btSerializer.cpp" />
		<Unit filename="bullet-2.76/src/LinearMath/btSerializer.h" />
		<Unit filename="bullet-2.76/src/LinearMath/btStackAlloc.h" />
		<Unit filename="bullet-2.76/src/LinearMath/btTransform.h" />
		<Unit filename="bullet-2.76/src/LinearMath/btTransformUtil.h" />
		<Unit filename="bullet-2.76/src/LinearMath/btVector3.h" />
		<Unit filename="bullet-2.76/src/MiniCL/cl.h" />
		<Unit filename="bullet-2.76/src/MiniCL/cl_MiniCL_Defs.h" />
		<Unit filename="bullet-2.76/src/MiniCL/cl_gl.h" />
		<Unit filename="bullet-2.76/src/MiniCL/cl_platform.h" />
		<Unit filename="bullet-2.76/src/btBulletCollisionCommon.h" />
		<Unit filename="bullet-2.76/src/btBulletDynamicsCommon.h" />
		<Extensions>
			<code_completion />
			<debugger />
		</Extensions>
	</Project>
</CodeBlocks_project_file>
