<?xml version="1.0" encoding="UTF-8" standalone="yes" ?>
<CodeBlocks_project_file>
	<FileVersion major="1" minor="6" />
	<Project>
		<Option title="physgame" />
		<Option pch_mode="2" />
		<Option compiler="gcc" />
		<Option extended_obj_names="1" />
		<Build>
			<Target title="WinDebug">
				<Option output="bin\WinDebug\physgame.dll" prefix_auto="1" extension_auto="0" />
				<Option object_output="obj\WinDebug\" />
				<Option type="3" />
				<Option compiler="gcc" />
				<Compiler>
					<Add option="-g" />
					<Add option="-DWINDOWS" />
					<Add directory="libincludes\windows\ogre" />
					<Add directory="libincludes\windows\sdl" />
					<Add directory="libincludes\common\bulletsrc\bullet-2.76\src" />
					<Add directory="libincludes\common\bulletsrc\bullet-2.76\src\LinearMath" />
					<Add directory="libincludes\common\bulletsrc\convexdecomp" />
					<Add directory="libincludes\common\bulletsrc\bulletserializer" />
					<Add directory="libincludes\common\tinyxmlppsrc\tinyxmlpp" />
					<Add directory="libincludes\windows\caudio\Headers" />
					<Add directory="libincludes\windows\caudio\include" />
					<Add directory="libincludes\windows\caudio\Source" />
				</Compiler>
				<Linker>
					<Add option="-Wl,--enable-runtime-pseudo-reloc" />
					<Add option="-Wl,--enable-auto-image-base" />
					<Add option="-Wl,--add-stdcall-alias" />
					<Add option="-Wl,--enable-auto-import" />
					<Add library="SDL" />
					<Add library="OgreMain" />
					<Add library="data\windows\bullet\libBullet.a" />
					<Add library="data\windows\convex decomp\libConvex Decomposition.a" />
					<Add library="data\windows\tinyxml\libTinyXMLpp.a" />
					<Add library="data\windows\caudio\cAudio.dll" />
					<Add directory="data\windows\sdl" />
					<Add directory="data\windows\ogre" />
					<Add directory="data\windows\bullet" />
					<Add directory="data\windows\convex decomp" />
					<Add directory="data\windows\tinyxml" />
					<Add directory="data\windows\caudio" />
				</Linker>
				<ExtraCommands>
					<Add after='cmd /c if not exist &quot;.\bin\WinDebug\data\windows\ogre&quot; mkdir .\bin\WinDebug\data\windows\ogre' />
					<Add after="cmd /c copy /y /v .\data\windows\ogre\OgreMain.dll .\bin\WinDebug" />
					<Add after="cmd /c copy /y /v .\data\windows\sdl\SDL.dll .\bin\WinDebug" />
					<Add after="cmd /c copy /y /v .\data\windows\plugins.cfg .\bin\WinDebug\data\windows" />
					<Add after="cmd /c copy /y /v .\data\windows\settings.cfg .\bin\WinDebug\data\windows" />
					<Add after="cmd /c copy /y /v .\data\windows\ogre\RenderSystem_GL.dll .\bin\WinDebug\data\windows\ogre" />
					<Add after="cmd /c copy /y /v .\data\windows\caudio\cAudio.dll .\bin\WinDebug" />
					<Add after="cmd /c copy /y /v .\data\windows\caudio\OpenAL32.dll .\bin\WinDebug" />
					<Add after="cmd /c copy /y /v .\data\windows\caudio\wrap_oal.dll .\bin\WinDebug" />
					<Mode after="always" />
				</ExtraCommands>
			</Target>
			<Target title="LinuxDebug">
				<Option output="bin\LinuxDebug\libphysgame.so" prefix_auto="1" extension_auto="0" />
				<Option object_output="obj\LinuxDebug\" />
				<Option type="3" />
				<Option compiler="gcc" />
				<Compiler>
					<Add option="-Wall" />
					<Add option="-g" />
					<Add option="`sdl-config --cflags`" />
					<Add option="-fexceptions" />
					<Add option="-fPIC" />
					<Add option="-DOGRE_GUI_GLX" />
					<Add option="-DLINUX" />
					<Add directory="libincludes\linux\ogresrc\OgreMain\include" />
					<Add directory="libincludes\linux\ogresrc\include" />
					<Add directory="libincludes\common\bulletsrc\bullet-2.76\src" />
					<Add directory="libincludes\common\bulletsrc\bullet-2.76\src\LinearMath" />
					<Add directory="libincludes\common\bulletsrc\convexdecomp" />
					<Add directory="libincludes\common\tinyxmlppsrc\tinyxmlpp" />
					<Add directory="libincludes\common\caudiosrc\include" />
					<Add directory="libincludes\common\bulletsrc\bulletserializer" />
				</Compiler>
				<Linker>
					<Add option="`sdl-config --libs`" />
					<Add library="OgreMain" />
					<Add library="Bullet" />
					<Add library="ticpp" />
					<Add library="cAudio" />
					<Add directory="data\linux\bullet" />
					<Add directory="data\linux\ogre" />
					<Add directory="data\linux\convex decomp" />
					<Add directory="data\linux\tinyxmlpp" />
					<Add directory="data\linux\caudio" />
				</Linker>
				<ExtraCommands>
					<Add before="data/linux/checklibs.sh" />
					<Add after="mkdir bin/LinuxDebug/data/linux -p" />
					<Add after="cp data/linux/plugins.cfg bin/LinuxDebug/data/linux/" />
					<Add after="cp data/linux/settings.cfg bin/LinuxDebug/data/linux/" />
					<Add after="cp data/linux/ogre/ bin/LinuxDebug/data/linux/ -r" />
					<Add after="cp data/common/ bin/LinuxDebug/data/ -r" />
					<Add after="cp data/linux/caudio/*.s* bin/LinuxDebug/ -a" />
					<Add after="mv bin/LinuxDebug/data/linux/ogre/*Main* bin/LinuxDebug/" />
					<Add after="rm bin//LinuxDebug/data/linux/ogre/Readme.txt" />
					<Mode after="always" />
				</ExtraCommands>
			</Target>
			<Target title="WinRelease">
				<Option output="bin\WinRelease\physgame.dll" prefix_auto="1" extension_auto="0" />
				<Option object_output="obj\WinRelease\" />
				<Option type="3" />
				<Option compiler="gcc" />
				<Compiler>
					<Add option="-O2" />
					<Add option="-DWINDOWS" />
					<Add directory="libincludes\windows\sdl" />
					<Add directory="libincludes\common\bulletsrc\bullet-2.76\src" />
					<Add directory="libincludes\common\bulletsrc\bullet-2.76\src\LinearMath" />
					<Add directory="libincludes\common\bulletsrc\convexdecomp" />
					<Add directory="libincludes\common\tinyxmlppsrc\tinyxmlpp" />
					<Add directory="libincludes\windows\caudio\Headers" />
					<Add directory="libincludes\windows\caudio\include" />
					<Add directory="libincludes\windows\caudio\Source" />
					<Add directory="libincludes\windows\ogre" />
					<Add directory="libincludes\common\bulletsrc\bulletserializer" />
				</Compiler>
				<Linker>
					<Add option="-Wl,--enable-runtime-pseudo-reloc" />
					<Add option="-Wl,--enable-auto-image-base" />
					<Add option="-Wl,--add-stdcall-alias" />
					<Add option="-Wl,--enable-auto-import" />
					<Add library="SDL" />
					<Add library="OgreMain" />
					<Add library="data\windows\bullet\libBullet.a" />
					<Add library="data\windows\convex decomp\libConvex Decomposition.a" />
					<Add library="data\windows\tinyxml\libTinyXMLpp.a" />
					<Add library="data\windows\caudio\cAudio.dll" />
					<Add directory="data\windows\sdl" />
					<Add directory="data\windows\ogre" />
					<Add directory="data\windows\bullet" />
					<Add directory="data\windows\convex decomp" />
					<Add directory="data\windows\tinyxml" />
					<Add directory="data\windows\caudio" />
				</Linker>
				<ExtraCommands>
					<Add after='cmd /c if not exist &quot;.\bin\WinRelease\data\windows\ogre&quot; mkdir .\bin\WinRelease\data\windows\ogre' />
					<Add after="cmd /c copy /y /v .\data\windows\ogre\OgreMain.dll .\bin\WinRelease" />
					<Add after="cmd /c copy /y /v .\data\windows\sdl\SDL.dll .\bin\WinRelease" />
					<Add after="cmd /c copy /y /v .\data\windows\plugins.cfg .\bin\WinRelease\data\windows" />
					<Add after="cmd /c copy /y /v .\data\windows\settings.cfg .\bin\WinRelease\data\windows" />
					<Add after="cmd /c copy /y /v .\data\windows\ogre\RenderSystem_GL.dll .\bin\WinRelease\data\windows\ogre" />
					<Add after="cmd /c copy /y /v .\data\windows\caudio\cAudio.dll .\bin\WinRelease" />
					<Add after="cmd /c copy /y /v .\data\windows\caudio\OpenAL32.dll .\bin\WinRelease" />
					<Add after="cmd /c copy /y /v .\data\windows\caudio\wrap_oal.dll .\bin\WinRelease" />
					<Mode after="always" />
				</ExtraCommands>
			</Target>
			<Target title="LinuxRelease">
				<Option output="bin\LinuxRelease\libphysgame.so" prefix_auto="1" extension_auto="0" />
				<Option object_output="obj\LinuxRelease\" />
				<Option type="3" />
				<Option compiler="gcc" />
				<Compiler>
					<Add option="-O2" />
					<Add option="-Wall" />
					<Add option="`sdl-config --cflags`" />
					<Add option="-fexceptions" />
					<Add option="-fPIC" />
					<Add option="-DOGRE_GUI_GLX" />
					<Add option="-DLINUX" />
					<Add directory="libincludes\linux\ogresrc\OgreMain\include" />
					<Add directory="libincludes\linux\ogresrc\include" />
					<Add directory="libincludes\common\bulletsrc\bullet-2.76\src" />
					<Add directory="libincludes\common\bulletsrc\bullet-2.76\src\LinearMath" />
					<Add directory="libincludes\common\bulletsrc\convexdecomp" />
					<Add directory="libincludes\common\tinyxmlppsrc\tinyxmlpp" />
					<Add directory="libincludes\common\caudiosrc\include" />
					<Add directory="libincludes\common\bulletsrc\bulletserializer" />
				</Compiler>
				<Linker>
					<Add option="`sdl-config --libs`" />
					<Add library="OgreMain" />
					<Add library="Bullet" />
					<Add library="ticpp" />
					<Add library="cAudio" />
					<Add directory="data\linux\bullet" />
					<Add directory="data\linux\ogre" />
					<Add directory="data\linux\convex decomp" />
					<Add directory="data\linux\tinyxmlpp" />
					<Add directory="data\linux\caudio" />
				</Linker>
				<ExtraCommands>
					<Add before="data/linux/checklibs.sh" />
					<Add after="mkdir bin/LinuxRelease/data/linux -p" />
					<Add after="cp data/linux/plugins.cfg bin/LinuxRelease/data/linux/" />
					<Add after="cp data/linux/settings.cfg bin/LinuxRelease/data/linux/" />
					<Add after="cp data/linux/ogre/ bin/LinuxRelease/data/linux/ -r" />
					<Add after="cp data/common/ bin/LinuxRelease/data -r" />
					<Add after="cp data/linux/caudio/*.s* bin/LinuxRelease/" />
					<Add after="mv bin/LinuxRelease/data/linux/ogre/*Main* bin/LinuxRelease/" />
					<Add after="rm bin//LinuxRelease/data/linux/ogre/Readme.txt" />
					<Mode after="always" />
				</ExtraCommands>
			</Target>
		</Build>
		<Compiler>
			<Add option="-Wall" />
		</Compiler>
		<Unit filename="src\actorbase.cpp" />
		<Unit filename="src\actorbase.h" />
		<Unit filename="src\actorcontainerbase.cpp" />
		<Unit filename="src\actorcontainerbase.h" />
		<Unit filename="src\actorcontainervector.cpp" />
		<Unit filename="src\actorcontainervector.h" />
		<Unit filename="src\actorragdoll.cpp" />
		<Unit filename="src\actorragdoll.h" />
		<Unit filename="src\actorrigid.cpp" />
		<Unit filename="src\actorrigid.h" />
		<Unit filename="src\actorsoft.cpp" />
		<Unit filename="src\actorsoft.h" />
		<Unit filename="src\actorterrain.cpp" />
		<Unit filename="src\actorterrain.h" />
		<Unit filename="src\areaeffect.cpp" />
		<Unit filename="src\areaeffect.h" />
		<Unit filename="src\attachable.cpp" />
		<Unit filename="src\attachable.h" />
		<Unit filename="src\camera.cpp" />
		<Unit filename="src\camera.h" />
		<Unit filename="src\cameramanager.cpp" />
		<Unit filename="src\cameramanager.h" />
		<Unit filename="src\colourvalue.cpp" />
		<Unit filename="src\colourvalue.h" />
		<Unit filename="src\constraint.cpp" />
		<Unit filename="src\constraint.h" />
		<Unit filename="src\containerbase.cpp" />
		<Unit filename="src\containerbase.h" />
		<Unit filename="src\crossplatform.cpp" />
		<Unit filename="src\crossplatform.h" />
		<Unit filename="src\datatypes.cpp" />
		<Unit filename="src\datatypes.h" />
		<Unit filename="src\eventbase.cpp" />
		<Unit filename="src\eventbase.h" />
		<Unit filename="src\eventcollision.cpp" />
		<Unit filename="src\eventcollision.h" />
		<Unit filename="src\eventmanager.cpp" />
		<Unit filename="src\eventmanager.h" />
		<Unit filename="src\eventquit.cpp" />
		<Unit filename="src\eventquit.h" />
		<Unit filename="src\eventrendertime.cpp" />
		<Unit filename="src\eventrendertime.h" />
		<Unit filename="src\eventuserinput.cpp" />
		<Unit filename="src\eventuserinput.h" />
		<Unit filename="src\exception.cpp" />
		<Unit filename="src\exception.h" />
		<Unit filename="src\graphicsmanager.cpp" />
		<Unit filename="src\graphicsmanager.h" />
		<Unit filename="src\internalGorilla.cpp" />
		<Unit filename="src\internalGorilla.h.cpp">
			<Option compile="0" />
			<Option link="0" />
		</Unit>
		<Unit filename="src\internaldecompinterface.cpp" />
		<Unit filename="src\internaldecompinterface.h.cpp">
			<Option compile="0" />
			<Option link="0" />
		</Unit>
		<Unit filename="src\internalmeshinfo.cpp" />
		<Unit filename="src\internalmeshinfo.h.cpp">
			<Option compile="0" />
			<Option link="0" />
		</Unit>
		<Unit filename="src\internalmotionstate.cpp" />
		<Unit filename="src\internalmotionstate.h.cpp">
			<Option compile="0" />
			<Option link="0" />
		</Unit>
		<Unit filename="src\light.cpp" />
		<Unit filename="src\light.h" />
		<Unit filename="src\linegroup.cpp" />
		<Unit filename="src\linegroup.h" />
		<Unit filename="src\managerbase.cpp" />
		<Unit filename="src\managerbase.h" />
		<Unit filename="src\metacode.cpp" />
		<Unit filename="src\metacode.h" />
		<Unit filename="src\node.cpp" />
		<Unit filename="src\node.h" />
		<Unit filename="src\particleeffect.cpp" />
		<Unit filename="src\particleeffect.h" />
		<Unit filename="src\physgame.h" />
		<Unit filename="src\physicsmanager.cpp" />
		<Unit filename="src\physicsmanager.h" />
		<Unit filename="src\plane.cpp" />
		<Unit filename="src\plane.h" />
		<Unit filename="src\quaternion.cpp" />
		<Unit filename="src\quaternion.h" />
		<Unit filename="src\ray.cpp" />
		<Unit filename="src\ray.h" />
		<Unit filename="src\resourcemanager.cpp" />
		<Unit filename="src\resourcemanager.h" />
		<Unit filename="src\scenemanager.cpp" />
		<Unit filename="src\scenemanager.h" />
		<Unit filename="src\sound.cpp" />
		<Unit filename="src\sound.h" />
		<Unit filename="src\soundlistener.cpp" />
		<Unit filename="src\soundlistener.h" />
		<Unit filename="src\soundmanager.cpp" />
		<Unit filename="src\soundmanager.h" />
		<Unit filename="src\uibutton.cpp" />
		<Unit filename="src\uibutton.h" />
		<Unit filename="src\uilayer.cpp" />
		<Unit filename="src\uilayer.h" />
		<Unit filename="src\uimanager.cpp" />
		<Unit filename="src\uimanager.h" />
		<Unit filename="src\uirectangle.cpp" />
		<Unit filename="src\uirectangle.h" />
		<Unit filename="src\uiscreen.cpp" />
		<Unit filename="src\uiscreen.h" />
		<Unit filename="src\vector2.cpp" />
		<Unit filename="src\vector2.h" />
		<Unit filename="src\vector3.cpp" />
		<Unit filename="src\vector3.h" />
		<Unit filename="src\vector3wactor.cpp" />
		<Unit filename="src\vector3wactor.h" />
		<Unit filename="src\world.cpp" />
		<Unit filename="src\world.h" />
		<Unit filename="src\worldgetset.cpp" />
		<Unit filename="src\worldgetset.h" />
		<Unit filename="src\worldquerytool.cpp" />
		<Unit filename="src\worldquerytool.h" />
		<Unit filename="src\xmlattribute.cpp" />
		<Unit filename="src\xmlattribute.h" />
		<Unit filename="src\xmlbase.cpp" />
		<Unit filename="src\xmlbase.h" />
		<Unit filename="src\xmlcomment.cpp" />
		<Unit filename="src\xmlcomment.h" />
		<Unit filename="src\xmldeclaration.cpp" />
		<Unit filename="src\xmldeclaration.h" />
		<Unit filename="src\xmldocument.cpp" />
		<Unit filename="src\xmldocument.h" />
		<Unit filename="src\xmlelement.cpp" />
		<Unit filename="src\xmlelement.h" />
		<Unit filename="src\xmlnode.cpp" />
		<Unit filename="src\xmlnode.h" />
		<Unit filename="src\xmlstylesheetreference.cpp" />
		<Unit filename="src\xmlstylesheetreference.h" />
		<Unit filename="src\xmltext.cpp" />
		<Unit filename="src\xmltext.h" />
		<Extensions>
			<code_completion />
			<debugger />
			<envvars />
		</Extensions>
	</Project>
</CodeBlocks_project_file>
