<?xml version="1.0" encoding="UTF-8" standalone="yes" ?>
<CodeBlocks_project_file>
	<FileVersion major="1" minor="6" />
	<Project>
		<Option title="Catch!" />
		<Option pch_mode="2" />
		<Option compiler="gcc" />
		<Build>
			<Target title="WinDebug">
				<Option output="bin/WinDebug/Catch!" prefix_auto="1" extension_auto="1" />
				<Option working_dir="bin/WinDebug/" />
				<Option object_output="obj/WinDebug/" />
				<Option type="0" />
				<Option compiler="gcc" />
				<Compiler>
					<Add option="-g" />
					<Add directory="../physgameengine/src" />
				</Compiler>
				<Linker>
					<Add library="physgame" />
					<Add directory="../physgameengine/bin/WinDebug" />
				</Linker>
				<ExtraCommands>
					<Add after="cmd /c copy ..\physgameengine\bin\WinDebug\physgame.dll .\bin\WinDebug" />
					<Add after="cmd /c copy ..\physgameengine\data\windows\ogre\OgreMain.dll .\bin\WinDebug" />
					<Add after="cmd /c copy ..\physgameengine\data\windows\sdl\SDL.dll .\bin\WinDebug" />
					<Add after="cmd /c mkdir .\bin\WinDebug\data" />
					<Add after="cmd /c mkdir .\bin\WinDebug\data\windows" />
					<Add after="cmd /c copy ..\physgameengine\data\windows\plugins.cfg .\bin\WinDebug\data\windows" />
					<Add after="cmd /c copy ..\physgameengine\data\windows\settings.cfg .\bin\WinDebug\data\windows" />
					<Add after="cmd /c mkdir .\bin\WinDebug\data\windows\ogre" />
					<Add after="cmd /c copy ..\physgameengine\data\windows\ogre\RenderSystem_GL.dll .\bin\WinDebug\data\windows\ogre" />
					<Add after="cmd /c mkdir .\bin\WinDebug\data\common" />
					<Add after="cmd /c copy ..\physgameengine\data\common\robot.mesh .\bin\WinDebug\data\common" />
					<Add after="cmd /c copy ..\physgameengine\data\common\robot.skeleton .\bin\WinDebug\data\common" />
					<Add after="cmd /c copy ..\physgameengine\data\common\Examples.material .\bin\WinDebug\data\common" />
					<Add after="cmd /c copy ..\physgameengine\data\common\r2skin.jpg .\bin\WinDebug\data\common" />
					<Mode after="always" />
				</ExtraCommands>
			</Target>
			<Target title="LinuxDebug">
				<Option output="bin/LinuxDebug/Catch!" prefix_auto="1" extension_auto="1" />
				<Option working_dir="bin/LinuxDebug/" />
				<Option object_output="obj/LinuxDebug/" />
				<Option type="0" />
				<Option compiler="gcc" />
				<Compiler>
					<Add option="-g" />
					<Add option="`pkg-config xt --cflags`" />
					<Add directory="../physgameengine/src" />
				</Compiler>
				<Linker>
					<Add library="physgame" />
					<Add library="OgreMain" />
					<Add directory="bin/LinuxDebug" />
					<Add directory="." />
				</Linker>
				<ExtraCommands>
					<Add before="mkdir bin/LinuxDebug/ -p" />
					<Add before="cp ../physgameengine/bin/LinuxDebug/* ./bin/LinuxDebug/ -r" />
					<Add before="cp data/linux/Catch!-start bin/LinuxDebug/" />
					<Mode after="always" />
				</ExtraCommands>
			</Target>
		</Build>
		<Compiler>
			<Add option="-g" />
		</Compiler>
		<Unit filename="src/gamebase.cpp" />
		<Unit filename="src/gamebase.h" />
		<Unit filename="../physgameengine/src/physevent.cpp" />
		<Extensions>
			<code_completion />
			<envvars />
			<debugger />
			<lib_finder disable_auto="1" />
		</Extensions>
	</Project>
</CodeBlocks_project_file>
