
Microsoft Visual Studio Solution File, Format Version 11.00
# Visual Studio 2010
Project("{8BC9CEB8-8B4A-11D0-8D11-00A0C91BC942}") = "App_BasicDemo", "App_BasicDemo.vcxproj", "{C8D79E99-62D6-6D4D-A561-3736850D97DD}"
	ProjectSection(ProjectDependencies) = postProject
		{A46068B6-641C-9349-9675-A249167D6D20} = {A46068B6-641C-9349-9675-A249167D6D20}
		{5A3F9013-48B8-764C-BE8D-049FA4465C49} = {5A3F9013-48B8-764C-BE8D-049FA4465C49}
		{4357CA5A-DC4A-1C45-BB59-A27C2482ABF7} = {4357CA5A-DC4A-1C45-BB59-A27C2482ABF7}
		{6DCAACBD-E70F-824E-8528-61E0376F173C} = {6DCAACBD-E70F-824E-8528-61E0376F173C}
	EndProjectSection
EndProject
Project("{8BC9CEB8-8B4A-11D0-8D11-00A0C91BC942}") = "App_Box2dDemo", "App_Box2dDemo.vcxproj", "{46A5A5C8-AD7E-9F4C-9AE8-D13F819E0034}"
	ProjectSection(ProjectDependencies) = postProject
		{A46068B6-641C-9349-9675-A249167D6D20} = {A46068B6-641C-9349-9675-A249167D6D20}
		{5A3F9013-48B8-764C-BE8D-049FA4465C49} = {5A3F9013-48B8-764C-BE8D-049FA4465C49}
		{4357CA5A-DC4A-1C45-BB59-A27C2482ABF7} = {4357CA5A-DC4A-1C45-BB59-A27C2482ABF7}
		{6DCAACBD-E70F-824E-8528-61E0376F173C} = {6DCAACBD-E70F-824E-8528-61E0376F173C}
	EndProjectSection
EndProject
Project("{8BC9CEB8-8B4A-11D0-8D11-00A0C91BC942}") = "App_BspDemo", "App_BspDemo.vcxproj", "{4321DBA8-99B5-2F4F-947C-5D9D0925A890}"
	ProjectSection(ProjectDependencies) = postProject
		{A46068B6-641C-9349-9675-A249167D6D20} = {A46068B6-641C-9349-9675-A249167D6D20}
		{5A3F9013-48B8-764C-BE8D-049FA4465C49} = {5A3F9013-48B8-764C-BE8D-049FA4465C49}
		{4357CA5A-DC4A-1C45-BB59-A27C2482ABF7} = {4357CA5A-DC4A-1C45-BB59-A27C2482ABF7}
		{6DCAACBD-E70F-824E-8528-61E0376F173C} = {6DCAACBD-E70F-824E-8528-61E0376F173C}
	EndProjectSection
EndProject
Project("{8BC9CEB8-8B4A-11D0-8D11-00A0C91BC942}") = "App_CcdPhysicsDemo", "App_CcdPhysicsDemo.vcxproj", "{D5D36519-4A56-C14F-BF1F-77F0E610B9EC}"
	ProjectSection(ProjectDependencies) = postProject
		{A46068B6-641C-9349-9675-A249167D6D20} = {A46068B6-641C-9349-9675-A249167D6D20}
		{5A3F9013-48B8-764C-BE8D-049FA4465C49} = {5A3F9013-48B8-764C-BE8D-049FA4465C49}
		{4357CA5A-DC4A-1C45-BB59-A27C2482ABF7} = {4357CA5A-DC4A-1C45-BB59-A27C2482ABF7}
		{6DCAACBD-E70F-824E-8528-61E0376F173C} = {6DCAACBD-E70F-824E-8528-61E0376F173C}
	EndProjectSection
EndProject
Project("{8BC9CEB8-8B4A-11D0-8D11-00A0C91BC942}") = "App_CollisionDemo", "App_CollisionDemo.vcxproj", "{05DD2DD7-D5FA-6D4F-854E-9516E12209CF}"
	ProjectSection(ProjectDependencies) = postProject
		{A46068B6-641C-9349-9675-A249167D6D20} = {A46068B6-641C-9349-9675-A249167D6D20}
		{5A3F9013-48B8-764C-BE8D-049FA4465C49} = {5A3F9013-48B8-764C-BE8D-049FA4465C49}
		{4357CA5A-DC4A-1C45-BB59-A27C2482ABF7} = {4357CA5A-DC4A-1C45-BB59-A27C2482ABF7}
		{6DCAACBD-E70F-824E-8528-61E0376F173C} = {6DCAACBD-E70F-824E-8528-61E0376F173C}
	EndProjectSection
EndProject
Project("{8BC9CEB8-8B4A-11D0-8D11-00A0C91BC942}") = "App_CollisionInterfaceDemo", "App_CollisionInterfaceDemo.vcxproj", "{F3369DA0-489F-2640-BBAB-AE6AD9101FA5}"
	ProjectSection(ProjectDependencies) = postProject
		{A46068B6-641C-9349-9675-A249167D6D20} = {A46068B6-641C-9349-9675-A249167D6D20}
		{5A3F9013-48B8-764C-BE8D-049FA4465C49} = {5A3F9013-48B8-764C-BE8D-049FA4465C49}
		{4357CA5A-DC4A-1C45-BB59-A27C2482ABF7} = {4357CA5A-DC4A-1C45-BB59-A27C2482ABF7}
		{6DCAACBD-E70F-824E-8528-61E0376F173C} = {6DCAACBD-E70F-824E-8528-61E0376F173C}
	EndProjectSection
EndProject
Project("{8BC9CEB8-8B4A-11D0-8D11-00A0C91BC942}") = "App_ConcaveConvexcastDemo", "App_ConcaveConvexcastDemo.vcxproj", "{5F84FF88-3E7A-3C4E-A7E3-38DF3E8EB9EC}"
	ProjectSection(ProjectDependencies) = postProject
		{A46068B6-641C-9349-9675-A249167D6D20} = {A46068B6-641C-9349-9675-A249167D6D20}
		{5A3F9013-48B8-764C-BE8D-049FA4465C49} = {5A3F9013-48B8-764C-BE8D-049FA4465C49}
		{4357CA5A-DC4A-1C45-BB59-A27C2482ABF7} = {4357CA5A-DC4A-1C45-BB59-A27C2482ABF7}
		{6DCAACBD-E70F-824E-8528-61E0376F173C} = {6DCAACBD-E70F-824E-8528-61E0376F173C}
	EndProjectSection
EndProject
Project("{8BC9CEB8-8B4A-11D0-8D11-00A0C91BC942}") = "App_ConcaveDemo", "App_ConcaveDemo.vcxproj", "{9564CC43-B54D-594E-BA77-87F9A01DB2DB}"
	ProjectSection(ProjectDependencies) = postProject
		{A46068B6-641C-9349-9675-A249167D6D20} = {A46068B6-641C-9349-9675-A249167D6D20}
		{5A3F9013-48B8-764C-BE8D-049FA4465C49} = {5A3F9013-48B8-764C-BE8D-049FA4465C49}
		{4357CA5A-DC4A-1C45-BB59-A27C2482ABF7} = {4357CA5A-DC4A-1C45-BB59-A27C2482ABF7}
		{6DCAACBD-E70F-824E-8528-61E0376F173C} = {6DCAACBD-E70F-824E-8528-61E0376F173C}
	EndProjectSection
EndProject
Project("{8BC9CEB8-8B4A-11D0-8D11-00A0C91BC942}") = "App_ConcaveRaycastDemo", "App_ConcaveRaycastDemo.vcxproj", "{7D782201-A73C-774A-BF52-AB4C86F9134C}"
	ProjectSection(ProjectDependencies) = postProject
		{A46068B6-641C-9349-9675-A249167D6D20} = {A46068B6-641C-9349-9675-A249167D6D20}
		{5A3F9013-48B8-764C-BE8D-049FA4465C49} = {5A3F9013-48B8-764C-BE8D-049FA4465C49}
		{4357CA5A-DC4A-1C45-BB59-A27C2482ABF7} = {4357CA5A-DC4A-1C45-BB59-A27C2482ABF7}
		{6DCAACBD-E70F-824E-8528-61E0376F173C} = {6DCAACBD-E70F-824E-8528-61E0376F173C}
	EndProjectSection
EndProject
Project("{8BC9CEB8-8B4A-11D0-8D11-00A0C91BC942}") = "App_ConstraintDemo", "App_ConstraintDemo.vcxproj", "{47EA22B2-F397-4948-97A4-DFD69D9D57F6}"
	ProjectSection(ProjectDependencies) = postProject
		{A46068B6-641C-9349-9675-A249167D6D20} = {A46068B6-641C-9349-9675-A249167D6D20}
		{5A3F9013-48B8-764C-BE8D-049FA4465C49} = {5A3F9013-48B8-764C-BE8D-049FA4465C49}
		{4357CA5A-DC4A-1C45-BB59-A27C2482ABF7} = {4357CA5A-DC4A-1C45-BB59-A27C2482ABF7}
		{6DCAACBD-E70F-824E-8528-61E0376F173C} = {6DCAACBD-E70F-824E-8528-61E0376F173C}
	EndProjectSection
EndProject
Project("{8BC9CEB8-8B4A-11D0-8D11-00A0C91BC942}") = "App_ContinuousConvexCollision", "App_ContinuousConvexCollision.vcxproj", "{1F82C048-9CEF-4D4D-BC61-98DBA410E6C8}"
	ProjectSection(ProjectDependencies) = postProject
		{A46068B6-641C-9349-9675-A249167D6D20} = {A46068B6-641C-9349-9675-A249167D6D20}
		{5A3F9013-48B8-764C-BE8D-049FA4465C49} = {5A3F9013-48B8-764C-BE8D-049FA4465C49}
		{4357CA5A-DC4A-1C45-BB59-A27C2482ABF7} = {4357CA5A-DC4A-1C45-BB59-A27C2482ABF7}
		{6DCAACBD-E70F-824E-8528-61E0376F173C} = {6DCAACBD-E70F-824E-8528-61E0376F173C}
	EndProjectSection
EndProject
Project("{8BC9CEB8-8B4A-11D0-8D11-00A0C91BC942}") = "App_ConvexHullDistance", "App_ConvexHullDistance.vcxproj", "{997A443F-C3ED-114A-A78E-E6FBE4D3BF9F}"
	ProjectSection(ProjectDependencies) = postProject
		{A46068B6-641C-9349-9675-A249167D6D20} = {A46068B6-641C-9349-9675-A249167D6D20}
		{5A3F9013-48B8-764C-BE8D-049FA4465C49} = {5A3F9013-48B8-764C-BE8D-049FA4465C49}
		{4357CA5A-DC4A-1C45-BB59-A27C2482ABF7} = {4357CA5A-DC4A-1C45-BB59-A27C2482ABF7}
		{6DCAACBD-E70F-824E-8528-61E0376F173C} = {6DCAACBD-E70F-824E-8528-61E0376F173C}
	EndProjectSection
EndProject
Project("{8BC9CEB8-8B4A-11D0-8D11-00A0C91BC942}") = "App_DynamicControlDemo", "App_DynamicControlDemo.vcxproj", "{D8E3C959-B4CE-1242-BC68-255CEB3BCD86}"
	ProjectSection(ProjectDependencies) = postProject
		{A46068B6-641C-9349-9675-A249167D6D20} = {A46068B6-641C-9349-9675-A249167D6D20}
		{5A3F9013-48B8-764C-BE8D-049FA4465C49} = {5A3F9013-48B8-764C-BE8D-049FA4465C49}
		{4357CA5A-DC4A-1C45-BB59-A27C2482ABF7} = {4357CA5A-DC4A-1C45-BB59-A27C2482ABF7}
		{6DCAACBD-E70F-824E-8528-61E0376F173C} = {6DCAACBD-E70F-824E-8528-61E0376F173C}
	EndProjectSection
EndProject
Project("{8BC9CEB8-8B4A-11D0-8D11-00A0C91BC942}") = "App_EPAPenDepthDemo", "App_EPAPenDepthDemo.vcxproj", "{2DAFCFA2-9FED-7E4D-B437-8B042DF3C06D}"
	ProjectSection(ProjectDependencies) = postProject
		{A46068B6-641C-9349-9675-A249167D6D20} = {A46068B6-641C-9349-9675-A249167D6D20}
		{5A3F9013-48B8-764C-BE8D-049FA4465C49} = {5A3F9013-48B8-764C-BE8D-049FA4465C49}
		{4357CA5A-DC4A-1C45-BB59-A27C2482ABF7} = {4357CA5A-DC4A-1C45-BB59-A27C2482ABF7}
		{6DCAACBD-E70F-824E-8528-61E0376F173C} = {6DCAACBD-E70F-824E-8528-61E0376F173C}
	EndProjectSection
EndProject
Project("{8BC9CEB8-8B4A-11D0-8D11-00A0C91BC942}") = "App_ForkLiftDemo", "App_ForkLiftDemo.vcxproj", "{13874DEA-18DC-1042-87AD-556FF7E72883}"
	ProjectSection(ProjectDependencies) = postProject
		{A46068B6-641C-9349-9675-A249167D6D20} = {A46068B6-641C-9349-9675-A249167D6D20}
		{5A3F9013-48B8-764C-BE8D-049FA4465C49} = {5A3F9013-48B8-764C-BE8D-049FA4465C49}
		{4357CA5A-DC4A-1C45-BB59-A27C2482ABF7} = {4357CA5A-DC4A-1C45-BB59-A27C2482ABF7}
		{6DCAACBD-E70F-824E-8528-61E0376F173C} = {6DCAACBD-E70F-824E-8528-61E0376F173C}
	EndProjectSection
EndProject
Project("{8BC9CEB8-8B4A-11D0-8D11-00A0C91BC942}") = "App_FractureDemo", "App_FractureDemo.vcxproj", "{2BBF773D-A6EF-3D47-9761-8FE16C02FF28}"
	ProjectSection(ProjectDependencies) = postProject
		{A46068B6-641C-9349-9675-A249167D6D20} = {A46068B6-641C-9349-9675-A249167D6D20}
		{5A3F9013-48B8-764C-BE8D-049FA4465C49} = {5A3F9013-48B8-764C-BE8D-049FA4465C49}
		{4357CA5A-DC4A-1C45-BB59-A27C2482ABF7} = {4357CA5A-DC4A-1C45-BB59-A27C2482ABF7}
		{6DCAACBD-E70F-824E-8528-61E0376F173C} = {6DCAACBD-E70F-824E-8528-61E0376F173C}
	EndProjectSection
EndProject
Project("{8BC9CEB8-8B4A-11D0-8D11-00A0C91BC942}") = "App_GenericJointDemo", "App_GenericJointDemo.vcxproj", "{9CAA582E-C733-9149-A73E-46C00DFC8941}"
	ProjectSection(ProjectDependencies) = postProject
		{A46068B6-641C-9349-9675-A249167D6D20} = {A46068B6-641C-9349-9675-A249167D6D20}
		{5A3F9013-48B8-764C-BE8D-049FA4465C49} = {5A3F9013-48B8-764C-BE8D-049FA4465C49}
		{4357CA5A-DC4A-1C45-BB59-A27C2482ABF7} = {4357CA5A-DC4A-1C45-BB59-A27C2482ABF7}
		{6DCAACBD-E70F-824E-8528-61E0376F173C} = {6DCAACBD-E70F-824E-8528-61E0376F173C}
	EndProjectSection
EndProject
Project("{8BC9CEB8-8B4A-11D0-8D11-00A0C91BC942}") = "App_GimpactTestDemo", "App_GimpactTestDemo.vcxproj", "{A2D47FB6-A6A2-B54A-AEFF-4EE8EC4F61F0}"
	ProjectSection(ProjectDependencies) = postProject
		{A46068B6-641C-9349-9675-A249167D6D20} = {A46068B6-641C-9349-9675-A249167D6D20}
		{5A3F9013-48B8-764C-BE8D-049FA4465C49} = {5A3F9013-48B8-764C-BE8D-049FA4465C49}
		{4357CA5A-DC4A-1C45-BB59-A27C2482ABF7} = {4357CA5A-DC4A-1C45-BB59-A27C2482ABF7}
		{6DCAACBD-E70F-824E-8528-61E0376F173C} = {6DCAACBD-E70F-824E-8528-61E0376F173C}
	EndProjectSection
EndProject
Project("{8BC9CEB8-8B4A-11D0-8D11-00A0C91BC942}") = "App_GjkConvexCastDemo", "App_GjkConvexCastDemo.vcxproj", "{8C71FA24-27AF-814B-9CD3-D7B7B698E560}"
	ProjectSection(ProjectDependencies) = postProject
		{A46068B6-641C-9349-9675-A249167D6D20} = {A46068B6-641C-9349-9675-A249167D6D20}
		{5A3F9013-48B8-764C-BE8D-049FA4465C49} = {5A3F9013-48B8-764C-BE8D-049FA4465C49}
		{4357CA5A-DC4A-1C45-BB59-A27C2482ABF7} = {4357CA5A-DC4A-1C45-BB59-A27C2482ABF7}
		{6DCAACBD-E70F-824E-8528-61E0376F173C} = {6DCAACBD-E70F-824E-8528-61E0376F173C}
	EndProjectSection
EndProject
Project("{8BC9CEB8-8B4A-11D0-8D11-00A0C91BC942}") = "App_HelloWorld", "App_HelloWorld.vcxproj", "{DBF1C719-5CE2-7647-87EF-0D778D625583}"
	ProjectSection(ProjectDependencies) = postProject
		{A46068B6-641C-9349-9675-A249167D6D20} = {A46068B6-641C-9349-9675-A249167D6D20}
		{5A3F9013-48B8-764C-BE8D-049FA4465C49} = {5A3F9013-48B8-764C-BE8D-049FA4465C49}
		{4357CA5A-DC4A-1C45-BB59-A27C2482ABF7} = {4357CA5A-DC4A-1C45-BB59-A27C2482ABF7}
		{6DCAACBD-E70F-824E-8528-61E0376F173C} = {6DCAACBD-E70F-824E-8528-61E0376F173C}
	EndProjectSection
EndProject
Project("{8BC9CEB8-8B4A-11D0-8D11-00A0C91BC942}") = "App_InternalEdgeDemo", "App_InternalEdgeDemo.vcxproj", "{2CDC7836-E6E7-CF42-B8AE-02356F788929}"
	ProjectSection(ProjectDependencies) = postProject
		{A46068B6-641C-9349-9675-A249167D6D20} = {A46068B6-641C-9349-9675-A249167D6D20}
		{5A3F9013-48B8-764C-BE8D-049FA4465C49} = {5A3F9013-48B8-764C-BE8D-049FA4465C49}
		{4357CA5A-DC4A-1C45-BB59-A27C2482ABF7} = {4357CA5A-DC4A-1C45-BB59-A27C2482ABF7}
		{6DCAACBD-E70F-824E-8528-61E0376F173C} = {6DCAACBD-E70F-824E-8528-61E0376F173C}
	EndProjectSection
EndProject
Project("{8BC9CEB8-8B4A-11D0-8D11-00A0C91BC942}") = "App_MovingConcaveDemo", "App_MovingConcaveDemo.vcxproj", "{67F9B9B1-ECF3-2D4A-A66D-54331BFC9DD4}"
	ProjectSection(ProjectDependencies) = postProject
		{A46068B6-641C-9349-9675-A249167D6D20} = {A46068B6-641C-9349-9675-A249167D6D20}
		{5A3F9013-48B8-764C-BE8D-049FA4465C49} = {5A3F9013-48B8-764C-BE8D-049FA4465C49}
		{4357CA5A-DC4A-1C45-BB59-A27C2482ABF7} = {4357CA5A-DC4A-1C45-BB59-A27C2482ABF7}
		{6DCAACBD-E70F-824E-8528-61E0376F173C} = {6DCAACBD-E70F-824E-8528-61E0376F173C}
	EndProjectSection
EndProject
Project("{8BC9CEB8-8B4A-11D0-8D11-00A0C91BC942}") = "App_MultiMaterialDemo", "App_MultiMaterialDemo.vcxproj", "{4B7381D9-A92D-734C-A268-0FDF9B7899B5}"
	ProjectSection(ProjectDependencies) = postProject
		{A46068B6-641C-9349-9675-A249167D6D20} = {A46068B6-641C-9349-9675-A249167D6D20}
		{5A3F9013-48B8-764C-BE8D-049FA4465C49} = {5A3F9013-48B8-764C-BE8D-049FA4465C49}
		{4357CA5A-DC4A-1C45-BB59-A27C2482ABF7} = {4357CA5A-DC4A-1C45-BB59-A27C2482ABF7}
		{6DCAACBD-E70F-824E-8528-61E0376F173C} = {6DCAACBD-E70F-824E-8528-61E0376F173C}
	EndProjectSection
EndProject
Project("{8BC9CEB8-8B4A-11D0-8D11-00A0C91BC942}") = "App_RagdollDemo", "App_RagdollDemo.vcxproj", "{DC5282BC-18C2-FE46-A706-CCD038BB3E87}"
	ProjectSection(ProjectDependencies) = postProject
		{A46068B6-641C-9349-9675-A249167D6D20} = {A46068B6-641C-9349-9675-A249167D6D20}
		{5A3F9013-48B8-764C-BE8D-049FA4465C49} = {5A3F9013-48B8-764C-BE8D-049FA4465C49}
		{4357CA5A-DC4A-1C45-BB59-A27C2482ABF7} = {4357CA5A-DC4A-1C45-BB59-A27C2482ABF7}
		{6DCAACBD-E70F-824E-8528-61E0376F173C} = {6DCAACBD-E70F-824E-8528-61E0376F173C}
	EndProjectSection
EndProject
Project("{8BC9CEB8-8B4A-11D0-8D11-00A0C91BC942}") = "App_Raytracer", "App_Raytracer.vcxproj", "{FBD78D7D-5156-0241-B5F9-47988519941E}"
	ProjectSection(ProjectDependencies) = postProject
		{A46068B6-641C-9349-9675-A249167D6D20} = {A46068B6-641C-9349-9675-A249167D6D20}
		{5A3F9013-48B8-764C-BE8D-049FA4465C49} = {5A3F9013-48B8-764C-BE8D-049FA4465C49}
		{4357CA5A-DC4A-1C45-BB59-A27C2482ABF7} = {4357CA5A-DC4A-1C45-BB59-A27C2482ABF7}
		{6DCAACBD-E70F-824E-8528-61E0376F173C} = {6DCAACBD-E70F-824E-8528-61E0376F173C}
	EndProjectSection
EndProject
Project("{8BC9CEB8-8B4A-11D0-8D11-00A0C91BC942}") = "App_SimplexDemo", "App_SimplexDemo.vcxproj", "{6EF38534-6502-8A4A-B661-59E820786173}"
	ProjectSection(ProjectDependencies) = postProject
		{A46068B6-641C-9349-9675-A249167D6D20} = {A46068B6-641C-9349-9675-A249167D6D20}
		{5A3F9013-48B8-764C-BE8D-049FA4465C49} = {5A3F9013-48B8-764C-BE8D-049FA4465C49}
		{4357CA5A-DC4A-1C45-BB59-A27C2482ABF7} = {4357CA5A-DC4A-1C45-BB59-A27C2482ABF7}
		{6DCAACBD-E70F-824E-8528-61E0376F173C} = {6DCAACBD-E70F-824E-8528-61E0376F173C}
	EndProjectSection
EndProject
Project("{8BC9CEB8-8B4A-11D0-8D11-00A0C91BC942}") = "App_SliderConstraintDemo", "App_SliderConstraintDemo.vcxproj", "{772172E7-C9B8-DF4D-BB73-F1743CC2B324}"
	ProjectSection(ProjectDependencies) = postProject
		{A46068B6-641C-9349-9675-A249167D6D20} = {A46068B6-641C-9349-9675-A249167D6D20}
		{5A3F9013-48B8-764C-BE8D-049FA4465C49} = {5A3F9013-48B8-764C-BE8D-049FA4465C49}
		{4357CA5A-DC4A-1C45-BB59-A27C2482ABF7} = {4357CA5A-DC4A-1C45-BB59-A27C2482ABF7}
		{6DCAACBD-E70F-824E-8528-61E0376F173C} = {6DCAACBD-E70F-824E-8528-61E0376F173C}
	EndProjectSection
EndProject
Project("{8BC9CEB8-8B4A-11D0-8D11-00A0C91BC942}") = "App_TerrainDemo", "App_TerrainDemo.vcxproj", "{F3128A07-7E80-5943-8832-0C6D4C5E1F6D}"
	ProjectSection(ProjectDependencies) = postProject
		{A46068B6-641C-9349-9675-A249167D6D20} = {A46068B6-641C-9349-9675-A249167D6D20}
		{5A3F9013-48B8-764C-BE8D-049FA4465C49} = {5A3F9013-48B8-764C-BE8D-049FA4465C49}
		{4357CA5A-DC4A-1C45-BB59-A27C2482ABF7} = {4357CA5A-DC4A-1C45-BB59-A27C2482ABF7}
		{6DCAACBD-E70F-824E-8528-61E0376F173C} = {6DCAACBD-E70F-824E-8528-61E0376F173C}
	EndProjectSection
EndProject
Project("{8BC9CEB8-8B4A-11D0-8D11-00A0C91BC942}") = "App_UserCollisionAlgorithm", "App_UserCollisionAlgorithm.vcxproj", "{220015D2-EB2A-E542-8A2B-61652DBD69C7}"
	ProjectSection(ProjectDependencies) = postProject
		{A46068B6-641C-9349-9675-A249167D6D20} = {A46068B6-641C-9349-9675-A249167D6D20}
		{5A3F9013-48B8-764C-BE8D-049FA4465C49} = {5A3F9013-48B8-764C-BE8D-049FA4465C49}
		{4357CA5A-DC4A-1C45-BB59-A27C2482ABF7} = {4357CA5A-DC4A-1C45-BB59-A27C2482ABF7}
		{6DCAACBD-E70F-824E-8528-61E0376F173C} = {6DCAACBD-E70F-824E-8528-61E0376F173C}
	EndProjectSection
EndProject
Project("{8BC9CEB8-8B4A-11D0-8D11-00A0C91BC942}") = "App_VehicleDemo", "App_VehicleDemo.vcxproj", "{B1FE3398-5EF2-1744-A4C1-74556FB71CA8}"
	ProjectSection(ProjectDependencies) = postProject
		{A46068B6-641C-9349-9675-A249167D6D20} = {A46068B6-641C-9349-9675-A249167D6D20}
		{5A3F9013-48B8-764C-BE8D-049FA4465C49} = {5A3F9013-48B8-764C-BE8D-049FA4465C49}
		{4357CA5A-DC4A-1C45-BB59-A27C2482ABF7} = {4357CA5A-DC4A-1C45-BB59-A27C2482ABF7}
		{6DCAACBD-E70F-824E-8528-61E0376F173C} = {6DCAACBD-E70F-824E-8528-61E0376F173C}
	EndProjectSection
EndProject
Project("{8BC9CEB8-8B4A-11D0-8D11-00A0C91BC942}") = "App_VoronoiFractureDemo", "App_VoronoiFractureDemo.vcxproj", "{0BCEA3A9-19FD-804A-AF8C-E32923FC88D4}"
	ProjectSection(ProjectDependencies) = postProject
		{A46068B6-641C-9349-9675-A249167D6D20} = {A46068B6-641C-9349-9675-A249167D6D20}
		{5A3F9013-48B8-764C-BE8D-049FA4465C49} = {5A3F9013-48B8-764C-BE8D-049FA4465C49}
		{4357CA5A-DC4A-1C45-BB59-A27C2482ABF7} = {4357CA5A-DC4A-1C45-BB59-A27C2482ABF7}
		{6DCAACBD-E70F-824E-8528-61E0376F173C} = {6DCAACBD-E70F-824E-8528-61E0376F173C}
	EndProjectSection
EndProject
Project("{8BC9CEB8-8B4A-11D0-8D11-00A0C91BC942}") = "App_ConvexDecompositionDemo", "App_ConvexDecompositionDemo.vcxproj", "{614CD9BB-9F0F-B544-8B82-AC0E47F82E59}"
	ProjectSection(ProjectDependencies) = postProject
		{A46068B6-641C-9349-9675-A249167D6D20} = {A46068B6-641C-9349-9675-A249167D6D20}
		{5A3F9013-48B8-764C-BE8D-049FA4465C49} = {5A3F9013-48B8-764C-BE8D-049FA4465C49}
		{4357CA5A-DC4A-1C45-BB59-A27C2482ABF7} = {4357CA5A-DC4A-1C45-BB59-A27C2482ABF7}
		{6DCAACBD-E70F-824E-8528-61E0376F173C} = {6DCAACBD-E70F-824E-8528-61E0376F173C}
		{85EC21A4-EDD2-3646-817B-E5122BE23592} = {85EC21A4-EDD2-3646-817B-E5122BE23592}
		{19AAD788-96FB-3E4A-942F-8B257B7458E2} = {19AAD788-96FB-3E4A-942F-8B257B7458E2}
	EndProjectSection
EndProject
Project("{8BC9CEB8-8B4A-11D0-8D11-00A0C91BC942}") = "App_SoftDemo", "App_SoftDemo.vcxproj", "{0C5A5B41-2EC3-5842-8CB9-4C120E814994}"
	ProjectSection(ProjectDependencies) = postProject
		{A46068B6-641C-9349-9675-A249167D6D20} = {A46068B6-641C-9349-9675-A249167D6D20}
		{5A3F9013-48B8-764C-BE8D-049FA4465C49} = {5A3F9013-48B8-764C-BE8D-049FA4465C49}
		{4357CA5A-DC4A-1C45-BB59-A27C2482ABF7} = {4357CA5A-DC4A-1C45-BB59-A27C2482ABF7}
		{6DCAACBD-E70F-824E-8528-61E0376F173C} = {6DCAACBD-E70F-824E-8528-61E0376F173C}
		{87307FCD-4309-464D-ABFA-A54D05F0E36E} = {87307FCD-4309-464D-ABFA-A54D05F0E36E}
	EndProjectSection
EndProject
Project("{8BC9CEB8-8B4A-11D0-8D11-00A0C91BC942}") = "App_SerializeDemo", "App_SerializeDemo.vcxproj", "{72A39D98-1B34-4543-9821-18FB04FFF65F}"
	ProjectSection(ProjectDependencies) = postProject
		{A46068B6-641C-9349-9675-A249167D6D20} = {A46068B6-641C-9349-9675-A249167D6D20}
		{5A3F9013-48B8-764C-BE8D-049FA4465C49} = {5A3F9013-48B8-764C-BE8D-049FA4465C49}
		{4357CA5A-DC4A-1C45-BB59-A27C2482ABF7} = {4357CA5A-DC4A-1C45-BB59-A27C2482ABF7}
		{6DCAACBD-E70F-824E-8528-61E0376F173C} = {6DCAACBD-E70F-824E-8528-61E0376F173C}
		{87307FCD-4309-464D-ABFA-A54D05F0E36E} = {87307FCD-4309-464D-ABFA-A54D05F0E36E}
		{6B60B7CD-2632-124D-A282-7F5E00488906} = {6B60B7CD-2632-124D-A282-7F5E00488906}
		{31A7F024-AB2B-2442-909A-E4F047B8B56D} = {31A7F024-AB2B-2442-909A-E4F047B8B56D}
	EndProjectSection
EndProject
Project("{8BC9CEB8-8B4A-11D0-8D11-00A0C91BC942}") = "OpenGLSupport", "OpenGLSupport.vcxproj", "{A46068B6-641C-9349-9675-A249167D6D20}"
EndProject
Project("{8BC9CEB8-8B4A-11D0-8D11-00A0C91BC942}") = "HACD", "HACD.vcxproj", "{85EC21A4-EDD2-3646-817B-E5122BE23592}"
EndProject
Project("{8BC9CEB8-8B4A-11D0-8D11-00A0C91BC942}") = "ConvexDecomposition", "ConvexDecomposition.vcxproj", "{19AAD788-96FB-3E4A-942F-8B257B7458E2}"
EndProject
Project("{8BC9CEB8-8B4A-11D0-8D11-00A0C91BC942}") = "BulletFileLoader", "BulletFileLoader.vcxproj", "{6B60B7CD-2632-124D-A282-7F5E00488906}"
EndProject
Project("{8BC9CEB8-8B4A-11D0-8D11-00A0C91BC942}") = "BulletWorldImporter", "BulletWorldImporter.vcxproj", "{31A7F024-AB2B-2442-909A-E4F047B8B56D}"
EndProject
Project("{8BC9CEB8-8B4A-11D0-8D11-00A0C91BC942}") = "LinearMath", "LinearMath.vcxproj", "{5A3F9013-48B8-764C-BE8D-049FA4465C49}"
EndProject
Project("{8BC9CEB8-8B4A-11D0-8D11-00A0C91BC942}") = "BulletCollision", "BulletCollision.vcxproj", "{4357CA5A-DC4A-1C45-BB59-A27C2482ABF7}"
EndProject
Project("{8BC9CEB8-8B4A-11D0-8D11-00A0C91BC942}") = "BulletDynamics", "BulletDynamics.vcxproj", "{6DCAACBD-E70F-824E-8528-61E0376F173C}"
EndProject
Project("{8BC9CEB8-8B4A-11D0-8D11-00A0C91BC942}") = "BulletSoftBody", "BulletSoftBody.vcxproj", "{87307FCD-4309-464D-ABFA-A54D05F0E36E}"
EndProject
Global
	GlobalSection(SolutionConfigurationPlatforms) = preSolution
		Release|Win32 = Release|Win32
		Release|x64 = Release|x64
		Debug|Win32 = Debug|Win32
		Debug|x64 = Debug|x64
	EndGlobalSection
	GlobalSection(ProjectConfigurationPlatforms) = postSolution
		{C8D79E99-62D6-6D4D-A561-3736850D97DD}.Release|Win32.ActiveCfg = Release|Win32
		{C8D79E99-62D6-6D4D-A561-3736850D97DD}.Release|Win32.Build.0 = Release|Win32
		{C8D79E99-62D6-6D4D-A561-3736850D97DD}.Release|x64.ActiveCfg = Release|x64
		{C8D79E99-62D6-6D4D-A561-3736850D97DD}.Release|x64.Build.0 = Release|x64
		{C8D79E99-62D6-6D4D-A561-3736850D97DD}.Debug|Win32.ActiveCfg = Debug|Win32
		{C8D79E99-62D6-6D4D-A561-3736850D97DD}.Debug|Win32.Build.0 = Debug|Win32
		{C8D79E99-62D6-6D4D-A561-3736850D97DD}.Debug|x64.ActiveCfg = Debug|x64
		{C8D79E99-62D6-6D4D-A561-3736850D97DD}.Debug|x64.Build.0 = Debug|x64
		{46A5A5C8-AD7E-9F4C-9AE8-D13F819E0034}.Release|Win32.ActiveCfg = Release|Win32
		{46A5A5C8-AD7E-9F4C-9AE8-D13F819E0034}.Release|Win32.Build.0 = Release|Win32
		{46A5A5C8-AD7E-9F4C-9AE8-D13F819E0034}.Release|x64.ActiveCfg = Release|x64
		{46A5A5C8-AD7E-9F4C-9AE8-D13F819E0034}.Release|x64.Build.0 = Release|x64
		{46A5A5C8-AD7E-9F4C-9AE8-D13F819E0034}.Debug|Win32.ActiveCfg = Debug|Win32
		{46A5A5C8-AD7E-9F4C-9AE8-D13F819E0034}.Debug|Win32.Build.0 = Debug|Win32
		{46A5A5C8-AD7E-9F4C-9AE8-D13F819E0034}.Debug|x64.ActiveCfg = Debug|x64
		{46A5A5C8-AD7E-9F4C-9AE8-D13F819E0034}.Debug|x64.Build.0 = Debug|x64
		{4321DBA8-99B5-2F4F-947C-5D9D0925A890}.Release|Win32.ActiveCfg = Release|Win32
		{4321DBA8-99B5-2F4F-947C-5D9D0925A890}.Release|Win32.Build.0 = Release|Win32
		{4321DBA8-99B5-2F4F-947C-5D9D0925A890}.Release|x64.ActiveCfg = Release|x64
		{4321DBA8-99B5-2F4F-947C-5D9D0925A890}.Release|x64.Build.0 = Release|x64
		{4321DBA8-99B5-2F4F-947C-5D9D0925A890}.Debug|Win32.ActiveCfg = Debug|Win32
		{4321DBA8-99B5-2F4F-947C-5D9D0925A890}.Debug|Win32.Build.0 = Debug|Win32
		{4321DBA8-99B5-2F4F-947C-5D9D0925A890}.Debug|x64.ActiveCfg = Debug|x64
		{4321DBA8-99B5-2F4F-947C-5D9D0925A890}.Debug|x64.Build.0 = Debug|x64
		{D5D36519-4A56-C14F-BF1F-77F0E610B9EC}.Release|Win32.ActiveCfg = Release|Win32
		{D5D36519-4A56-C14F-BF1F-77F0E610B9EC}.Release|Win32.Build.0 = Release|Win32
		{D5D36519-4A56-C14F-BF1F-77F0E610B9EC}.Release|x64.ActiveCfg = Release|x64
		{D5D36519-4A56-C14F-BF1F-77F0E610B9EC}.Release|x64.Build.0 = Release|x64
		{D5D36519-4A56-C14F-BF1F-77F0E610B9EC}.Debug|Win32.ActiveCfg = Debug|Win32
		{D5D36519-4A56-C14F-BF1F-77F0E610B9EC}.Debug|Win32.Build.0 = Debug|Win32
		{D5D36519-4A56-C14F-BF1F-77F0E610B9EC}.Debug|x64.ActiveCfg = Debug|x64
		{D5D36519-4A56-C14F-BF1F-77F0E610B9EC}.Debug|x64.Build.0 = Debug|x64
		{05DD2DD7-D5FA-6D4F-854E-9516E12209CF}.Release|Win32.ActiveCfg = Release|Win32
		{05DD2DD7-D5FA-6D4F-854E-9516E12209CF}.Release|Win32.Build.0 = Release|Win32
		{05DD2DD7-D5FA-6D4F-854E-9516E12209CF}.Release|x64.ActiveCfg = Release|x64
		{05DD2DD7-D5FA-6D4F-854E-9516E12209CF}.Release|x64.Build.0 = Release|x64
		{05DD2DD7-D5FA-6D4F-854E-9516E12209CF}.Debug|Win32.ActiveCfg = Debug|Win32
		{05DD2DD7-D5FA-6D4F-854E-9516E12209CF}.Debug|Win32.Build.0 = Debug|Win32
		{05DD2DD7-D5FA-6D4F-854E-9516E12209CF}.Debug|x64.ActiveCfg = Debug|x64
		{05DD2DD7-D5FA-6D4F-854E-9516E12209CF}.Debug|x64.Build.0 = Debug|x64
		{F3369DA0-489F-2640-BBAB-AE6AD9101FA5}.Release|Win32.ActiveCfg = Release|Win32
		{F3369DA0-489F-2640-BBAB-AE6AD9101FA5}.Release|Win32.Build.0 = Release|Win32
		{F3369DA0-489F-2640-BBAB-AE6AD9101FA5}.Release|x64.ActiveCfg = Release|x64
		{F3369DA0-489F-2640-BBAB-AE6AD9101FA5}.Release|x64.Build.0 = Release|x64
		{F3369DA0-489F-2640-BBAB-AE6AD9101FA5}.Debug|Win32.ActiveCfg = Debug|Win32
		{F3369DA0-489F-2640-BBAB-AE6AD9101FA5}.Debug|Win32.Build.0 = Debug|Win32
		{F3369DA0-489F-2640-BBAB-AE6AD9101FA5}.Debug|x64.ActiveCfg = Debug|x64
		{F3369DA0-489F-2640-BBAB-AE6AD9101FA5}.Debug|x64.Build.0 = Debug|x64
		{5F84FF88-3E7A-3C4E-A7E3-38DF3E8EB9EC}.Release|Win32.ActiveCfg = Release|Win32
		{5F84FF88-3E7A-3C4E-A7E3-38DF3E8EB9EC}.Release|Win32.Build.0 = Release|Win32
		{5F84FF88-3E7A-3C4E-A7E3-38DF3E8EB9EC}.Release|x64.ActiveCfg = Release|x64
		{5F84FF88-3E7A-3C4E-A7E3-38DF3E8EB9EC}.Release|x64.Build.0 = Release|x64
		{5F84FF88-3E7A-3C4E-A7E3-38DF3E8EB9EC}.Debug|Win32.ActiveCfg = Debug|Win32
		{5F84FF88-3E7A-3C4E-A7E3-38DF3E8EB9EC}.Debug|Win32.Build.0 = Debug|Win32
		{5F84FF88-3E7A-3C4E-A7E3-38DF3E8EB9EC}.Debug|x64.ActiveCfg = Debug|x64
		{5F84FF88-3E7A-3C4E-A7E3-38DF3E8EB9EC}.Debug|x64.Build.0 = Debug|x64
		{9564CC43-B54D-594E-BA77-87F9A01DB2DB}.Release|Win32.ActiveCfg = Release|Win32
		{9564CC43-B54D-594E-BA77-87F9A01DB2DB}.Release|Win32.Build.0 = Release|Win32
		{9564CC43-B54D-594E-BA77-87F9A01DB2DB}.Release|x64.ActiveCfg = Release|x64
		{9564CC43-B54D-594E-BA77-87F9A01DB2DB}.Release|x64.Build.0 = Release|x64
		{9564CC43-B54D-594E-BA77-87F9A01DB2DB}.Debug|Win32.ActiveCfg = Debug|Win32
		{9564CC43-B54D-594E-BA77-87F9A01DB2DB}.Debug|Win32.Build.0 = Debug|Win32
		{9564CC43-B54D-594E-BA77-87F9A01DB2DB}.Debug|x64.ActiveCfg = Debug|x64
		{9564CC43-B54D-594E-BA77-87F9A01DB2DB}.Debug|x64.Build.0 = Debug|x64
		{7D782201-A73C-774A-BF52-AB4C86F9134C}.Release|Win32.ActiveCfg = Release|Win32
		{7D782201-A73C-774A-BF52-AB4C86F9134C}.Release|Win32.Build.0 = Release|Win32
		{7D782201-A73C-774A-BF52-AB4C86F9134C}.Release|x64.ActiveCfg = Release|x64
		{7D782201-A73C-774A-BF52-AB4C86F9134C}.Release|x64.Build.0 = Release|x64
		{7D782201-A73C-774A-BF52-AB4C86F9134C}.Debug|Win32.ActiveCfg = Debug|Win32
		{7D782201-A73C-774A-BF52-AB4C86F9134C}.Debug|Win32.Build.0 = Debug|Win32
		{7D782201-A73C-774A-BF52-AB4C86F9134C}.Debug|x64.ActiveCfg = Debug|x64
		{7D782201-A73C-774A-BF52-AB4C86F9134C}.Debug|x64.Build.0 = Debug|x64
		{47EA22B2-F397-4948-97A4-DFD69D9D57F6}.Release|Win32.ActiveCfg = Release|Win32
		{47EA22B2-F397-4948-97A4-DFD69D9D57F6}.Release|Win32.Build.0 = Release|Win32
		{47EA22B2-F397-4948-97A4-DFD69D9D57F6}.Release|x64.ActiveCfg = Release|x64
		{47EA22B2-F397-4948-97A4-DFD69D9D57F6}.Release|x64.Build.0 = Release|x64
		{47EA22B2-F397-4948-97A4-DFD69D9D57F6}.Debug|Win32.ActiveCfg = Debug|Win32
		{47EA22B2-F397-4948-97A4-DFD69D9D57F6}.Debug|Win32.Build.0 = Debug|Win32
		{47EA22B2-F397-4948-97A4-DFD69D9D57F6}.Debug|x64.ActiveCfg = Debug|x64
		{47EA22B2-F397-4948-97A4-DFD69D9D57F6}.Debug|x64.Build.0 = Debug|x64
		{1F82C048-9CEF-4D4D-BC61-98DBA410E6C8}.Release|Win32.ActiveCfg = Release|Win32
		{1F82C048-9CEF-4D4D-BC61-98DBA410E6C8}.Release|Win32.Build.0 = Release|Win32
		{1F82C048-9CEF-4D4D-BC61-98DBA410E6C8}.Release|x64.ActiveCfg = Release|x64
		{1F82C048-9CEF-4D4D-BC61-98DBA410E6C8}.Release|x64.Build.0 = Release|x64
		{1F82C048-9CEF-4D4D-BC61-98DBA410E6C8}.Debug|Win32.ActiveCfg = Debug|Win32
		{1F82C048-9CEF-4D4D-BC61-98DBA410E6C8}.Debug|Win32.Build.0 = Debug|Win32
		{1F82C048-9CEF-4D4D-BC61-98DBA410E6C8}.Debug|x64.ActiveCfg = Debug|x64
		{1F82C048-9CEF-4D4D-BC61-98DBA410E6C8}.Debug|x64.Build.0 = Debug|x64
		{997A443F-C3ED-114A-A78E-E6FBE4D3BF9F}.Release|Win32.ActiveCfg = Release|Win32
		{997A443F-C3ED-114A-A78E-E6FBE4D3BF9F}.Release|Win32.Build.0 = Release|Win32
		{997A443F-C3ED-114A-A78E-E6FBE4D3BF9F}.Release|x64.ActiveCfg = Release|x64
		{997A443F-C3ED-114A-A78E-E6FBE4D3BF9F}.Release|x64.Build.0 = Release|x64
		{997A443F-C3ED-114A-A78E-E6FBE4D3BF9F}.Debug|Win32.ActiveCfg = Debug|Win32
		{997A443F-C3ED-114A-A78E-E6FBE4D3BF9F}.Debug|Win32.Build.0 = Debug|Win32
		{997A443F-C3ED-114A-A78E-E6FBE4D3BF9F}.Debug|x64.ActiveCfg = Debug|x64
		{997A443F-C3ED-114A-A78E-E6FBE4D3BF9F}.Debug|x64.Build.0 = Debug|x64
		{D8E3C959-B4CE-1242-BC68-255CEB3BCD86}.Release|Win32.ActiveCfg = Release|Win32
		{D8E3C959-B4CE-1242-BC68-255CEB3BCD86}.Release|Win32.Build.0 = Release|Win32
		{D8E3C959-B4CE-1242-BC68-255CEB3BCD86}.Release|x64.ActiveCfg = Release|x64
		{D8E3C959-B4CE-1242-BC68-255CEB3BCD86}.Release|x64.Build.0 = Release|x64
		{D8E3C959-B4CE-1242-BC68-255CEB3BCD86}.Debug|Win32.ActiveCfg = Debug|Win32
		{D8E3C959-B4CE-1242-BC68-255CEB3BCD86}.Debug|Win32.Build.0 = Debug|Win32
		{D8E3C959-B4CE-1242-BC68-255CEB3BCD86}.Debug|x64.ActiveCfg = Debug|x64
		{D8E3C959-B4CE-1242-BC68-255CEB3BCD86}.Debug|x64.Build.0 = Debug|x64
		{2DAFCFA2-9FED-7E4D-B437-8B042DF3C06D}.Release|Win32.ActiveCfg = Release|Win32
		{2DAFCFA2-9FED-7E4D-B437-8B042DF3C06D}.Release|Win32.Build.0 = Release|Win32
		{2DAFCFA2-9FED-7E4D-B437-8B042DF3C06D}.Release|x64.ActiveCfg = Release|x64
		{2DAFCFA2-9FED-7E4D-B437-8B042DF3C06D}.Release|x64.Build.0 = Release|x64
		{2DAFCFA2-9FED-7E4D-B437-8B042DF3C06D}.Debug|Win32.ActiveCfg = Debug|Win32
		{2DAFCFA2-9FED-7E4D-B437-8B042DF3C06D}.Debug|Win32.Build.0 = Debug|Win32
		{2DAFCFA2-9FED-7E4D-B437-8B042DF3C06D}.Debug|x64.ActiveCfg = Debug|x64
		{2DAFCFA2-9FED-7E4D-B437-8B042DF3C06D}.Debug|x64.Build.0 = Debug|x64
		{13874DEA-18DC-1042-87AD-556FF7E72883}.Release|Win32.ActiveCfg = Release|Win32
		{13874DEA-18DC-1042-87AD-556FF7E72883}.Release|Win32.Build.0 = Release|Win32
		{13874DEA-18DC-1042-87AD-556FF7E72883}.Release|x64.ActiveCfg = Release|x64
		{13874DEA-18DC-1042-87AD-556FF7E72883}.Release|x64.Build.0 = Release|x64
		{13874DEA-18DC-1042-87AD-556FF7E72883}.Debug|Win32.ActiveCfg = Debug|Win32
		{13874DEA-18DC-1042-87AD-556FF7E72883}.Debug|Win32.Build.0 = Debug|Win32
		{13874DEA-18DC-1042-87AD-556FF7E72883}.Debug|x64.ActiveCfg = Debug|x64
		{13874DEA-18DC-1042-87AD-556FF7E72883}.Debug|x64.Build.0 = Debug|x64
		{2BBF773D-A6EF-3D47-9761-8FE16C02FF28}.Release|Win32.ActiveCfg = Release|Win32
		{2BBF773D-A6EF-3D47-9761-8FE16C02FF28}.Release|Win32.Build.0 = Release|Win32
		{2BBF773D-A6EF-3D47-9761-8FE16C02FF28}.Release|x64.ActiveCfg = Release|x64
		{2BBF773D-A6EF-3D47-9761-8FE16C02FF28}.Release|x64.Build.0 = Release|x64
		{2BBF773D-A6EF-3D47-9761-8FE16C02FF28}.Debug|Win32.ActiveCfg = Debug|Win32
		{2BBF773D-A6EF-3D47-9761-8FE16C02FF28}.Debug|Win32.Build.0 = Debug|Win32
		{2BBF773D-A6EF-3D47-9761-8FE16C02FF28}.Debug|x64.ActiveCfg = Debug|x64
		{2BBF773D-A6EF-3D47-9761-8FE16C02FF28}.Debug|x64.Build.0 = Debug|x64
		{9CAA582E-C733-9149-A73E-46C00DFC8941}.Release|Win32.ActiveCfg = Release|Win32
		{9CAA582E-C733-9149-A73E-46C00DFC8941}.Release|Win32.Build.0 = Release|Win32
		{9CAA582E-C733-9149-A73E-46C00DFC8941}.Release|x64.ActiveCfg = Release|x64
		{9CAA582E-C733-9149-A73E-46C00DFC8941}.Release|x64.Build.0 = Release|x64
		{9CAA582E-C733-9149-A73E-46C00DFC8941}.Debug|Win32.ActiveCfg = Debug|Win32
		{9CAA582E-C733-9149-A73E-46C00DFC8941}.Debug|Win32.Build.0 = Debug|Win32
		{9CAA582E-C733-9149-A73E-46C00DFC8941}.Debug|x64.ActiveCfg = Debug|x64
		{9CAA582E-C733-9149-A73E-46C00DFC8941}.Debug|x64.Build.0 = Debug|x64
		{A2D47FB6-A6A2-B54A-AEFF-4EE8EC4F61F0}.Release|Win32.ActiveCfg = Release|Win32
		{A2D47FB6-A6A2-B54A-AEFF-4EE8EC4F61F0}.Release|Win32.Build.0 = Release|Win32
		{A2D47FB6-A6A2-B54A-AEFF-4EE8EC4F61F0}.Release|x64.ActiveCfg = Release|x64
		{A2D47FB6-A6A2-B54A-AEFF-4EE8EC4F61F0}.Release|x64.Build.0 = Release|x64
		{A2D47FB6-A6A2-B54A-AEFF-4EE8EC4F61F0}.Debug|Win32.ActiveCfg = Debug|Win32
		{A2D47FB6-A6A2-B54A-AEFF-4EE8EC4F61F0}.Debug|Win32.Build.0 = Debug|Win32
		{A2D47FB6-A6A2-B54A-AEFF-4EE8EC4F61F0}.Debug|x64.ActiveCfg = Debug|x64
		{A2D47FB6-A6A2-B54A-AEFF-4EE8EC4F61F0}.Debug|x64.Build.0 = Debug|x64
		{8C71FA24-27AF-814B-9CD3-D7B7B698E560}.Release|Win32.ActiveCfg = Release|Win32
		{8C71FA24-27AF-814B-9CD3-D7B7B698E560}.Release|Win32.Build.0 = Release|Win32
		{8C71FA24-27AF-814B-9CD3-D7B7B698E560}.Release|x64.ActiveCfg = Release|x64
		{8C71FA24-27AF-814B-9CD3-D7B7B698E560}.Release|x64.Build.0 = Release|x64
		{8C71FA24-27AF-814B-9CD3-D7B7B698E560}.Debug|Win32.ActiveCfg = Debug|Win32
		{8C71FA24-27AF-814B-9CD3-D7B7B698E560}.Debug|Win32.Build.0 = Debug|Win32
		{8C71FA24-27AF-814B-9CD3-D7B7B698E560}.Debug|x64.ActiveCfg = Debug|x64
		{8C71FA24-27AF-814B-9CD3-D7B7B698E560}.Debug|x64.Build.0 = Debug|x64
		{DBF1C719-5CE2-7647-87EF-0D778D625583}.Release|Win32.ActiveCfg = Release|Win32
		{DBF1C719-5CE2-7647-87EF-0D778D625583}.Release|Win32.Build.0 = Release|Win32
		{DBF1C719-5CE2-7647-87EF-0D778D625583}.Release|x64.ActiveCfg = Release|x64
		{DBF1C719-5CE2-7647-87EF-0D778D625583}.Release|x64.Build.0 = Release|x64
		{DBF1C719-5CE2-7647-87EF-0D778D625583}.Debug|Win32.ActiveCfg = Debug|Win32
		{DBF1C719-5CE2-7647-87EF-0D778D625583}.Debug|Win32.Build.0 = Debug|Win32
		{DBF1C719-5CE2-7647-87EF-0D778D625583}.Debug|x64.ActiveCfg = Debug|x64
		{DBF1C719-5CE2-7647-87EF-0D778D625583}.Debug|x64.Build.0 = Debug|x64
		{2CDC7836-E6E7-CF42-B8AE-02356F788929}.Release|Win32.ActiveCfg = Release|Win32
		{2CDC7836-E6E7-CF42-B8AE-02356F788929}.Release|Win32.Build.0 = Release|Win32
		{2CDC7836-E6E7-CF42-B8AE-02356F788929}.Release|x64.ActiveCfg = Release|x64
		{2CDC7836-E6E7-CF42-B8AE-02356F788929}.Release|x64.Build.0 = Release|x64
		{2CDC7836-E6E7-CF42-B8AE-02356F788929}.Debug|Win32.ActiveCfg = Debug|Win32
		{2CDC7836-E6E7-CF42-B8AE-02356F788929}.Debug|Win32.Build.0 = Debug|Win32
		{2CDC7836-E6E7-CF42-B8AE-02356F788929}.Debug|x64.ActiveCfg = Debug|x64
		{2CDC7836-E6E7-CF42-B8AE-02356F788929}.Debug|x64.Build.0 = Debug|x64
		{67F9B9B1-ECF3-2D4A-A66D-54331BFC9DD4}.Release|Win32.ActiveCfg = Release|Win32
		{67F9B9B1-ECF3-2D4A-A66D-54331BFC9DD4}.Release|Win32.Build.0 = Release|Win32
		{67F9B9B1-ECF3-2D4A-A66D-54331BFC9DD4}.Release|x64.ActiveCfg = Release|x64
		{67F9B9B1-ECF3-2D4A-A66D-54331BFC9DD4}.Release|x64.Build.0 = Release|x64
		{67F9B9B1-ECF3-2D4A-A66D-54331BFC9DD4}.Debug|Win32.ActiveCfg = Debug|Win32
		{67F9B9B1-ECF3-2D4A-A66D-54331BFC9DD4}.Debug|Win32.Build.0 = Debug|Win32
		{67F9B9B1-ECF3-2D4A-A66D-54331BFC9DD4}.Debug|x64.ActiveCfg = Debug|x64
		{67F9B9B1-ECF3-2D4A-A66D-54331BFC9DD4}.Debug|x64.Build.0 = Debug|x64
		{4B7381D9-A92D-734C-A268-0FDF9B7899B5}.Release|Win32.ActiveCfg = Release|Win32
		{4B7381D9-A92D-734C-A268-0FDF9B7899B5}.Release|Win32.Build.0 = Release|Win32
		{4B7381D9-A92D-734C-A268-0FDF9B7899B5}.Release|x64.ActiveCfg = Release|x64
		{4B7381D9-A92D-734C-A268-0FDF9B7899B5}.Release|x64.Build.0 = Release|x64
		{4B7381D9-A92D-734C-A268-0FDF9B7899B5}.Debug|Win32.ActiveCfg = Debug|Win32
		{4B7381D9-A92D-734C-A268-0FDF9B7899B5}.Debug|Win32.Build.0 = Debug|Win32
		{4B7381D9-A92D-734C-A268-0FDF9B7899B5}.Debug|x64.ActiveCfg = Debug|x64
		{4B7381D9-A92D-734C-A268-0FDF9B7899B5}.Debug|x64.Build.0 = Debug|x64
		{DC5282BC-18C2-FE46-A706-CCD038BB3E87}.Release|Win32.ActiveCfg = Release|Win32
		{DC5282BC-18C2-FE46-A706-CCD038BB3E87}.Release|Win32.Build.0 = Release|Win32
		{DC5282BC-18C2-FE46-A706-CCD038BB3E87}.Release|x64.ActiveCfg = Release|x64
		{DC5282BC-18C2-FE46-A706-CCD038BB3E87}.Release|x64.Build.0 = Release|x64
		{DC5282BC-18C2-FE46-A706-CCD038BB3E87}.Debug|Win32.ActiveCfg = Debug|Win32
		{DC5282BC-18C2-FE46-A706-CCD038BB3E87}.Debug|Win32.Build.0 = Debug|Win32
		{DC5282BC-18C2-FE46-A706-CCD038BB3E87}.Debug|x64.ActiveCfg = Debug|x64
		{DC5282BC-18C2-FE46-A706-CCD038BB3E87}.Debug|x64.Build.0 = Debug|x64
		{FBD78D7D-5156-0241-B5F9-47988519941E}.Release|Win32.ActiveCfg = Release|Win32
		{FBD78D7D-5156-0241-B5F9-47988519941E}.Release|Win32.Build.0 = Release|Win32
		{FBD78D7D-5156-0241-B5F9-47988519941E}.Release|x64.ActiveCfg = Release|x64
		{FBD78D7D-5156-0241-B5F9-47988519941E}.Release|x64.Build.0 = Release|x64
		{FBD78D7D-5156-0241-B5F9-47988519941E}.Debug|Win32.ActiveCfg = Debug|Win32
		{FBD78D7D-5156-0241-B5F9-47988519941E}.Debug|Win32.Build.0 = Debug|Win32
		{FBD78D7D-5156-0241-B5F9-47988519941E}.Debug|x64.ActiveCfg = Debug|x64
		{FBD78D7D-5156-0241-B5F9-47988519941E}.Debug|x64.Build.0 = Debug|x64
		{6EF38534-6502-8A4A-B661-59E820786173}.Release|Win32.ActiveCfg = Release|Win32
		{6EF38534-6502-8A4A-B661-59E820786173}.Release|Win32.Build.0 = Release|Win32
		{6EF38534-6502-8A4A-B661-59E820786173}.Release|x64.ActiveCfg = Release|x64
		{6EF38534-6502-8A4A-B661-59E820786173}.Release|x64.Build.0 = Release|x64
		{6EF38534-6502-8A4A-B661-59E820786173}.Debug|Win32.ActiveCfg = Debug|Win32
		{6EF38534-6502-8A4A-B661-59E820786173}.Debug|Win32.Build.0 = Debug|Win32
		{6EF38534-6502-8A4A-B661-59E820786173}.Debug|x64.ActiveCfg = Debug|x64
		{6EF38534-6502-8A4A-B661-59E820786173}.Debug|x64.Build.0 = Debug|x64
		{772172E7-C9B8-DF4D-BB73-F1743CC2B324}.Release|Win32.ActiveCfg = Release|Win32
		{772172E7-C9B8-DF4D-BB73-F1743CC2B324}.Release|Win32.Build.0 = Release|Win32
		{772172E7-C9B8-DF4D-BB73-F1743CC2B324}.Release|x64.ActiveCfg = Release|x64
		{772172E7-C9B8-DF4D-BB73-F1743CC2B324}.Release|x64.Build.0 = Release|x64
		{772172E7-C9B8-DF4D-BB73-F1743CC2B324}.Debug|Win32.ActiveCfg = Debug|Win32
		{772172E7-C9B8-DF4D-BB73-F1743CC2B324}.Debug|Win32.Build.0 = Debug|Win32
		{772172E7-C9B8-DF4D-BB73-F1743CC2B324}.Debug|x64.ActiveCfg = Debug|x64
		{772172E7-C9B8-DF4D-BB73-F1743CC2B324}.Debug|x64.Build.0 = Debug|x64
		{F3128A07-7E80-5943-8832-0C6D4C5E1F6D}.Release|Win32.ActiveCfg = Release|Win32
		{F3128A07-7E80-5943-8832-0C6D4C5E1F6D}.Release|Win32.Build.0 = Release|Win32
		{F3128A07-7E80-5943-8832-0C6D4C5E1F6D}.Release|x64.ActiveCfg = Release|x64
		{F3128A07-7E80-5943-8832-0C6D4C5E1F6D}.Release|x64.Build.0 = Release|x64
		{F3128A07-7E80-5943-8832-0C6D4C5E1F6D}.Debug|Win32.ActiveCfg = Debug|Win32
		{F3128A07-7E80-5943-8832-0C6D4C5E1F6D}.Debug|Win32.Build.0 = Debug|Win32
		{F3128A07-7E80-5943-8832-0C6D4C5E1F6D}.Debug|x64.ActiveCfg = Debug|x64
		{F3128A07-7E80-5943-8832-0C6D4C5E1F6D}.Debug|x64.Build.0 = Debug|x64
		{220015D2-EB2A-E542-8A2B-61652DBD69C7}.Release|Win32.ActiveCfg = Release|Win32
		{220015D2-EB2A-E542-8A2B-61652DBD69C7}.Release|Win32.Build.0 = Release|Win32
		{220015D2-EB2A-E542-8A2B-61652DBD69C7}.Release|x64.ActiveCfg = Release|x64
		{220015D2-EB2A-E542-8A2B-61652DBD69C7}.Release|x64.Build.0 = Release|x64
		{220015D2-EB2A-E542-8A2B-61652DBD69C7}.Debug|Win32.ActiveCfg = Debug|Win32
		{220015D2-EB2A-E542-8A2B-61652DBD69C7}.Debug|Win32.Build.0 = Debug|Win32
		{220015D2-EB2A-E542-8A2B-61652DBD69C7}.Debug|x64.ActiveCfg = Debug|x64
		{220015D2-EB2A-E542-8A2B-61652DBD69C7}.Debug|x64.Build.0 = Debug|x64
		{B1FE3398-5EF2-1744-A4C1-74556FB71CA8}.Release|Win32.ActiveCfg = Release|Win32
		{B1FE3398-5EF2-1744-A4C1-74556FB71CA8}.Release|Win32.Build.0 = Release|Win32
		{B1FE3398-5EF2-1744-A4C1-74556FB71CA8}.Release|x64.ActiveCfg = Release|x64
		{B1FE3398-5EF2-1744-A4C1-74556FB71CA8}.Release|x64.Build.0 = Release|x64
		{B1FE3398-5EF2-1744-A4C1-74556FB71CA8}.Debug|Win32.ActiveCfg = Debug|Win32
		{B1FE3398-5EF2-1744-A4C1-74556FB71CA8}.Debug|Win32.Build.0 = Debug|Win32
		{B1FE3398-5EF2-1744-A4C1-74556FB71CA8}.Debug|x64.ActiveCfg = Debug|x64
		{B1FE3398-5EF2-1744-A4C1-74556FB71CA8}.Debug|x64.Build.0 = Debug|x64
		{0BCEA3A9-19FD-804A-AF8C-E32923FC88D4}.Release|Win32.ActiveCfg = Release|Win32
		{0BCEA3A9-19FD-804A-AF8C-E32923FC88D4}.Release|Win32.Build.0 = Release|Win32
		{0BCEA3A9-19FD-804A-AF8C-E32923FC88D4}.Release|x64.ActiveCfg = Release|x64
		{0BCEA3A9-19FD-804A-AF8C-E32923FC88D4}.Release|x64.Build.0 = Release|x64
		{0BCEA3A9-19FD-804A-AF8C-E32923FC88D4}.Debug|Win32.ActiveCfg = Debug|Win32
		{0BCEA3A9-19FD-804A-AF8C-E32923FC88D4}.Debug|Win32.Build.0 = Debug|Win32
		{0BCEA3A9-19FD-804A-AF8C-E32923FC88D4}.Debug|x64.ActiveCfg = Debug|x64
		{0BCEA3A9-19FD-804A-AF8C-E32923FC88D4}.Debug|x64.Build.0 = Debug|x64
		{614CD9BB-9F0F-B544-8B82-AC0E47F82E59}.Release|Win32.ActiveCfg = Release|Win32
		{614CD9BB-9F0F-B544-8B82-AC0E47F82E59}.Release|Win32.Build.0 = Release|Win32
		{614CD9BB-9F0F-B544-8B82-AC0E47F82E59}.Release|x64.ActiveCfg = Release|x64
		{614CD9BB-9F0F-B544-8B82-AC0E47F82E59}.Release|x64.Build.0 = Release|x64
		{614CD9BB-9F0F-B544-8B82-AC0E47F82E59}.Debug|Win32.ActiveCfg = Debug|Win32
		{614CD9BB-9F0F-B544-8B82-AC0E47F82E59}.Debug|Win32.Build.0 = Debug|Win32
		{614CD9BB-9F0F-B544-8B82-AC0E47F82E59}.Debug|x64.ActiveCfg = Debug|x64
		{614CD9BB-9F0F-B544-8B82-AC0E47F82E59}.Debug|x64.Build.0 = Debug|x64
		{0C5A5B41-2EC3-5842-8CB9-4C120E814994}.Release|Win32.ActiveCfg = Release|Win32
		{0C5A5B41-2EC3-5842-8CB9-4C120E814994}.Release|Win32.Build.0 = Release|Win32
		{0C5A5B41-2EC3-5842-8CB9-4C120E814994}.Release|x64.ActiveCfg = Release|x64
		{0C5A5B41-2EC3-5842-8CB9-4C120E814994}.Release|x64.Build.0 = Release|x64
		{0C5A5B41-2EC3-5842-8CB9-4C120E814994}.Debug|Win32.ActiveCfg = Debug|Win32
		{0C5A5B41-2EC3-5842-8CB9-4C120E814994}.Debug|Win32.Build.0 = Debug|Win32
		{0C5A5B41-2EC3-5842-8CB9-4C120E814994}.Debug|x64.ActiveCfg = Debug|x64
		{0C5A5B41-2EC3-5842-8CB9-4C120E814994}.Debug|x64.Build.0 = Debug|x64
		{72A39D98-1B34-4543-9821-18FB04FFF65F}.Release|Win32.ActiveCfg = Release|Win32
		{72A39D98-1B34-4543-9821-18FB04FFF65F}.Release|Win32.Build.0 = Release|Win32
		{72A39D98-1B34-4543-9821-18FB04FFF65F}.Release|x64.ActiveCfg = Release|x64
		{72A39D98-1B34-4543-9821-18FB04FFF65F}.Release|x64.Build.0 = Release|x64
		{72A39D98-1B34-4543-9821-18FB04FFF65F}.Debug|Win32.ActiveCfg = Debug|Win32
		{72A39D98-1B34-4543-9821-18FB04FFF65F}.Debug|Win32.Build.0 = Debug|Win32
		{72A39D98-1B34-4543-9821-18FB04FFF65F}.Debug|x64.ActiveCfg = Debug|x64
		{72A39D98-1B34-4543-9821-18FB04FFF65F}.Debug|x64.Build.0 = Debug|x64
		{A46068B6-641C-9349-9675-A249167D6D20}.Release|Win32.ActiveCfg = Release|Win32
		{A46068B6-641C-9349-9675-A249167D6D20}.Release|Win32.Build.0 = Release|Win32
		{A46068B6-641C-9349-9675-A249167D6D20}.Release|x64.ActiveCfg = Release|x64
		{A46068B6-641C-9349-9675-A249167D6D20}.Release|x64.Build.0 = Release|x64
		{A46068B6-641C-9349-9675-A249167D6D20}.Debug|Win32.ActiveCfg = Debug|Win32
		{A46068B6-641C-9349-9675-A249167D6D20}.Debug|Win32.Build.0 = Debug|Win32
		{A46068B6-641C-9349-9675-A249167D6D20}.Debug|x64.ActiveCfg = Debug|x64
		{A46068B6-641C-9349-9675-A249167D6D20}.Debug|x64.Build.0 = Debug|x64
		{85EC21A4-EDD2-3646-817B-E5122BE23592}.Release|Win32.ActiveCfg = Release|Win32
		{85EC21A4-EDD2-3646-817B-E5122BE23592}.Release|Win32.Build.0 = Release|Win32
		{85EC21A4-EDD2-3646-817B-E5122BE23592}.Release|x64.ActiveCfg = Release|x64
		{85EC21A4-EDD2-3646-817B-E5122BE23592}.Release|x64.Build.0 = Release|x64
		{85EC21A4-EDD2-3646-817B-E5122BE23592}.Debug|Win32.ActiveCfg = Debug|Win32
		{85EC21A4-EDD2-3646-817B-E5122BE23592}.Debug|Win32.Build.0 = Debug|Win32
		{85EC21A4-EDD2-3646-817B-E5122BE23592}.Debug|x64.ActiveCfg = Debug|x64
		{85EC21A4-EDD2-3646-817B-E5122BE23592}.Debug|x64.Build.0 = Debug|x64
		{19AAD788-96FB-3E4A-942F-8B257B7458E2}.Release|Win32.ActiveCfg = Release|Win32
		{19AAD788-96FB-3E4A-942F-8B257B7458E2}.Release|Win32.Build.0 = Release|Win32
		{19AAD788-96FB-3E4A-942F-8B257B7458E2}.Release|x64.ActiveCfg = Release|x64
		{19AAD788-96FB-3E4A-942F-8B257B7458E2}.Release|x64.Build.0 = Release|x64
		{19AAD788-96FB-3E4A-942F-8B257B7458E2}.Debug|Win32.ActiveCfg = Debug|Win32
		{19AAD788-96FB-3E4A-942F-8B257B7458E2}.Debug|Win32.Build.0 = Debug|Win32
		{19AAD788-96FB-3E4A-942F-8B257B7458E2}.Debug|x64.ActiveCfg = Debug|x64
		{19AAD788-96FB-3E4A-942F-8B257B7458E2}.Debug|x64.Build.0 = Debug|x64
		{6B60B7CD-2632-124D-A282-7F5E00488906}.Release|Win32.ActiveCfg = Release|Win32
		{6B60B7CD-2632-124D-A282-7F5E00488906}.Release|Win32.Build.0 = Release|Win32
		{6B60B7CD-2632-124D-A282-7F5E00488906}.Release|x64.ActiveCfg = Release|x64
		{6B60B7CD-2632-124D-A282-7F5E00488906}.Release|x64.Build.0 = Release|x64
		{6B60B7CD-2632-124D-A282-7F5E00488906}.Debug|Win32.ActiveCfg = Debug|Win32
		{6B60B7CD-2632-124D-A282-7F5E00488906}.Debug|Win32.Build.0 = Debug|Win32
		{6B60B7CD-2632-124D-A282-7F5E00488906}.Debug|x64.ActiveCfg = Debug|x64
		{6B60B7CD-2632-124D-A282-7F5E00488906}.Debug|x64.Build.0 = Debug|x64
		{31A7F024-AB2B-2442-909A-E4F047B8B56D}.Release|Win32.ActiveCfg = Release|Win32
		{31A7F024-AB2B-2442-909A-E4F047B8B56D}.Release|Win32.Build.0 = Release|Win32
		{31A7F024-AB2B-2442-909A-E4F047B8B56D}.Release|x64.ActiveCfg = Release|x64
		{31A7F024-AB2B-2442-909A-E4F047B8B56D}.Release|x64.Build.0 = Release|x64
		{31A7F024-AB2B-2442-909A-E4F047B8B56D}.Debug|Win32.ActiveCfg = Debug|Win32
		{31A7F024-AB2B-2442-909A-E4F047B8B56D}.Debug|Win32.Build.0 = Debug|Win32
		{31A7F024-AB2B-2442-909A-E4F047B8B56D}.Debug|x64.ActiveCfg = Debug|x64
		{31A7F024-AB2B-2442-909A-E4F047B8B56D}.Debug|x64.Build.0 = Debug|x64
		{5A3F9013-48B8-764C-BE8D-049FA4465C49}.Release|Win32.ActiveCfg = Release|Win32
		{5A3F9013-48B8-764C-BE8D-049FA4465C49}.Release|Win32.Build.0 = Release|Win32
		{5A3F9013-48B8-764C-BE8D-049FA4465C49}.Release|x64.ActiveCfg = Release|x64
		{5A3F9013-48B8-764C-BE8D-049FA4465C49}.Release|x64.Build.0 = Release|x64
		{5A3F9013-48B8-764C-BE8D-049FA4465C49}.Debug|Win32.ActiveCfg = Debug|Win32
		{5A3F9013-48B8-764C-BE8D-049FA4465C49}.Debug|Win32.Build.0 = Debug|Win32
		{5A3F9013-48B8-764C-BE8D-049FA4465C49}.Debug|x64.ActiveCfg = Debug|x64
		{5A3F9013-48B8-764C-BE8D-049FA4465C49}.Debug|x64.Build.0 = Debug|x64
		{4357CA5A-DC4A-1C45-BB59-A27C2482ABF7}.Release|Win32.ActiveCfg = Release|Win32
		{4357CA5A-DC4A-1C45-BB59-A27C2482ABF7}.Release|Win32.Build.0 = Release|Win32
		{4357CA5A-DC4A-1C45-BB59-A27C2482ABF7}.Release|x64.ActiveCfg = Release|x64
		{4357CA5A-DC4A-1C45-BB59-A27C2482ABF7}.Release|x64.Build.0 = Release|x64
		{4357CA5A-DC4A-1C45-BB59-A27C2482ABF7}.Debug|Win32.ActiveCfg = Debug|Win32
		{4357CA5A-DC4A-1C45-BB59-A27C2482ABF7}.Debug|Win32.Build.0 = Debug|Win32
		{4357CA5A-DC4A-1C45-BB59-A27C2482ABF7}.Debug|x64.ActiveCfg = Debug|x64
		{4357CA5A-DC4A-1C45-BB59-A27C2482ABF7}.Debug|x64.Build.0 = Debug|x64
		{6DCAACBD-E70F-824E-8528-61E0376F173C}.Release|Win32.ActiveCfg = Release|Win32
		{6DCAACBD-E70F-824E-8528-61E0376F173C}.Release|Win32.Build.0 = Release|Win32
		{6DCAACBD-E70F-824E-8528-61E0376F173C}.Release|x64.ActiveCfg = Release|x64
		{6DCAACBD-E70F-824E-8528-61E0376F173C}.Release|x64.Build.0 = Release|x64
		{6DCAACBD-E70F-824E-8528-61E0376F173C}.Debug|Win32.ActiveCfg = Debug|Win32
		{6DCAACBD-E70F-824E-8528-61E0376F173C}.Debug|Win32.Build.0 = Debug|Win32
		{6DCAACBD-E70F-824E-8528-61E0376F173C}.Debug|x64.ActiveCfg = Debug|x64
		{6DCAACBD-E70F-824E-8528-61E0376F173C}.Debug|x64.Build.0 = Debug|x64
		{87307FCD-4309-464D-ABFA-A54D05F0E36E}.Release|Win32.ActiveCfg = Release|Win32
		{87307FCD-4309-464D-ABFA-A54D05F0E36E}.Release|Win32.Build.0 = Release|Win32
		{87307FCD-4309-464D-ABFA-A54D05F0E36E}.Release|x64.ActiveCfg = Release|x64
		{87307FCD-4309-464D-ABFA-A54D05F0E36E}.Release|x64.Build.0 = Release|x64
		{87307FCD-4309-464D-ABFA-A54D05F0E36E}.Debug|Win32.ActiveCfg = Debug|Win32
		{87307FCD-4309-464D-ABFA-A54D05F0E36E}.Debug|Win32.Build.0 = Debug|Win32
		{87307FCD-4309-464D-ABFA-A54D05F0E36E}.Debug|x64.ActiveCfg = Debug|x64
		{87307FCD-4309-464D-ABFA-A54D05F0E36E}.Debug|x64.Build.0 = Debug|x64
	EndGlobalSection
	GlobalSection(SolutionProperties) = preSolution
		HideSolutionNode = FALSE
	EndGlobalSection
EndGlobal
