<?xml version="1.0" encoding="utf-8"?>
<Project ToolsVersion="4.0" xmlns="http://schemas.microsoft.com/developer/msbuild/2003">
  <ItemGroup>
    <Filter Include="Demos">
      <UniqueIdentifier>{69180EF4-F2A8-0B47-9B1F-D780F2A4895A}</UniqueIdentifier>
    </Filter>
    <Filter Include="Demos\ContinuousConvexCollision">
      <UniqueIdentifier>{2B88D13C-0492-A640-BEF2-F8EAE45E6961}</UniqueIdentifier>
    </Filter>
  </ItemGroup>
  <ItemGroup>
    <ClInclude Include="..\..\Demos\ContinuousConvexCollision\ContinuousConvexCollision.h">
      <Filter>Demos\ContinuousConvexCollision</Filter>
    </ClInclude>
  </ItemGroup>
  <ItemGroup>
    <ClCompile Include="..\..\Demos\ContinuousConvexCollision\ContinuousConvexCollisionDemo.cpp">
      <Filter>Demos\ContinuousConvexCollision</Filter>
    </ClCompile>
  </ItemGroup>
  <ItemGroup>
    <ResourceCompile Include="..\bullet.rc" />
  </ItemGroup>
</Project>
