
Microsoft Visual Studio Solution File, Format Version 10.00
# Visual Studio 2008
Project("{8BC9CEB8-8B4A-11D0-8D11-00A0C91BC942}") = "App_BasicDemo", "App_BasicDemo.vcproj", "{E04E457F-EF3C-A64A-B74D-9C9FCD32A224}"
	ProjectSection(ProjectDependencies) = postProject
		{EAB3D35F-5965-6243-BD60-8BD2F5A2645A} = {EAB3D35F-5965-6243-BD60-8BD2F5A2645A}
		{35B8E590-78AB-7444-B8A8-171B3827EF1C} = {35B8E590-78AB-7444-B8A8-171B3827EF1C}
		{4F1BDDF1-05B3-5441-B16F-FACB6696E8F8} = {4F1BDDF1-05B3-5441-B16F-FACB6696E8F8}
		{AFBF2695-6BBA-7D41-80E4-308FCB2A37B7} = {AFBF2695-6BBA-7D41-80E4-308FCB2A37B7}
	EndProjectSection
EndProject
Project("{8BC9CEB8-8B4A-11D0-8D11-00A0C91BC942}") = "App_Box2dDemo", "App_Box2dDemo.vcproj", "{0DB730E5-797A-F040-9DDC-F90FDCD869E9}"
	ProjectSection(ProjectDependencies) = postProject
		{EAB3D35F-5965-6243-BD60-8BD2F5A2645A} = {EAB3D35F-5965-6243-BD60-8BD2F5A2645A}
		{35B8E590-78AB-7444-B8A8-171B3827EF1C} = {35B8E590-78AB-7444-B8A8-171B3827EF1C}
		{4F1BDDF1-05B3-5441-B16F-FACB6696E8F8} = {4F1BDDF1-05B3-5441-B16F-FACB6696E8F8}
		{AFBF2695-6BBA-7D41-80E4-308FCB2A37B7} = {AFBF2695-6BBA-7D41-80E4-308FCB2A37B7}
	EndProjectSection
EndProject
Project("{8BC9CEB8-8B4A-11D0-8D11-00A0C91BC942}") = "App_BspDemo", "App_BspDemo.vcproj", "{FB1C48E5-56CB-B643-84E2-EFE7E1AD43B0}"
	ProjectSection(ProjectDependencies) = postProject
		{EAB3D35F-5965-6243-BD60-8BD2F5A2645A} = {EAB3D35F-5965-6243-BD60-8BD2F5A2645A}
		{35B8E590-78AB-7444-B8A8-171B3827EF1C} = {35B8E590-78AB-7444-B8A8-171B3827EF1C}
		{4F1BDDF1-05B3-5441-B16F-FACB6696E8F8} = {4F1BDDF1-05B3-5441-B16F-FACB6696E8F8}
		{AFBF2695-6BBA-7D41-80E4-308FCB2A37B7} = {AFBF2695-6BBA-7D41-80E4-308FCB2A37B7}
	EndProjectSection
EndProject
Project("{8BC9CEB8-8B4A-11D0-8D11-00A0C91BC942}") = "App_CcdPhysicsDemo", "App_CcdPhysicsDemo.vcproj", "{AA2B13D4-DBE9-8C49-A57C-5C823ED2B1C7}"
	ProjectSection(ProjectDependencies) = postProject
		{EAB3D35F-5965-6243-BD60-8BD2F5A2645A} = {EAB3D35F-5965-6243-BD60-8BD2F5A2645A}
		{35B8E590-78AB-7444-B8A8-171B3827EF1C} = {35B8E590-78AB-7444-B8A8-171B3827EF1C}
		{4F1BDDF1-05B3-5441-B16F-FACB6696E8F8} = {4F1BDDF1-05B3-5441-B16F-FACB6696E8F8}
		{AFBF2695-6BBA-7D41-80E4-308FCB2A37B7} = {AFBF2695-6BBA-7D41-80E4-308FCB2A37B7}
	EndProjectSection
EndProject
Project("{8BC9CEB8-8B4A-11D0-8D11-00A0C91BC942}") = "App_CollisionDemo", "App_CollisionDemo.vcproj", "{1D28DDB0-51E9-6F46-BA1B-AE08E1ADD831}"
	ProjectSection(ProjectDependencies) = postProject
		{EAB3D35F-5965-6243-BD60-8BD2F5A2645A} = {EAB3D35F-5965-6243-BD60-8BD2F5A2645A}
		{35B8E590-78AB-7444-B8A8-171B3827EF1C} = {35B8E590-78AB-7444-B8A8-171B3827EF1C}
		{4F1BDDF1-05B3-5441-B16F-FACB6696E8F8} = {4F1BDDF1-05B3-5441-B16F-FACB6696E8F8}
		{AFBF2695-6BBA-7D41-80E4-308FCB2A37B7} = {AFBF2695-6BBA-7D41-80E4-308FCB2A37B7}
	EndProjectSection
EndProject
Project("{8BC9CEB8-8B4A-11D0-8D11-00A0C91BC942}") = "App_CollisionInterfaceDemo", "App_CollisionInterfaceDemo.vcproj", "{298DF91C-9825-A440-BE99-E1B5386D238F}"
	ProjectSection(ProjectDependencies) = postProject
		{EAB3D35F-5965-6243-BD60-8BD2F5A2645A} = {EAB3D35F-5965-6243-BD60-8BD2F5A2645A}
		{35B8E590-78AB-7444-B8A8-171B3827EF1C} = {35B8E590-78AB-7444-B8A8-171B3827EF1C}
		{4F1BDDF1-05B3-5441-B16F-FACB6696E8F8} = {4F1BDDF1-05B3-5441-B16F-FACB6696E8F8}
		{AFBF2695-6BBA-7D41-80E4-308FCB2A37B7} = {AFBF2695-6BBA-7D41-80E4-308FCB2A37B7}
	EndProjectSection
EndProject
Project("{8BC9CEB8-8B4A-11D0-8D11-00A0C91BC942}") = "App_ConcaveConvexcastDemo", "App_ConcaveConvexcastDemo.vcproj", "{34EBB137-A33C-AB43-AEFF-9BBF248F4AB6}"
	ProjectSection(ProjectDependencies) = postProject
		{EAB3D35F-5965-6243-BD60-8BD2F5A2645A} = {EAB3D35F-5965-6243-BD60-8BD2F5A2645A}
		{35B8E590-78AB-7444-B8A8-171B3827EF1C} = {35B8E590-78AB-7444-B8A8-171B3827EF1C}
		{4F1BDDF1-05B3-5441-B16F-FACB6696E8F8} = {4F1BDDF1-05B3-5441-B16F-FACB6696E8F8}
		{AFBF2695-6BBA-7D41-80E4-308FCB2A37B7} = {AFBF2695-6BBA-7D41-80E4-308FCB2A37B7}
	EndProjectSection
EndProject
Project("{8BC9CEB8-8B4A-11D0-8D11-00A0C91BC942}") = "App_ConcaveDemo", "App_ConcaveDemo.vcproj", "{FFF842A5-42FC-764F-8991-A7ECE497D5BA}"
	ProjectSection(ProjectDependencies) = postProject
		{EAB3D35F-5965-6243-BD60-8BD2F5A2645A} = {EAB3D35F-5965-6243-BD60-8BD2F5A2645A}
		{35B8E590-78AB-7444-B8A8-171B3827EF1C} = {35B8E590-78AB-7444-B8A8-171B3827EF1C}
		{4F1BDDF1-05B3-5441-B16F-FACB6696E8F8} = {4F1BDDF1-05B3-5441-B16F-FACB6696E8F8}
		{AFBF2695-6BBA-7D41-80E4-308FCB2A37B7} = {AFBF2695-6BBA-7D41-80E4-308FCB2A37B7}
	EndProjectSection
EndProject
Project("{8BC9CEB8-8B4A-11D0-8D11-00A0C91BC942}") = "App_ConcaveRaycastDemo", "App_ConcaveRaycastDemo.vcproj", "{8638C8FD-23F5-904A-8C27-328A2C23FD7F}"
	ProjectSection(ProjectDependencies) = postProject
		{EAB3D35F-5965-6243-BD60-8BD2F5A2645A} = {EAB3D35F-5965-6243-BD60-8BD2F5A2645A}
		{35B8E590-78AB-7444-B8A8-171B3827EF1C} = {35B8E590-78AB-7444-B8A8-171B3827EF1C}
		{4F1BDDF1-05B3-5441-B16F-FACB6696E8F8} = {4F1BDDF1-05B3-5441-B16F-FACB6696E8F8}
		{AFBF2695-6BBA-7D41-80E4-308FCB2A37B7} = {AFBF2695-6BBA-7D41-80E4-308FCB2A37B7}
	EndProjectSection
EndProject
Project("{8BC9CEB8-8B4A-11D0-8D11-00A0C91BC942}") = "App_ConstraintDemo", "App_ConstraintDemo.vcproj", "{5EFE842D-D9E2-A342-AB03-9C530AE8FBB6}"
	ProjectSection(ProjectDependencies) = postProject
		{EAB3D35F-5965-6243-BD60-8BD2F5A2645A} = {EAB3D35F-5965-6243-BD60-8BD2F5A2645A}
		{35B8E590-78AB-7444-B8A8-171B3827EF1C} = {35B8E590-78AB-7444-B8A8-171B3827EF1C}
		{4F1BDDF1-05B3-5441-B16F-FACB6696E8F8} = {4F1BDDF1-05B3-5441-B16F-FACB6696E8F8}
		{AFBF2695-6BBA-7D41-80E4-308FCB2A37B7} = {AFBF2695-6BBA-7D41-80E4-308FCB2A37B7}
	EndProjectSection
EndProject
Project("{8BC9CEB8-8B4A-11D0-8D11-00A0C91BC942}") = "App_ContinuousConvexCollision", "App_ContinuousConvexCollision.vcproj", "{F21D9611-334F-6146-93C1-A6325F9FBCEE}"
	ProjectSection(ProjectDependencies) = postProject
		{EAB3D35F-5965-6243-BD60-8BD2F5A2645A} = {EAB3D35F-5965-6243-BD60-8BD2F5A2645A}
		{35B8E590-78AB-7444-B8A8-171B3827EF1C} = {35B8E590-78AB-7444-B8A8-171B3827EF1C}
		{4F1BDDF1-05B3-5441-B16F-FACB6696E8F8} = {4F1BDDF1-05B3-5441-B16F-FACB6696E8F8}
		{AFBF2695-6BBA-7D41-80E4-308FCB2A37B7} = {AFBF2695-6BBA-7D41-80E4-308FCB2A37B7}
	EndProjectSection
EndProject
Project("{8BC9CEB8-8B4A-11D0-8D11-00A0C91BC942}") = "App_ConvexHullDistance", "App_ConvexHullDistance.vcproj", "{FA290D83-D3F5-5E42-829D-D1D83E0D5E08}"
	ProjectSection(ProjectDependencies) = postProject
		{EAB3D35F-5965-6243-BD60-8BD2F5A2645A} = {EAB3D35F-5965-6243-BD60-8BD2F5A2645A}
		{35B8E590-78AB-7444-B8A8-171B3827EF1C} = {35B8E590-78AB-7444-B8A8-171B3827EF1C}
		{4F1BDDF1-05B3-5441-B16F-FACB6696E8F8} = {4F1BDDF1-05B3-5441-B16F-FACB6696E8F8}
		{AFBF2695-6BBA-7D41-80E4-308FCB2A37B7} = {AFBF2695-6BBA-7D41-80E4-308FCB2A37B7}
	EndProjectSection
EndProject
Project("{8BC9CEB8-8B4A-11D0-8D11-00A0C91BC942}") = "App_DynamicControlDemo", "App_DynamicControlDemo.vcproj", "{2477916E-C027-4645-AD18-BF018C773454}"
	ProjectSection(ProjectDependencies) = postProject
		{EAB3D35F-5965-6243-BD60-8BD2F5A2645A} = {EAB3D35F-5965-6243-BD60-8BD2F5A2645A}
		{35B8E590-78AB-7444-B8A8-171B3827EF1C} = {35B8E590-78AB-7444-B8A8-171B3827EF1C}
		{4F1BDDF1-05B3-5441-B16F-FACB6696E8F8} = {4F1BDDF1-05B3-5441-B16F-FACB6696E8F8}
		{AFBF2695-6BBA-7D41-80E4-308FCB2A37B7} = {AFBF2695-6BBA-7D41-80E4-308FCB2A37B7}
	EndProjectSection
EndProject
Project("{8BC9CEB8-8B4A-11D0-8D11-00A0C91BC942}") = "App_EPAPenDepthDemo", "App_EPAPenDepthDemo.vcproj", "{93ACD084-95E3-ED40-902F-22DCC09A40FE}"
	ProjectSection(ProjectDependencies) = postProject
		{EAB3D35F-5965-6243-BD60-8BD2F5A2645A} = {EAB3D35F-5965-6243-BD60-8BD2F5A2645A}
		{35B8E590-78AB-7444-B8A8-171B3827EF1C} = {35B8E590-78AB-7444-B8A8-171B3827EF1C}
		{4F1BDDF1-05B3-5441-B16F-FACB6696E8F8} = {4F1BDDF1-05B3-5441-B16F-FACB6696E8F8}
		{AFBF2695-6BBA-7D41-80E4-308FCB2A37B7} = {AFBF2695-6BBA-7D41-80E4-308FCB2A37B7}
	EndProjectSection
EndProject
Project("{8BC9CEB8-8B4A-11D0-8D11-00A0C91BC942}") = "App_ForkLiftDemo", "App_ForkLiftDemo.vcproj", "{805B4B48-3B99-4946-B18B-88B437360AB3}"
	ProjectSection(ProjectDependencies) = postProject
		{EAB3D35F-5965-6243-BD60-8BD2F5A2645A} = {EAB3D35F-5965-6243-BD60-8BD2F5A2645A}
		{35B8E590-78AB-7444-B8A8-171B3827EF1C} = {35B8E590-78AB-7444-B8A8-171B3827EF1C}
		{4F1BDDF1-05B3-5441-B16F-FACB6696E8F8} = {4F1BDDF1-05B3-5441-B16F-FACB6696E8F8}
		{AFBF2695-6BBA-7D41-80E4-308FCB2A37B7} = {AFBF2695-6BBA-7D41-80E4-308FCB2A37B7}
	EndProjectSection
EndProject
Project("{8BC9CEB8-8B4A-11D0-8D11-00A0C91BC942}") = "App_FractureDemo", "App_FractureDemo.vcproj", "{C20E2868-2045-6D40-A886-F3522E7668BA}"
	ProjectSection(ProjectDependencies) = postProject
		{EAB3D35F-5965-6243-BD60-8BD2F5A2645A} = {EAB3D35F-5965-6243-BD60-8BD2F5A2645A}
		{35B8E590-78AB-7444-B8A8-171B3827EF1C} = {35B8E590-78AB-7444-B8A8-171B3827EF1C}
		{4F1BDDF1-05B3-5441-B16F-FACB6696E8F8} = {4F1BDDF1-05B3-5441-B16F-FACB6696E8F8}
		{AFBF2695-6BBA-7D41-80E4-308FCB2A37B7} = {AFBF2695-6BBA-7D41-80E4-308FCB2A37B7}
	EndProjectSection
EndProject
Project("{8BC9CEB8-8B4A-11D0-8D11-00A0C91BC942}") = "App_GenericJointDemo", "App_GenericJointDemo.vcproj", "{0E12502E-A463-6845-9E98-90DC6B7689E4}"
	ProjectSection(ProjectDependencies) = postProject
		{EAB3D35F-5965-6243-BD60-8BD2F5A2645A} = {EAB3D35F-5965-6243-BD60-8BD2F5A2645A}
		{35B8E590-78AB-7444-B8A8-171B3827EF1C} = {35B8E590-78AB-7444-B8A8-171B3827EF1C}
		{4F1BDDF1-05B3-5441-B16F-FACB6696E8F8} = {4F1BDDF1-05B3-5441-B16F-FACB6696E8F8}
		{AFBF2695-6BBA-7D41-80E4-308FCB2A37B7} = {AFBF2695-6BBA-7D41-80E4-308FCB2A37B7}
	EndProjectSection
EndProject
Project("{8BC9CEB8-8B4A-11D0-8D11-00A0C91BC942}") = "App_GimpactTestDemo", "App_GimpactTestDemo.vcproj", "{FFAF382A-C8E7-D04B-8855-6FE2781F5049}"
	ProjectSection(ProjectDependencies) = postProject
		{EAB3D35F-5965-6243-BD60-8BD2F5A2645A} = {EAB3D35F-5965-6243-BD60-8BD2F5A2645A}
		{35B8E590-78AB-7444-B8A8-171B3827EF1C} = {35B8E590-78AB-7444-B8A8-171B3827EF1C}
		{4F1BDDF1-05B3-5441-B16F-FACB6696E8F8} = {4F1BDDF1-05B3-5441-B16F-FACB6696E8F8}
		{AFBF2695-6BBA-7D41-80E4-308FCB2A37B7} = {AFBF2695-6BBA-7D41-80E4-308FCB2A37B7}
	EndProjectSection
EndProject
Project("{8BC9CEB8-8B4A-11D0-8D11-00A0C91BC942}") = "App_GjkConvexCastDemo", "App_GjkConvexCastDemo.vcproj", "{E738D606-1B6D-9A4B-8473-F89A34A00671}"
	ProjectSection(ProjectDependencies) = postProject
		{EAB3D35F-5965-6243-BD60-8BD2F5A2645A} = {EAB3D35F-5965-6243-BD60-8BD2F5A2645A}
		{35B8E590-78AB-7444-B8A8-171B3827EF1C} = {35B8E590-78AB-7444-B8A8-171B3827EF1C}
		{4F1BDDF1-05B3-5441-B16F-FACB6696E8F8} = {4F1BDDF1-05B3-5441-B16F-FACB6696E8F8}
		{AFBF2695-6BBA-7D41-80E4-308FCB2A37B7} = {AFBF2695-6BBA-7D41-80E4-308FCB2A37B7}
	EndProjectSection
EndProject
Project("{8BC9CEB8-8B4A-11D0-8D11-00A0C91BC942}") = "App_HelloWorld", "App_HelloWorld.vcproj", "{85D33FE8-729F-A842-965E-AF4DA0D90D16}"
	ProjectSection(ProjectDependencies) = postProject
		{EAB3D35F-5965-6243-BD60-8BD2F5A2645A} = {EAB3D35F-5965-6243-BD60-8BD2F5A2645A}
		{35B8E590-78AB-7444-B8A8-171B3827EF1C} = {35B8E590-78AB-7444-B8A8-171B3827EF1C}
		{4F1BDDF1-05B3-5441-B16F-FACB6696E8F8} = {4F1BDDF1-05B3-5441-B16F-FACB6696E8F8}
		{AFBF2695-6BBA-7D41-80E4-308FCB2A37B7} = {AFBF2695-6BBA-7D41-80E4-308FCB2A37B7}
	EndProjectSection
EndProject
Project("{8BC9CEB8-8B4A-11D0-8D11-00A0C91BC942}") = "App_InternalEdgeDemo", "App_InternalEdgeDemo.vcproj", "{32B03F36-489D-AC43-A8DC-8BB04F6E39BB}"
	ProjectSection(ProjectDependencies) = postProject
		{EAB3D35F-5965-6243-BD60-8BD2F5A2645A} = {EAB3D35F-5965-6243-BD60-8BD2F5A2645A}
		{35B8E590-78AB-7444-B8A8-171B3827EF1C} = {35B8E590-78AB-7444-B8A8-171B3827EF1C}
		{4F1BDDF1-05B3-5441-B16F-FACB6696E8F8} = {4F1BDDF1-05B3-5441-B16F-FACB6696E8F8}
		{AFBF2695-6BBA-7D41-80E4-308FCB2A37B7} = {AFBF2695-6BBA-7D41-80E4-308FCB2A37B7}
	EndProjectSection
EndProject
Project("{8BC9CEB8-8B4A-11D0-8D11-00A0C91BC942}") = "App_MovingConcaveDemo", "App_MovingConcaveDemo.vcproj", "{A33600B5-1FC6-4E42-A9DF-2AA0575E2253}"
	ProjectSection(ProjectDependencies) = postProject
		{EAB3D35F-5965-6243-BD60-8BD2F5A2645A} = {EAB3D35F-5965-6243-BD60-8BD2F5A2645A}
		{35B8E590-78AB-7444-B8A8-171B3827EF1C} = {35B8E590-78AB-7444-B8A8-171B3827EF1C}
		{4F1BDDF1-05B3-5441-B16F-FACB6696E8F8} = {4F1BDDF1-05B3-5441-B16F-FACB6696E8F8}
		{AFBF2695-6BBA-7D41-80E4-308FCB2A37B7} = {AFBF2695-6BBA-7D41-80E4-308FCB2A37B7}
	EndProjectSection
EndProject
Project("{8BC9CEB8-8B4A-11D0-8D11-00A0C91BC942}") = "App_MultiMaterialDemo", "App_MultiMaterialDemo.vcproj", "{94602FB0-A3ED-9B48-8B7D-3E3F2E96B430}"
	ProjectSection(ProjectDependencies) = postProject
		{EAB3D35F-5965-6243-BD60-8BD2F5A2645A} = {EAB3D35F-5965-6243-BD60-8BD2F5A2645A}
		{35B8E590-78AB-7444-B8A8-171B3827EF1C} = {35B8E590-78AB-7444-B8A8-171B3827EF1C}
		{4F1BDDF1-05B3-5441-B16F-FACB6696E8F8} = {4F1BDDF1-05B3-5441-B16F-FACB6696E8F8}
		{AFBF2695-6BBA-7D41-80E4-308FCB2A37B7} = {AFBF2695-6BBA-7D41-80E4-308FCB2A37B7}
	EndProjectSection
EndProject
Project("{8BC9CEB8-8B4A-11D0-8D11-00A0C91BC942}") = "App_RagdollDemo", "App_RagdollDemo.vcproj", "{717C3B35-CA86-F041-96F1-CE763B5CBE67}"
	ProjectSection(ProjectDependencies) = postProject
		{EAB3D35F-5965-6243-BD60-8BD2F5A2645A} = {EAB3D35F-5965-6243-BD60-8BD2F5A2645A}
		{35B8E590-78AB-7444-B8A8-171B3827EF1C} = {35B8E590-78AB-7444-B8A8-171B3827EF1C}
		{4F1BDDF1-05B3-5441-B16F-FACB6696E8F8} = {4F1BDDF1-05B3-5441-B16F-FACB6696E8F8}
		{AFBF2695-6BBA-7D41-80E4-308FCB2A37B7} = {AFBF2695-6BBA-7D41-80E4-308FCB2A37B7}
	EndProjectSection
EndProject
Project("{8BC9CEB8-8B4A-11D0-8D11-00A0C91BC942}") = "App_Raytracer", "App_Raytracer.vcproj", "{E0D9FDAD-4F32-7E4F-88D5-48989B03C13E}"
	ProjectSection(ProjectDependencies) = postProject
		{EAB3D35F-5965-6243-BD60-8BD2F5A2645A} = {EAB3D35F-5965-6243-BD60-8BD2F5A2645A}
		{35B8E590-78AB-7444-B8A8-171B3827EF1C} = {35B8E590-78AB-7444-B8A8-171B3827EF1C}
		{4F1BDDF1-05B3-5441-B16F-FACB6696E8F8} = {4F1BDDF1-05B3-5441-B16F-FACB6696E8F8}
		{AFBF2695-6BBA-7D41-80E4-308FCB2A37B7} = {AFBF2695-6BBA-7D41-80E4-308FCB2A37B7}
	EndProjectSection
EndProject
Project("{8BC9CEB8-8B4A-11D0-8D11-00A0C91BC942}") = "App_SimplexDemo", "App_SimplexDemo.vcproj", "{E7A9A566-9F96-A746-8FE3-8919ED6734C1}"
	ProjectSection(ProjectDependencies) = postProject
		{EAB3D35F-5965-6243-BD60-8BD2F5A2645A} = {EAB3D35F-5965-6243-BD60-8BD2F5A2645A}
		{35B8E590-78AB-7444-B8A8-171B3827EF1C} = {35B8E590-78AB-7444-B8A8-171B3827EF1C}
		{4F1BDDF1-05B3-5441-B16F-FACB6696E8F8} = {4F1BDDF1-05B3-5441-B16F-FACB6696E8F8}
		{AFBF2695-6BBA-7D41-80E4-308FCB2A37B7} = {AFBF2695-6BBA-7D41-80E4-308FCB2A37B7}
	EndProjectSection
EndProject
Project("{8BC9CEB8-8B4A-11D0-8D11-00A0C91BC942}") = "App_SliderConstraintDemo", "App_SliderConstraintDemo.vcproj", "{0014E0C9-FB97-F646-B269-8FAE700E6F46}"
	ProjectSection(ProjectDependencies) = postProject
		{EAB3D35F-5965-6243-BD60-8BD2F5A2645A} = {EAB3D35F-5965-6243-BD60-8BD2F5A2645A}
		{35B8E590-78AB-7444-B8A8-171B3827EF1C} = {35B8E590-78AB-7444-B8A8-171B3827EF1C}
		{4F1BDDF1-05B3-5441-B16F-FACB6696E8F8} = {4F1BDDF1-05B3-5441-B16F-FACB6696E8F8}
		{AFBF2695-6BBA-7D41-80E4-308FCB2A37B7} = {AFBF2695-6BBA-7D41-80E4-308FCB2A37B7}
	EndProjectSection
EndProject
Project("{8BC9CEB8-8B4A-11D0-8D11-00A0C91BC942}") = "App_TerrainDemo", "App_TerrainDemo.vcproj", "{00016347-E1F8-9745-9465-8FE1E8B5EBBD}"
	ProjectSection(ProjectDependencies) = postProject
		{EAB3D35F-5965-6243-BD60-8BD2F5A2645A} = {EAB3D35F-5965-6243-BD60-8BD2F5A2645A}
		{35B8E590-78AB-7444-B8A8-171B3827EF1C} = {35B8E590-78AB-7444-B8A8-171B3827EF1C}
		{4F1BDDF1-05B3-5441-B16F-FACB6696E8F8} = {4F1BDDF1-05B3-5441-B16F-FACB6696E8F8}
		{AFBF2695-6BBA-7D41-80E4-308FCB2A37B7} = {AFBF2695-6BBA-7D41-80E4-308FCB2A37B7}
	EndProjectSection
EndProject
Project("{8BC9CEB8-8B4A-11D0-8D11-00A0C91BC942}") = "App_UserCollisionAlgorithm", "App_UserCollisionAlgorithm.vcproj", "{7ECC240B-18CA-834A-B611-B9F5048DABAB}"
	ProjectSection(ProjectDependencies) = postProject
		{EAB3D35F-5965-6243-BD60-8BD2F5A2645A} = {EAB3D35F-5965-6243-BD60-8BD2F5A2645A}
		{35B8E590-78AB-7444-B8A8-171B3827EF1C} = {35B8E590-78AB-7444-B8A8-171B3827EF1C}
		{4F1BDDF1-05B3-5441-B16F-FACB6696E8F8} = {4F1BDDF1-05B3-5441-B16F-FACB6696E8F8}
		{AFBF2695-6BBA-7D41-80E4-308FCB2A37B7} = {AFBF2695-6BBA-7D41-80E4-308FCB2A37B7}
	EndProjectSection
EndProject
Project("{8BC9CEB8-8B4A-11D0-8D11-00A0C91BC942}") = "App_VehicleDemo", "App_VehicleDemo.vcproj", "{C06FACD2-C6AC-754D-9C4C-C4E22CD8C65B}"
	ProjectSection(ProjectDependencies) = postProject
		{EAB3D35F-5965-6243-BD60-8BD2F5A2645A} = {EAB3D35F-5965-6243-BD60-8BD2F5A2645A}
		{35B8E590-78AB-7444-B8A8-171B3827EF1C} = {35B8E590-78AB-7444-B8A8-171B3827EF1C}
		{4F1BDDF1-05B3-5441-B16F-FACB6696E8F8} = {4F1BDDF1-05B3-5441-B16F-FACB6696E8F8}
		{AFBF2695-6BBA-7D41-80E4-308FCB2A37B7} = {AFBF2695-6BBA-7D41-80E4-308FCB2A37B7}
	EndProjectSection
EndProject
Project("{8BC9CEB8-8B4A-11D0-8D11-00A0C91BC942}") = "App_VoronoiFractureDemo", "App_VoronoiFractureDemo.vcproj", "{472D5A2B-A3C1-D344-A611-DF8D44615F9A}"
	ProjectSection(ProjectDependencies) = postProject
		{EAB3D35F-5965-6243-BD60-8BD2F5A2645A} = {EAB3D35F-5965-6243-BD60-8BD2F5A2645A}
		{35B8E590-78AB-7444-B8A8-171B3827EF1C} = {35B8E590-78AB-7444-B8A8-171B3827EF1C}
		{4F1BDDF1-05B3-5441-B16F-FACB6696E8F8} = {4F1BDDF1-05B3-5441-B16F-FACB6696E8F8}
		{AFBF2695-6BBA-7D41-80E4-308FCB2A37B7} = {AFBF2695-6BBA-7D41-80E4-308FCB2A37B7}
	EndProjectSection
EndProject
Project("{8BC9CEB8-8B4A-11D0-8D11-00A0C91BC942}") = "App_ConvexDecompositionDemo", "App_ConvexDecompositionDemo.vcproj", "{7B299408-AA60-9943-A07C-C7C70A5B4E21}"
	ProjectSection(ProjectDependencies) = postProject
		{EAB3D35F-5965-6243-BD60-8BD2F5A2645A} = {EAB3D35F-5965-6243-BD60-8BD2F5A2645A}
		{35B8E590-78AB-7444-B8A8-171B3827EF1C} = {35B8E590-78AB-7444-B8A8-171B3827EF1C}
		{4F1BDDF1-05B3-5441-B16F-FACB6696E8F8} = {4F1BDDF1-05B3-5441-B16F-FACB6696E8F8}
		{AFBF2695-6BBA-7D41-80E4-308FCB2A37B7} = {AFBF2695-6BBA-7D41-80E4-308FCB2A37B7}
		{E5E78D54-44E0-9E4B-A214-65890CE1631E} = {E5E78D54-44E0-9E4B-A214-65890CE1631E}
		{1B7D437E-C401-2242-BC43-8546EF4AF0D3} = {1B7D437E-C401-2242-BC43-8546EF4AF0D3}
	EndProjectSection
EndProject
Project("{8BC9CEB8-8B4A-11D0-8D11-00A0C91BC942}") = "App_SoftDemo", "App_SoftDemo.vcproj", "{DA73F42F-0F15-844E-87AE-0C86A13185B7}"
	ProjectSection(ProjectDependencies) = postProject
		{EAB3D35F-5965-6243-BD60-8BD2F5A2645A} = {EAB3D35F-5965-6243-BD60-8BD2F5A2645A}
		{35B8E590-78AB-7444-B8A8-171B3827EF1C} = {35B8E590-78AB-7444-B8A8-171B3827EF1C}
		{4F1BDDF1-05B3-5441-B16F-FACB6696E8F8} = {4F1BDDF1-05B3-5441-B16F-FACB6696E8F8}
		{AFBF2695-6BBA-7D41-80E4-308FCB2A37B7} = {AFBF2695-6BBA-7D41-80E4-308FCB2A37B7}
		{F184641F-6BAE-1D4F-9B55-DEBB899BA461} = {F184641F-6BAE-1D4F-9B55-DEBB899BA461}
	EndProjectSection
EndProject
Project("{8BC9CEB8-8B4A-11D0-8D11-00A0C91BC942}") = "App_SerializeDemo", "App_SerializeDemo.vcproj", "{94102AFF-83BD-0D41-9A55-4C812E8C9139}"
	ProjectSection(ProjectDependencies) = postProject
		{EAB3D35F-5965-6243-BD60-8BD2F5A2645A} = {EAB3D35F-5965-6243-BD60-8BD2F5A2645A}
		{35B8E590-78AB-7444-B8A8-171B3827EF1C} = {35B8E590-78AB-7444-B8A8-171B3827EF1C}
		{4F1BDDF1-05B3-5441-B16F-FACB6696E8F8} = {4F1BDDF1-05B3-5441-B16F-FACB6696E8F8}
		{AFBF2695-6BBA-7D41-80E4-308FCB2A37B7} = {AFBF2695-6BBA-7D41-80E4-308FCB2A37B7}
		{F184641F-6BAE-1D4F-9B55-DEBB899BA461} = {F184641F-6BAE-1D4F-9B55-DEBB899BA461}
		{9A8863DB-EB76-6F40-84B9-012F4D099D1E} = {9A8863DB-EB76-6F40-84B9-012F4D099D1E}
		{FF376B82-61C2-AD49-BD59-91083AE6EAF8} = {FF376B82-61C2-AD49-BD59-91083AE6EAF8}
	EndProjectSection
EndProject
Project("{8BC9CEB8-8B4A-11D0-8D11-00A0C91BC942}") = "OpenGLSupport", "OpenGLSupport.vcproj", "{EAB3D35F-5965-6243-BD60-8BD2F5A2645A}"
EndProject
Project("{8BC9CEB8-8B4A-11D0-8D11-00A0C91BC942}") = "HACD", "HACD.vcproj", "{E5E78D54-44E0-9E4B-A214-65890CE1631E}"
EndProject
Project("{8BC9CEB8-8B4A-11D0-8D11-00A0C91BC942}") = "ConvexDecomposition", "ConvexDecomposition.vcproj", "{1B7D437E-C401-2242-BC43-8546EF4AF0D3}"
EndProject
Project("{8BC9CEB8-8B4A-11D0-8D11-00A0C91BC942}") = "BulletFileLoader", "BulletFileLoader.vcproj", "{9A8863DB-EB76-6F40-84B9-012F4D099D1E}"
EndProject
Project("{8BC9CEB8-8B4A-11D0-8D11-00A0C91BC942}") = "BulletWorldImporter", "BulletWorldImporter.vcproj", "{FF376B82-61C2-AD49-BD59-91083AE6EAF8}"
EndProject
Project("{8BC9CEB8-8B4A-11D0-8D11-00A0C91BC942}") = "LinearMath", "LinearMath.vcproj", "{35B8E590-78AB-7444-B8A8-171B3827EF1C}"
EndProject
Project("{8BC9CEB8-8B4A-11D0-8D11-00A0C91BC942}") = "BulletCollision", "BulletCollision.vcproj", "{4F1BDDF1-05B3-5441-B16F-FACB6696E8F8}"
EndProject
Project("{8BC9CEB8-8B4A-11D0-8D11-00A0C91BC942}") = "BulletDynamics", "BulletDynamics.vcproj", "{AFBF2695-6BBA-7D41-80E4-308FCB2A37B7}"
EndProject
Project("{8BC9CEB8-8B4A-11D0-8D11-00A0C91BC942}") = "BulletSoftBody", "BulletSoftBody.vcproj", "{F184641F-6BAE-1D4F-9B55-DEBB899BA461}"
EndProject
Global
	GlobalSection(SolutionConfigurationPlatforms) = preSolution
		Release|Win32 = Release|Win32
		Release|x64 = Release|x64
		Debug|Win32 = Debug|Win32
		Debug|x64 = Debug|x64
	EndGlobalSection
	GlobalSection(ProjectConfigurationPlatforms) = postSolution
		{E04E457F-EF3C-A64A-B74D-9C9FCD32A224}.Release|Win32.ActiveCfg = Release|Win32
		{E04E457F-EF3C-A64A-B74D-9C9FCD32A224}.Release|Win32.Build.0 = Release|Win32
		{E04E457F-EF3C-A64A-B74D-9C9FCD32A224}.Release|x64.ActiveCfg = Release|x64
		{E04E457F-EF3C-A64A-B74D-9C9FCD32A224}.Release|x64.Build.0 = Release|x64
		{E04E457F-EF3C-A64A-B74D-9C9FCD32A224}.Debug|Win32.ActiveCfg = Debug|Win32
		{E04E457F-EF3C-A64A-B74D-9C9FCD32A224}.Debug|Win32.Build.0 = Debug|Win32
		{E04E457F-EF3C-A64A-B74D-9C9FCD32A224}.Debug|x64.ActiveCfg = Debug|x64
		{E04E457F-EF3C-A64A-B74D-9C9FCD32A224}.Debug|x64.Build.0 = Debug|x64
		{0DB730E5-797A-F040-9DDC-F90FDCD869E9}.Release|Win32.ActiveCfg = Release|Win32
		{0DB730E5-797A-F040-9DDC-F90FDCD869E9}.Release|Win32.Build.0 = Release|Win32
		{0DB730E5-797A-F040-9DDC-F90FDCD869E9}.Release|x64.ActiveCfg = Release|x64
		{0DB730E5-797A-F040-9DDC-F90FDCD869E9}.Release|x64.Build.0 = Release|x64
		{0DB730E5-797A-F040-9DDC-F90FDCD869E9}.Debug|Win32.ActiveCfg = Debug|Win32
		{0DB730E5-797A-F040-9DDC-F90FDCD869E9}.Debug|Win32.Build.0 = Debug|Win32
		{0DB730E5-797A-F040-9DDC-F90FDCD869E9}.Debug|x64.ActiveCfg = Debug|x64
		{0DB730E5-797A-F040-9DDC-F90FDCD869E9}.Debug|x64.Build.0 = Debug|x64
		{FB1C48E5-56CB-B643-84E2-EFE7E1AD43B0}.Release|Win32.ActiveCfg = Release|Win32
		{FB1C48E5-56CB-B643-84E2-EFE7E1AD43B0}.Release|Win32.Build.0 = Release|Win32
		{FB1C48E5-56CB-B643-84E2-EFE7E1AD43B0}.Release|x64.ActiveCfg = Release|x64
		{FB1C48E5-56CB-B643-84E2-EFE7E1AD43B0}.Release|x64.Build.0 = Release|x64
		{FB1C48E5-56CB-B643-84E2-EFE7E1AD43B0}.Debug|Win32.ActiveCfg = Debug|Win32
		{FB1C48E5-56CB-B643-84E2-EFE7E1AD43B0}.Debug|Win32.Build.0 = Debug|Win32
		{FB1C48E5-56CB-B643-84E2-EFE7E1AD43B0}.Debug|x64.ActiveCfg = Debug|x64
		{FB1C48E5-56CB-B643-84E2-EFE7E1AD43B0}.Debug|x64.Build.0 = Debug|x64
		{AA2B13D4-DBE9-8C49-A57C-5C823ED2B1C7}.Release|Win32.ActiveCfg = Release|Win32
		{AA2B13D4-DBE9-8C49-A57C-5C823ED2B1C7}.Release|Win32.Build.0 = Release|Win32
		{AA2B13D4-DBE9-8C49-A57C-5C823ED2B1C7}.Release|x64.ActiveCfg = Release|x64
		{AA2B13D4-DBE9-8C49-A57C-5C823ED2B1C7}.Release|x64.Build.0 = Release|x64
		{AA2B13D4-DBE9-8C49-A57C-5C823ED2B1C7}.Debug|Win32.ActiveCfg = Debug|Win32
		{AA2B13D4-DBE9-8C49-A57C-5C823ED2B1C7}.Debug|Win32.Build.0 = Debug|Win32
		{AA2B13D4-DBE9-8C49-A57C-5C823ED2B1C7}.Debug|x64.ActiveCfg = Debug|x64
		{AA2B13D4-DBE9-8C49-A57C-5C823ED2B1C7}.Debug|x64.Build.0 = Debug|x64
		{1D28DDB0-51E9-6F46-BA1B-AE08E1ADD831}.Release|Win32.ActiveCfg = Release|Win32
		{1D28DDB0-51E9-6F46-BA1B-AE08E1ADD831}.Release|Win32.Build.0 = Release|Win32
		{1D28DDB0-51E9-6F46-BA1B-AE08E1ADD831}.Release|x64.ActiveCfg = Release|x64
		{1D28DDB0-51E9-6F46-BA1B-AE08E1ADD831}.Release|x64.Build.0 = Release|x64
		{1D28DDB0-51E9-6F46-BA1B-AE08E1ADD831}.Debug|Win32.ActiveCfg = Debug|Win32
		{1D28DDB0-51E9-6F46-BA1B-AE08E1ADD831}.Debug|Win32.Build.0 = Debug|Win32
		{1D28DDB0-51E9-6F46-BA1B-AE08E1ADD831}.Debug|x64.ActiveCfg = Debug|x64
		{1D28DDB0-51E9-6F46-BA1B-AE08E1ADD831}.Debug|x64.Build.0 = Debug|x64
		{298DF91C-9825-A440-BE99-E1B5386D238F}.Release|Win32.ActiveCfg = Release|Win32
		{298DF91C-9825-A440-BE99-E1B5386D238F}.Release|Win32.Build.0 = Release|Win32
		{298DF91C-9825-A440-BE99-E1B5386D238F}.Release|x64.ActiveCfg = Release|x64
		{298DF91C-9825-A440-BE99-E1B5386D238F}.Release|x64.Build.0 = Release|x64
		{298DF91C-9825-A440-BE99-E1B5386D238F}.Debug|Win32.ActiveCfg = Debug|Win32
		{298DF91C-9825-A440-BE99-E1B5386D238F}.Debug|Win32.Build.0 = Debug|Win32
		{298DF91C-9825-A440-BE99-E1B5386D238F}.Debug|x64.ActiveCfg = Debug|x64
		{298DF91C-9825-A440-BE99-E1B5386D238F}.Debug|x64.Build.0 = Debug|x64
		{34EBB137-A33C-AB43-AEFF-9BBF248F4AB6}.Release|Win32.ActiveCfg = Release|Win32
		{34EBB137-A33C-AB43-AEFF-9BBF248F4AB6}.Release|Win32.Build.0 = Release|Win32
		{34EBB137-A33C-AB43-AEFF-9BBF248F4AB6}.Release|x64.ActiveCfg = Release|x64
		{34EBB137-A33C-AB43-AEFF-9BBF248F4AB6}.Release|x64.Build.0 = Release|x64
		{34EBB137-A33C-AB43-AEFF-9BBF248F4AB6}.Debug|Win32.ActiveCfg = Debug|Win32
		{34EBB137-A33C-AB43-AEFF-9BBF248F4AB6}.Debug|Win32.Build.0 = Debug|Win32
		{34EBB137-A33C-AB43-AEFF-9BBF248F4AB6}.Debug|x64.ActiveCfg = Debug|x64
		{34EBB137-A33C-AB43-AEFF-9BBF248F4AB6}.Debug|x64.Build.0 = Debug|x64
		{FFF842A5-42FC-764F-8991-A7ECE497D5BA}.Release|Win32.ActiveCfg = Release|Win32
		{FFF842A5-42FC-764F-8991-A7ECE497D5BA}.Release|Win32.Build.0 = Release|Win32
		{FFF842A5-42FC-764F-8991-A7ECE497D5BA}.Release|x64.ActiveCfg = Release|x64
		{FFF842A5-42FC-764F-8991-A7ECE497D5BA}.Release|x64.Build.0 = Release|x64
		{FFF842A5-42FC-764F-8991-A7ECE497D5BA}.Debug|Win32.ActiveCfg = Debug|Win32
		{FFF842A5-42FC-764F-8991-A7ECE497D5BA}.Debug|Win32.Build.0 = Debug|Win32
		{FFF842A5-42FC-764F-8991-A7ECE497D5BA}.Debug|x64.ActiveCfg = Debug|x64
		{FFF842A5-42FC-764F-8991-A7ECE497D5BA}.Debug|x64.Build.0 = Debug|x64
		{8638C8FD-23F5-904A-8C27-328A2C23FD7F}.Release|Win32.ActiveCfg = Release|Win32
		{8638C8FD-23F5-904A-8C27-328A2C23FD7F}.Release|Win32.Build.0 = Release|Win32
		{8638C8FD-23F5-904A-8C27-328A2C23FD7F}.Release|x64.ActiveCfg = Release|x64
		{8638C8FD-23F5-904A-8C27-328A2C23FD7F}.Release|x64.Build.0 = Release|x64
		{8638C8FD-23F5-904A-8C27-328A2C23FD7F}.Debug|Win32.ActiveCfg = Debug|Win32
		{8638C8FD-23F5-904A-8C27-328A2C23FD7F}.Debug|Win32.Build.0 = Debug|Win32
		{8638C8FD-23F5-904A-8C27-328A2C23FD7F}.Debug|x64.ActiveCfg = Debug|x64
		{8638C8FD-23F5-904A-8C27-328A2C23FD7F}.Debug|x64.Build.0 = Debug|x64
		{5EFE842D-D9E2-A342-AB03-9C530AE8FBB6}.Release|Win32.ActiveCfg = Release|Win32
		{5EFE842D-D9E2-A342-AB03-9C530AE8FBB6}.Release|Win32.Build.0 = Release|Win32
		{5EFE842D-D9E2-A342-AB03-9C530AE8FBB6}.Release|x64.ActiveCfg = Release|x64
		{5EFE842D-D9E2-A342-AB03-9C530AE8FBB6}.Release|x64.Build.0 = Release|x64
		{5EFE842D-D9E2-A342-AB03-9C530AE8FBB6}.Debug|Win32.ActiveCfg = Debug|Win32
		{5EFE842D-D9E2-A342-AB03-9C530AE8FBB6}.Debug|Win32.Build.0 = Debug|Win32
		{5EFE842D-D9E2-A342-AB03-9C530AE8FBB6}.Debug|x64.ActiveCfg = Debug|x64
		{5EFE842D-D9E2-A342-AB03-9C530AE8FBB6}.Debug|x64.Build.0 = Debug|x64
		{F21D9611-334F-6146-93C1-A6325F9FBCEE}.Release|Win32.ActiveCfg = Release|Win32
		{F21D9611-334F-6146-93C1-A6325F9FBCEE}.Release|Win32.Build.0 = Release|Win32
		{F21D9611-334F-6146-93C1-A6325F9FBCEE}.Release|x64.ActiveCfg = Release|x64
		{F21D9611-334F-6146-93C1-A6325F9FBCEE}.Release|x64.Build.0 = Release|x64
		{F21D9611-334F-6146-93C1-A6325F9FBCEE}.Debug|Win32.ActiveCfg = Debug|Win32
		{F21D9611-334F-6146-93C1-A6325F9FBCEE}.Debug|Win32.Build.0 = Debug|Win32
		{F21D9611-334F-6146-93C1-A6325F9FBCEE}.Debug|x64.ActiveCfg = Debug|x64
		{F21D9611-334F-6146-93C1-A6325F9FBCEE}.Debug|x64.Build.0 = Debug|x64
		{FA290D83-D3F5-5E42-829D-D1D83E0D5E08}.Release|Win32.ActiveCfg = Release|Win32
		{FA290D83-D3F5-5E42-829D-D1D83E0D5E08}.Release|Win32.Build.0 = Release|Win32
		{FA290D83-D3F5-5E42-829D-D1D83E0D5E08}.Release|x64.ActiveCfg = Release|x64
		{FA290D83-D3F5-5E42-829D-D1D83E0D5E08}.Release|x64.Build.0 = Release|x64
		{FA290D83-D3F5-5E42-829D-D1D83E0D5E08}.Debug|Win32.ActiveCfg = Debug|Win32
		{FA290D83-D3F5-5E42-829D-D1D83E0D5E08}.Debug|Win32.Build.0 = Debug|Win32
		{FA290D83-D3F5-5E42-829D-D1D83E0D5E08}.Debug|x64.ActiveCfg = Debug|x64
		{FA290D83-D3F5-5E42-829D-D1D83E0D5E08}.Debug|x64.Build.0 = Debug|x64
		{2477916E-C027-4645-AD18-BF018C773454}.Release|Win32.ActiveCfg = Release|Win32
		{2477916E-C027-4645-AD18-BF018C773454}.Release|Win32.Build.0 = Release|Win32
		{2477916E-C027-4645-AD18-BF018C773454}.Release|x64.ActiveCfg = Release|x64
		{2477916E-C027-4645-AD18-BF018C773454}.Release|x64.Build.0 = Release|x64
		{2477916E-C027-4645-AD18-BF018C773454}.Debug|Win32.ActiveCfg = Debug|Win32
		{2477916E-C027-4645-AD18-BF018C773454}.Debug|Win32.Build.0 = Debug|Win32
		{2477916E-C027-4645-AD18-BF018C773454}.Debug|x64.ActiveCfg = Debug|x64
		{2477916E-C027-4645-AD18-BF018C773454}.Debug|x64.Build.0 = Debug|x64
		{93ACD084-95E3-ED40-902F-22DCC09A40FE}.Release|Win32.ActiveCfg = Release|Win32
		{93ACD084-95E3-ED40-902F-22DCC09A40FE}.Release|Win32.Build.0 = Release|Win32
		{93ACD084-95E3-ED40-902F-22DCC09A40FE}.Release|x64.ActiveCfg = Release|x64
		{93ACD084-95E3-ED40-902F-22DCC09A40FE}.Release|x64.Build.0 = Release|x64
		{93ACD084-95E3-ED40-902F-22DCC09A40FE}.Debug|Win32.ActiveCfg = Debug|Win32
		{93ACD084-95E3-ED40-902F-22DCC09A40FE}.Debug|Win32.Build.0 = Debug|Win32
		{93ACD084-95E3-ED40-902F-22DCC09A40FE}.Debug|x64.ActiveCfg = Debug|x64
		{93ACD084-95E3-ED40-902F-22DCC09A40FE}.Debug|x64.Build.0 = Debug|x64
		{805B4B48-3B99-4946-B18B-88B437360AB3}.Release|Win32.ActiveCfg = Release|Win32
		{805B4B48-3B99-4946-B18B-88B437360AB3}.Release|Win32.Build.0 = Release|Win32
		{805B4B48-3B99-4946-B18B-88B437360AB3}.Release|x64.ActiveCfg = Release|x64
		{805B4B48-3B99-4946-B18B-88B437360AB3}.Release|x64.Build.0 = Release|x64
		{805B4B48-3B99-4946-B18B-88B437360AB3}.Debug|Win32.ActiveCfg = Debug|Win32
		{805B4B48-3B99-4946-B18B-88B437360AB3}.Debug|Win32.Build.0 = Debug|Win32
		{805B4B48-3B99-4946-B18B-88B437360AB3}.Debug|x64.ActiveCfg = Debug|x64
		{805B4B48-3B99-4946-B18B-88B437360AB3}.Debug|x64.Build.0 = Debug|x64
		{C20E2868-2045-6D40-A886-F3522E7668BA}.Release|Win32.ActiveCfg = Release|Win32
		{C20E2868-2045-6D40-A886-F3522E7668BA}.Release|Win32.Build.0 = Release|Win32
		{C20E2868-2045-6D40-A886-F3522E7668BA}.Release|x64.ActiveCfg = Release|x64
		{C20E2868-2045-6D40-A886-F3522E7668BA}.Release|x64.Build.0 = Release|x64
		{C20E2868-2045-6D40-A886-F3522E7668BA}.Debug|Win32.ActiveCfg = Debug|Win32
		{C20E2868-2045-6D40-A886-F3522E7668BA}.Debug|Win32.Build.0 = Debug|Win32
		{C20E2868-2045-6D40-A886-F3522E7668BA}.Debug|x64.ActiveCfg = Debug|x64
		{C20E2868-2045-6D40-A886-F3522E7668BA}.Debug|x64.Build.0 = Debug|x64
		{0E12502E-A463-6845-9E98-90DC6B7689E4}.Release|Win32.ActiveCfg = Release|Win32
		{0E12502E-A463-6845-9E98-90DC6B7689E4}.Release|Win32.Build.0 = Release|Win32
		{0E12502E-A463-6845-9E98-90DC6B7689E4}.Release|x64.ActiveCfg = Release|x64
		{0E12502E-A463-6845-9E98-90DC6B7689E4}.Release|x64.Build.0 = Release|x64
		{0E12502E-A463-6845-9E98-90DC6B7689E4}.Debug|Win32.ActiveCfg = Debug|Win32
		{0E12502E-A463-6845-9E98-90DC6B7689E4}.Debug|Win32.Build.0 = Debug|Win32
		{0E12502E-A463-6845-9E98-90DC6B7689E4}.Debug|x64.ActiveCfg = Debug|x64
		{0E12502E-A463-6845-9E98-90DC6B7689E4}.Debug|x64.Build.0 = Debug|x64
		{FFAF382A-C8E7-D04B-8855-6FE2781F5049}.Release|Win32.ActiveCfg = Release|Win32
		{FFAF382A-C8E7-D04B-8855-6FE2781F5049}.Release|Win32.Build.0 = Release|Win32
		{FFAF382A-C8E7-D04B-8855-6FE2781F5049}.Release|x64.ActiveCfg = Release|x64
		{FFAF382A-C8E7-D04B-8855-6FE2781F5049}.Release|x64.Build.0 = Release|x64
		{FFAF382A-C8E7-D04B-8855-6FE2781F5049}.Debug|Win32.ActiveCfg = Debug|Win32
		{FFAF382A-C8E7-D04B-8855-6FE2781F5049}.Debug|Win32.Build.0 = Debug|Win32
		{FFAF382A-C8E7-D04B-8855-6FE2781F5049}.Debug|x64.ActiveCfg = Debug|x64
		{FFAF382A-C8E7-D04B-8855-6FE2781F5049}.Debug|x64.Build.0 = Debug|x64
		{E738D606-1B6D-9A4B-8473-F89A34A00671}.Release|Win32.ActiveCfg = Release|Win32
		{E738D606-1B6D-9A4B-8473-F89A34A00671}.Release|Win32.Build.0 = Release|Win32
		{E738D606-1B6D-9A4B-8473-F89A34A00671}.Release|x64.ActiveCfg = Release|x64
		{E738D606-1B6D-9A4B-8473-F89A34A00671}.Release|x64.Build.0 = Release|x64
		{E738D606-1B6D-9A4B-8473-F89A34A00671}.Debug|Win32.ActiveCfg = Debug|Win32
		{E738D606-1B6D-9A4B-8473-F89A34A00671}.Debug|Win32.Build.0 = Debug|Win32
		{E738D606-1B6D-9A4B-8473-F89A34A00671}.Debug|x64.ActiveCfg = Debug|x64
		{E738D606-1B6D-9A4B-8473-F89A34A00671}.Debug|x64.Build.0 = Debug|x64
		{85D33FE8-729F-A842-965E-AF4DA0D90D16}.Release|Win32.ActiveCfg = Release|Win32
		{85D33FE8-729F-A842-965E-AF4DA0D90D16}.Release|Win32.Build.0 = Release|Win32
		{85D33FE8-729F-A842-965E-AF4DA0D90D16}.Release|x64.ActiveCfg = Release|x64
		{85D33FE8-729F-A842-965E-AF4DA0D90D16}.Release|x64.Build.0 = Release|x64
		{85D33FE8-729F-A842-965E-AF4DA0D90D16}.Debug|Win32.ActiveCfg = Debug|Win32
		{85D33FE8-729F-A842-965E-AF4DA0D90D16}.Debug|Win32.Build.0 = Debug|Win32
		{85D33FE8-729F-A842-965E-AF4DA0D90D16}.Debug|x64.ActiveCfg = Debug|x64
		{85D33FE8-729F-A842-965E-AF4DA0D90D16}.Debug|x64.Build.0 = Debug|x64
		{32B03F36-489D-AC43-A8DC-8BB04F6E39BB}.Release|Win32.ActiveCfg = Release|Win32
		{32B03F36-489D-AC43-A8DC-8BB04F6E39BB}.Release|Win32.Build.0 = Release|Win32
		{32B03F36-489D-AC43-A8DC-8BB04F6E39BB}.Release|x64.ActiveCfg = Release|x64
		{32B03F36-489D-AC43-A8DC-8BB04F6E39BB}.Release|x64.Build.0 = Release|x64
		{32B03F36-489D-AC43-A8DC-8BB04F6E39BB}.Debug|Win32.ActiveCfg = Debug|Win32
		{32B03F36-489D-AC43-A8DC-8BB04F6E39BB}.Debug|Win32.Build.0 = Debug|Win32
		{32B03F36-489D-AC43-A8DC-8BB04F6E39BB}.Debug|x64.ActiveCfg = Debug|x64
		{32B03F36-489D-AC43-A8DC-8BB04F6E39BB}.Debug|x64.Build.0 = Debug|x64
		{A33600B5-1FC6-4E42-A9DF-2AA0575E2253}.Release|Win32.ActiveCfg = Release|Win32
		{A33600B5-1FC6-4E42-A9DF-2AA0575E2253}.Release|Win32.Build.0 = Release|Win32
		{A33600B5-1FC6-4E42-A9DF-2AA0575E2253}.Release|x64.ActiveCfg = Release|x64
		{A33600B5-1FC6-4E42-A9DF-2AA0575E2253}.Release|x64.Build.0 = Release|x64
		{A33600B5-1FC6-4E42-A9DF-2AA0575E2253}.Debug|Win32.ActiveCfg = Debug|Win32
		{A33600B5-1FC6-4E42-A9DF-2AA0575E2253}.Debug|Win32.Build.0 = Debug|Win32
		{A33600B5-1FC6-4E42-A9DF-2AA0575E2253}.Debug|x64.ActiveCfg = Debug|x64
		{A33600B5-1FC6-4E42-A9DF-2AA0575E2253}.Debug|x64.Build.0 = Debug|x64
		{94602FB0-A3ED-9B48-8B7D-3E3F2E96B430}.Release|Win32.ActiveCfg = Release|Win32
		{94602FB0-A3ED-9B48-8B7D-3E3F2E96B430}.Release|Win32.Build.0 = Release|Win32
		{94602FB0-A3ED-9B48-8B7D-3E3F2E96B430}.Release|x64.ActiveCfg = Release|x64
		{94602FB0-A3ED-9B48-8B7D-3E3F2E96B430}.Release|x64.Build.0 = Release|x64
		{94602FB0-A3ED-9B48-8B7D-3E3F2E96B430}.Debug|Win32.ActiveCfg = Debug|Win32
		{94602FB0-A3ED-9B48-8B7D-3E3F2E96B430}.Debug|Win32.Build.0 = Debug|Win32
		{94602FB0-A3ED-9B48-8B7D-3E3F2E96B430}.Debug|x64.ActiveCfg = Debug|x64
		{94602FB0-A3ED-9B48-8B7D-3E3F2E96B430}.Debug|x64.Build.0 = Debug|x64
		{717C3B35-CA86-F041-96F1-CE763B5CBE67}.Release|Win32.ActiveCfg = Release|Win32
		{717C3B35-CA86-F041-96F1-CE763B5CBE67}.Release|Win32.Build.0 = Release|Win32
		{717C3B35-CA86-F041-96F1-CE763B5CBE67}.Release|x64.ActiveCfg = Release|x64
		{717C3B35-CA86-F041-96F1-CE763B5CBE67}.Release|x64.Build.0 = Release|x64
		{717C3B35-CA86-F041-96F1-CE763B5CBE67}.Debug|Win32.ActiveCfg = Debug|Win32
		{717C3B35-CA86-F041-96F1-CE763B5CBE67}.Debug|Win32.Build.0 = Debug|Win32
		{717C3B35-CA86-F041-96F1-CE763B5CBE67}.Debug|x64.ActiveCfg = Debug|x64
		{717C3B35-CA86-F041-96F1-CE763B5CBE67}.Debug|x64.Build.0 = Debug|x64
		{E0D9FDAD-4F32-7E4F-88D5-48989B03C13E}.Release|Win32.ActiveCfg = Release|Win32
		{E0D9FDAD-4F32-7E4F-88D5-48989B03C13E}.Release|Win32.Build.0 = Release|Win32
		{E0D9FDAD-4F32-7E4F-88D5-48989B03C13E}.Release|x64.ActiveCfg = Release|x64
		{E0D9FDAD-4F32-7E4F-88D5-48989B03C13E}.Release|x64.Build.0 = Release|x64
		{E0D9FDAD-4F32-7E4F-88D5-48989B03C13E}.Debug|Win32.ActiveCfg = Debug|Win32
		{E0D9FDAD-4F32-7E4F-88D5-48989B03C13E}.Debug|Win32.Build.0 = Debug|Win32
		{E0D9FDAD-4F32-7E4F-88D5-48989B03C13E}.Debug|x64.ActiveCfg = Debug|x64
		{E0D9FDAD-4F32-7E4F-88D5-48989B03C13E}.Debug|x64.Build.0 = Debug|x64
		{E7A9A566-9F96-A746-8FE3-8919ED6734C1}.Release|Win32.ActiveCfg = Release|Win32
		{E7A9A566-9F96-A746-8FE3-8919ED6734C1}.Release|Win32.Build.0 = Release|Win32
		{E7A9A566-9F96-A746-8FE3-8919ED6734C1}.Release|x64.ActiveCfg = Release|x64
		{E7A9A566-9F96-A746-8FE3-8919ED6734C1}.Release|x64.Build.0 = Release|x64
		{E7A9A566-9F96-A746-8FE3-8919ED6734C1}.Debug|Win32.ActiveCfg = Debug|Win32
		{E7A9A566-9F96-A746-8FE3-8919ED6734C1}.Debug|Win32.Build.0 = Debug|Win32
		{E7A9A566-9F96-A746-8FE3-8919ED6734C1}.Debug|x64.ActiveCfg = Debug|x64
		{E7A9A566-9F96-A746-8FE3-8919ED6734C1}.Debug|x64.Build.0 = Debug|x64
		{0014E0C9-FB97-F646-B269-8FAE700E6F46}.Release|Win32.ActiveCfg = Release|Win32
		{0014E0C9-FB97-F646-B269-8FAE700E6F46}.Release|Win32.Build.0 = Release|Win32
		{0014E0C9-FB97-F646-B269-8FAE700E6F46}.Release|x64.ActiveCfg = Release|x64
		{0014E0C9-FB97-F646-B269-8FAE700E6F46}.Release|x64.Build.0 = Release|x64
		{0014E0C9-FB97-F646-B269-8FAE700E6F46}.Debug|Win32.ActiveCfg = Debug|Win32
		{0014E0C9-FB97-F646-B269-8FAE700E6F46}.Debug|Win32.Build.0 = Debug|Win32
		{0014E0C9-FB97-F646-B269-8FAE700E6F46}.Debug|x64.ActiveCfg = Debug|x64
		{0014E0C9-FB97-F646-B269-8FAE700E6F46}.Debug|x64.Build.0 = Debug|x64
		{00016347-E1F8-9745-9465-8FE1E8B5EBBD}.Release|Win32.ActiveCfg = Release|Win32
		{00016347-E1F8-9745-9465-8FE1E8B5EBBD}.Release|Win32.Build.0 = Release|Win32
		{00016347-E1F8-9745-9465-8FE1E8B5EBBD}.Release|x64.ActiveCfg = Release|x64
		{00016347-E1F8-9745-9465-8FE1E8B5EBBD}.Release|x64.Build.0 = Release|x64
		{00016347-E1F8-9745-9465-8FE1E8B5EBBD}.Debug|Win32.ActiveCfg = Debug|Win32
		{00016347-E1F8-9745-9465-8FE1E8B5EBBD}.Debug|Win32.Build.0 = Debug|Win32
		{00016347-E1F8-9745-9465-8FE1E8B5EBBD}.Debug|x64.ActiveCfg = Debug|x64
		{00016347-E1F8-9745-9465-8FE1E8B5EBBD}.Debug|x64.Build.0 = Debug|x64
		{7ECC240B-18CA-834A-B611-B9F5048DABAB}.Release|Win32.ActiveCfg = Release|Win32
		{7ECC240B-18CA-834A-B611-B9F5048DABAB}.Release|Win32.Build.0 = Release|Win32
		{7ECC240B-18CA-834A-B611-B9F5048DABAB}.Release|x64.ActiveCfg = Release|x64
		{7ECC240B-18CA-834A-B611-B9F5048DABAB}.Release|x64.Build.0 = Release|x64
		{7ECC240B-18CA-834A-B611-B9F5048DABAB}.Debug|Win32.ActiveCfg = Debug|Win32
		{7ECC240B-18CA-834A-B611-B9F5048DABAB}.Debug|Win32.Build.0 = Debug|Win32
		{7ECC240B-18CA-834A-B611-B9F5048DABAB}.Debug|x64.ActiveCfg = Debug|x64
		{7ECC240B-18CA-834A-B611-B9F5048DABAB}.Debug|x64.Build.0 = Debug|x64
		{C06FACD2-C6AC-754D-9C4C-C4E22CD8C65B}.Release|Win32.ActiveCfg = Release|Win32
		{C06FACD2-C6AC-754D-9C4C-C4E22CD8C65B}.Release|Win32.Build.0 = Release|Win32
		{C06FACD2-C6AC-754D-9C4C-C4E22CD8C65B}.Release|x64.ActiveCfg = Release|x64
		{C06FACD2-C6AC-754D-9C4C-C4E22CD8C65B}.Release|x64.Build.0 = Release|x64
		{C06FACD2-C6AC-754D-9C4C-C4E22CD8C65B}.Debug|Win32.ActiveCfg = Debug|Win32
		{C06FACD2-C6AC-754D-9C4C-C4E22CD8C65B}.Debug|Win32.Build.0 = Debug|Win32
		{C06FACD2-C6AC-754D-9C4C-C4E22CD8C65B}.Debug|x64.ActiveCfg = Debug|x64
		{C06FACD2-C6AC-754D-9C4C-C4E22CD8C65B}.Debug|x64.Build.0 = Debug|x64
		{472D5A2B-A3C1-D344-A611-DF8D44615F9A}.Release|Win32.ActiveCfg = Release|Win32
		{472D5A2B-A3C1-D344-A611-DF8D44615F9A}.Release|Win32.Build.0 = Release|Win32
		{472D5A2B-A3C1-D344-A611-DF8D44615F9A}.Release|x64.ActiveCfg = Release|x64
		{472D5A2B-A3C1-D344-A611-DF8D44615F9A}.Release|x64.Build.0 = Release|x64
		{472D5A2B-A3C1-D344-A611-DF8D44615F9A}.Debug|Win32.ActiveCfg = Debug|Win32
		{472D5A2B-A3C1-D344-A611-DF8D44615F9A}.Debug|Win32.Build.0 = Debug|Win32
		{472D5A2B-A3C1-D344-A611-DF8D44615F9A}.Debug|x64.ActiveCfg = Debug|x64
		{472D5A2B-A3C1-D344-A611-DF8D44615F9A}.Debug|x64.Build.0 = Debug|x64
		{7B299408-AA60-9943-A07C-C7C70A5B4E21}.Release|Win32.ActiveCfg = Release|Win32
		{7B299408-AA60-9943-A07C-C7C70A5B4E21}.Release|Win32.Build.0 = Release|Win32
		{7B299408-AA60-9943-A07C-C7C70A5B4E21}.Release|x64.ActiveCfg = Release|x64
		{7B299408-AA60-9943-A07C-C7C70A5B4E21}.Release|x64.Build.0 = Release|x64
		{7B299408-AA60-9943-A07C-C7C70A5B4E21}.Debug|Win32.ActiveCfg = Debug|Win32
		{7B299408-AA60-9943-A07C-C7C70A5B4E21}.Debug|Win32.Build.0 = Debug|Win32
		{7B299408-AA60-9943-A07C-C7C70A5B4E21}.Debug|x64.ActiveCfg = Debug|x64
		{7B299408-AA60-9943-A07C-C7C70A5B4E21}.Debug|x64.Build.0 = Debug|x64
		{DA73F42F-0F15-844E-87AE-0C86A13185B7}.Release|Win32.ActiveCfg = Release|Win32
		{DA73F42F-0F15-844E-87AE-0C86A13185B7}.Release|Win32.Build.0 = Release|Win32
		{DA73F42F-0F15-844E-87AE-0C86A13185B7}.Release|x64.ActiveCfg = Release|x64
		{DA73F42F-0F15-844E-87AE-0C86A13185B7}.Release|x64.Build.0 = Release|x64
		{DA73F42F-0F15-844E-87AE-0C86A13185B7}.Debug|Win32.ActiveCfg = Debug|Win32
		{DA73F42F-0F15-844E-87AE-0C86A13185B7}.Debug|Win32.Build.0 = Debug|Win32
		{DA73F42F-0F15-844E-87AE-0C86A13185B7}.Debug|x64.ActiveCfg = Debug|x64
		{DA73F42F-0F15-844E-87AE-0C86A13185B7}.Debug|x64.Build.0 = Debug|x64
		{94102AFF-83BD-0D41-9A55-4C812E8C9139}.Release|Win32.ActiveCfg = Release|Win32
		{94102AFF-83BD-0D41-9A55-4C812E8C9139}.Release|Win32.Build.0 = Release|Win32
		{94102AFF-83BD-0D41-9A55-4C812E8C9139}.Release|x64.ActiveCfg = Release|x64
		{94102AFF-83BD-0D41-9A55-4C812E8C9139}.Release|x64.Build.0 = Release|x64
		{94102AFF-83BD-0D41-9A55-4C812E8C9139}.Debug|Win32.ActiveCfg = Debug|Win32
		{94102AFF-83BD-0D41-9A55-4C812E8C9139}.Debug|Win32.Build.0 = Debug|Win32
		{94102AFF-83BD-0D41-9A55-4C812E8C9139}.Debug|x64.ActiveCfg = Debug|x64
		{94102AFF-83BD-0D41-9A55-4C812E8C9139}.Debug|x64.Build.0 = Debug|x64
		{EAB3D35F-5965-6243-BD60-8BD2F5A2645A}.Release|Win32.ActiveCfg = Release|Win32
		{EAB3D35F-5965-6243-BD60-8BD2F5A2645A}.Release|Win32.Build.0 = Release|Win32
		{EAB3D35F-5965-6243-BD60-8BD2F5A2645A}.Release|x64.ActiveCfg = Release|x64
		{EAB3D35F-5965-6243-BD60-8BD2F5A2645A}.Release|x64.Build.0 = Release|x64
		{EAB3D35F-5965-6243-BD60-8BD2F5A2645A}.Debug|Win32.ActiveCfg = Debug|Win32
		{EAB3D35F-5965-6243-BD60-8BD2F5A2645A}.Debug|Win32.Build.0 = Debug|Win32
		{EAB3D35F-5965-6243-BD60-8BD2F5A2645A}.Debug|x64.ActiveCfg = Debug|x64
		{EAB3D35F-5965-6243-BD60-8BD2F5A2645A}.Debug|x64.Build.0 = Debug|x64
		{E5E78D54-44E0-9E4B-A214-65890CE1631E}.Release|Win32.ActiveCfg = Release|Win32
		{E5E78D54-44E0-9E4B-A214-65890CE1631E}.Release|Win32.Build.0 = Release|Win32
		{E5E78D54-44E0-9E4B-A214-65890CE1631E}.Release|x64.ActiveCfg = Release|x64
		{E5E78D54-44E0-9E4B-A214-65890CE1631E}.Release|x64.Build.0 = Release|x64
		{E5E78D54-44E0-9E4B-A214-65890CE1631E}.Debug|Win32.ActiveCfg = Debug|Win32
		{E5E78D54-44E0-9E4B-A214-65890CE1631E}.Debug|Win32.Build.0 = Debug|Win32
		{E5E78D54-44E0-9E4B-A214-65890CE1631E}.Debug|x64.ActiveCfg = Debug|x64
		{E5E78D54-44E0-9E4B-A214-65890CE1631E}.Debug|x64.Build.0 = Debug|x64
		{1B7D437E-C401-2242-BC43-8546EF4AF0D3}.Release|Win32.ActiveCfg = Release|Win32
		{1B7D437E-C401-2242-BC43-8546EF4AF0D3}.Release|Win32.Build.0 = Release|Win32
		{1B7D437E-C401-2242-BC43-8546EF4AF0D3}.Release|x64.ActiveCfg = Release|x64
		{1B7D437E-C401-2242-BC43-8546EF4AF0D3}.Release|x64.Build.0 = Release|x64
		{1B7D437E-C401-2242-BC43-8546EF4AF0D3}.Debug|Win32.ActiveCfg = Debug|Win32
		{1B7D437E-C401-2242-BC43-8546EF4AF0D3}.Debug|Win32.Build.0 = Debug|Win32
		{1B7D437E-C401-2242-BC43-8546EF4AF0D3}.Debug|x64.ActiveCfg = Debug|x64
		{1B7D437E-C401-2242-BC43-8546EF4AF0D3}.Debug|x64.Build.0 = Debug|x64
		{9A8863DB-EB76-6F40-84B9-012F4D099D1E}.Release|Win32.ActiveCfg = Release|Win32
		{9A8863DB-EB76-6F40-84B9-012F4D099D1E}.Release|Win32.Build.0 = Release|Win32
		{9A8863DB-EB76-6F40-84B9-012F4D099D1E}.Release|x64.ActiveCfg = Release|x64
		{9A8863DB-EB76-6F40-84B9-012F4D099D1E}.Release|x64.Build.0 = Release|x64
		{9A8863DB-EB76-6F40-84B9-012F4D099D1E}.Debug|Win32.ActiveCfg = Debug|Win32
		{9A8863DB-EB76-6F40-84B9-012F4D099D1E}.Debug|Win32.Build.0 = Debug|Win32
		{9A8863DB-EB76-6F40-84B9-012F4D099D1E}.Debug|x64.ActiveCfg = Debug|x64
		{9A8863DB-EB76-6F40-84B9-012F4D099D1E}.Debug|x64.Build.0 = Debug|x64
		{FF376B82-61C2-AD49-BD59-91083AE6EAF8}.Release|Win32.ActiveCfg = Release|Win32
		{FF376B82-61C2-AD49-BD59-91083AE6EAF8}.Release|Win32.Build.0 = Release|Win32
		{FF376B82-61C2-AD49-BD59-91083AE6EAF8}.Release|x64.ActiveCfg = Release|x64
		{FF376B82-61C2-AD49-BD59-91083AE6EAF8}.Release|x64.Build.0 = Release|x64
		{FF376B82-61C2-AD49-BD59-91083AE6EAF8}.Debug|Win32.ActiveCfg = Debug|Win32
		{FF376B82-61C2-AD49-BD59-91083AE6EAF8}.Debug|Win32.Build.0 = Debug|Win32
		{FF376B82-61C2-AD49-BD59-91083AE6EAF8}.Debug|x64.ActiveCfg = Debug|x64
		{FF376B82-61C2-AD49-BD59-91083AE6EAF8}.Debug|x64.Build.0 = Debug|x64
		{35B8E590-78AB-7444-B8A8-171B3827EF1C}.Release|Win32.ActiveCfg = Release|Win32
		{35B8E590-78AB-7444-B8A8-171B3827EF1C}.Release|Win32.Build.0 = Release|Win32
		{35B8E590-78AB-7444-B8A8-171B3827EF1C}.Release|x64.ActiveCfg = Release|x64
		{35B8E590-78AB-7444-B8A8-171B3827EF1C}.Release|x64.Build.0 = Release|x64
		{35B8E590-78AB-7444-B8A8-171B3827EF1C}.Debug|Win32.ActiveCfg = Debug|Win32
		{35B8E590-78AB-7444-B8A8-171B3827EF1C}.Debug|Win32.Build.0 = Debug|Win32
		{35B8E590-78AB-7444-B8A8-171B3827EF1C}.Debug|x64.ActiveCfg = Debug|x64
		{35B8E590-78AB-7444-B8A8-171B3827EF1C}.Debug|x64.Build.0 = Debug|x64
		{4F1BDDF1-05B3-5441-B16F-FACB6696E8F8}.Release|Win32.ActiveCfg = Release|Win32
		{4F1BDDF1-05B3-5441-B16F-FACB6696E8F8}.Release|Win32.Build.0 = Release|Win32
		{4F1BDDF1-05B3-5441-B16F-FACB6696E8F8}.Release|x64.ActiveCfg = Release|x64
		{4F1BDDF1-05B3-5441-B16F-FACB6696E8F8}.Release|x64.Build.0 = Release|x64
		{4F1BDDF1-05B3-5441-B16F-FACB6696E8F8}.Debug|Win32.ActiveCfg = Debug|Win32
		{4F1BDDF1-05B3-5441-B16F-FACB6696E8F8}.Debug|Win32.Build.0 = Debug|Win32
		{4F1BDDF1-05B3-5441-B16F-FACB6696E8F8}.Debug|x64.ActiveCfg = Debug|x64
		{4F1BDDF1-05B3-5441-B16F-FACB6696E8F8}.Debug|x64.Build.0 = Debug|x64
		{AFBF2695-6BBA-7D41-80E4-308FCB2A37B7}.Release|Win32.ActiveCfg = Release|Win32
		{AFBF2695-6BBA-7D41-80E4-308FCB2A37B7}.Release|Win32.Build.0 = Release|Win32
		{AFBF2695-6BBA-7D41-80E4-308FCB2A37B7}.Release|x64.ActiveCfg = Release|x64
		{AFBF2695-6BBA-7D41-80E4-308FCB2A37B7}.Release|x64.Build.0 = Release|x64
		{AFBF2695-6BBA-7D41-80E4-308FCB2A37B7}.Debug|Win32.ActiveCfg = Debug|Win32
		{AFBF2695-6BBA-7D41-80E4-308FCB2A37B7}.Debug|Win32.Build.0 = Debug|Win32
		{AFBF2695-6BBA-7D41-80E4-308FCB2A37B7}.Debug|x64.ActiveCfg = Debug|x64
		{AFBF2695-6BBA-7D41-80E4-308FCB2A37B7}.Debug|x64.Build.0 = Debug|x64
		{F184641F-6BAE-1D4F-9B55-DEBB899BA461}.Release|Win32.ActiveCfg = Release|Win32
		{F184641F-6BAE-1D4F-9B55-DEBB899BA461}.Release|Win32.Build.0 = Release|Win32
		{F184641F-6BAE-1D4F-9B55-DEBB899BA461}.Release|x64.ActiveCfg = Release|x64
		{F184641F-6BAE-1D4F-9B55-DEBB899BA461}.Release|x64.Build.0 = Release|x64
		{F184641F-6BAE-1D4F-9B55-DEBB899BA461}.Debug|Win32.ActiveCfg = Debug|Win32
		{F184641F-6BAE-1D4F-9B55-DEBB899BA461}.Debug|Win32.Build.0 = Debug|Win32
		{F184641F-6BAE-1D4F-9B55-DEBB899BA461}.Debug|x64.ActiveCfg = Debug|x64
		{F184641F-6BAE-1D4F-9B55-DEBB899BA461}.Debug|x64.Build.0 = Debug|x64
	EndGlobalSection
	GlobalSection(SolutionProperties) = preSolution
		HideSolutionNode = FALSE
	EndGlobalSection
EndGlobal
