<?xml version="1.0" encoding="UTF-8" standalone="yes" ?>
<CodeBlocks_project_file>
	<FileVersion major="1" minor="6" />
	<Project>
		<Option title="ConvexDecomposition" />
		<Option pch_mode="2" />
		<Option compiler="gcc" />
		<Build>
			<Target title="Debug">
				<Option output="libConvexDecomposition" prefix_auto="1" extension_auto="1" />
				<Option working_dir="" />
				<Option object_output="/home/sqeaky/Desktop/physgame/physgameengine/libincludes/common/convex decomp/.objs" />
				<Option type="2" />
				<Option compiler="gcc" />
				<Option createDefFile="1" />
				<Compiler>
					<Add option="-Wall" />
					<Add option="-g" />
					<Add directory="../bulletsrc/bullet-2.76/src" />
				</Compiler>
			</Target>
			<Target title="Release">
				<Option output="libConvexDecomposition" prefix_auto="1" extension_auto="1" />
				<Option working_dir="" />
				<Option object_output="/home/sqeaky/Desktop/physgame/physgameengine/libincludes/common/convex decomp/.objs" />
				<Option type="2" />
				<Option compiler="gcc" />
				<Option createDefFile="1" />
				<Compiler>
					<Add option="-O2" />
					<Add option="-Wall" />
					<Add directory="../bulletsrc/bullet-2.76/src" />
				</Compiler>
				<Linker>
					<Add option="-s" />
				</Linker>
			</Target>
		</Build>
		<Compiler>
			<Add option="-fPIC" />
		</Compiler>
		<Unit filename="src/ConvexBuilder.cpp" />
		<Unit filename="src/ConvexBuilder.h" />
		<Unit filename="src/ConvexDecomposition.cpp" />
		<Unit filename="src/ConvexDecomposition.h" />
		<Unit filename="src/bestfit.cpp" />
		<Unit filename="src/bestfit.h" />
		<Unit filename="src/bestfitobb.cpp" />
		<Unit filename="src/bestfitobb.h" />
		<Unit filename="src/cd_hull.cpp" />
		<Unit filename="src/cd_hull.h" />
		<Unit filename="src/cd_vector.h" />
		<Unit filename="src/cd_wavefront.cpp" />
		<Unit filename="src/cd_wavefront.h" />
		<Unit filename="src/concavity.cpp" />
		<Unit filename="src/concavity.h" />
		<Unit filename="src/fitsphere.cpp" />
		<Unit filename="src/fitsphere.h" />
		<Unit filename="src/float_math.cpp" />
		<Unit filename="src/float_math.h" />
		<Unit filename="src/meshvolume.cpp" />
		<Unit filename="src/meshvolume.h" />
		<Unit filename="src/planetri.cpp" />
		<Unit filename="src/planetri.h" />
		<Unit filename="src/raytri.cpp" />
		<Unit filename="src/raytri.h" />
		<Unit filename="src/splitplane.cpp" />
		<Unit filename="src/splitplane.h" />
		<Unit filename="src/vlookup.cpp" />
		<Unit filename="src/vlookup.h" />
		<Extensions>
			<code_completion />
			<envvars />
			<debugger />
			<lib_finder disable_auto="1" />
		</Extensions>
	</Project>
</CodeBlocks_project_file>
